{
  "version": 4,
  "terraform_version": "1.9.4",
  "serial": 18,
  "lineage": "efeeb964-be2a-a9e0-b950-9575e37d5c14",
  "outputs": {
    "ecr_repository_url": {
      "value": "208409385559.dkr.ecr.eu-central-1.amazonaws.com/react-app-2048-ss",
      "type": "string"
    }
  },
  "resources": [
    {
      "module": "module.ecr",
      "mode": "managed",
      "type": "aws_ecr_repository",
      "name": "ecr",
      "provider": "provider[\"registry.terraform.io/hashicorp/aws\"]",
      "instances": [
        {
          "schema_version": 0,
          "attributes": {
            "arn": "arn:aws:ecr:eu-central-1:208409385559:repository/react-app-2048-ss",
            "encryption_configuration": [
              {
                "encryption_type": "AES256",
                "kms_key": ""
              }
            ],
            "force_delete": null,
            "id": "react-app-2048-ss",
            "image_scanning_configuration": [
              {
                "scan_on_push": false
              }
            ],
            "image_tag_mutability": "MUTABLE",
            "name": "react-app-2048-ss",
            "registry_id": "208409385559",
            "repository_url": "208409385559.dkr.ecr.eu-central-1.amazonaws.com/react-app-2048-ss",
            "tags": null,
            "tags_all": {},
            "timeouts": null
          },
          "sensitive_attributes": [],
          "private": "eyJlMmJmYjczMC1lY2FhLTExZTYtOGY4OC0zNDM2M2JjN2M0YzAiOnsiZGVsZXRlIjoxMjAwMDAwMDAwMDAwfX0="
        }
      ]
    },
    {
      "module": "module.eks-cluster.module.eks",
      "mode": "data",
      "type": "aws_caller_identity",
      "name": "current",
      "provider": "provider[\"registry.terraform.io/hashicorp/aws\"]",
      "instances": [
        {
          "schema_version": 0,
          "attributes": {
            "account_id": "208409385559",
            "arn": "arn:aws:iam::208409385559:user/terraform",
            "id": "208409385559",
            "user_id": "AIDATBBRK3JLVFL65MKNO"
          },
          "sensitive_attributes": []
        }
      ]
    },
    {
      "module": "module.eks-cluster.module.eks",
      "mode": "data",
      "type": "aws_iam_policy_document",
      "name": "assume_role_policy",
      "provider": "provider[\"registry.terraform.io/hashicorp/aws\"]",
      "instances": [
        {
          "index_key": 0,
          "schema_version": 0,
          "attributes": {
            "id": "2764486067",
            "json": "{\n  \"Version\": \"2012-10-17\",\n  \"Statement\": [\n    {\n      \"Sid\": \"EKSClusterAssumeRole\",\n      \"Effect\": \"Allow\",\n      \"Action\": \"sts:AssumeRole\",\n      \"Principal\": {\n        \"Service\": \"eks.amazonaws.com\"\n      }\n    }\n  ]\n}",
            "minified_json": "{\"Version\":\"2012-10-17\",\"Statement\":[{\"Sid\":\"EKSClusterAssumeRole\",\"Effect\":\"Allow\",\"Action\":\"sts:AssumeRole\",\"Principal\":{\"Service\":\"eks.amazonaws.com\"}}]}",
            "override_json": null,
            "override_policy_documents": null,
            "policy_id": null,
            "source_json": null,
            "source_policy_documents": null,
            "statement": [
              {
                "actions": [
                  "sts:AssumeRole"
                ],
                "condition": [],
                "effect": "Allow",
                "not_actions": [],
                "not_principals": [],
                "not_resources": [],
                "principals": [
                  {
                    "identifiers": [
                      "eks.amazonaws.com"
                    ],
                    "type": "Service"
                  }
                ],
                "resources": [],
                "sid": "EKSClusterAssumeRole"
              }
            ],
            "version": "2012-10-17"
          },
          "sensitive_attributes": []
        }
      ]
    },
    {
      "module": "module.eks-cluster.module.eks",
      "mode": "data",
      "type": "aws_iam_policy_document",
      "name": "cni_ipv6_policy",
      "provider": "provider[\"registry.terraform.io/hashicorp/aws\"]",
      "instances": []
    },
    {
      "module": "module.eks-cluster.module.eks",
      "mode": "data",
      "type": "aws_iam_session_context",
      "name": "current",
      "provider": "provider[\"registry.terraform.io/hashicorp/aws\"]",
      "instances": [
        {
          "schema_version": 0,
          "attributes": {
            "arn": "arn:aws:iam::208409385559:user/terraform",
            "id": "arn:aws:iam::208409385559:user/terraform",
            "issuer_arn": "arn:aws:iam::208409385559:user/terraform",
            "issuer_id": "",
            "issuer_name": "",
            "session_name": ""
          },
          "sensitive_attributes": []
        }
      ]
    },
    {
      "module": "module.eks-cluster.module.eks",
      "mode": "data",
      "type": "aws_partition",
      "name": "current",
      "provider": "provider[\"registry.terraform.io/hashicorp/aws\"]",
      "instances": [
        {
          "schema_version": 0,
          "attributes": {
            "dns_suffix": "amazonaws.com",
            "id": "aws",
            "partition": "aws",
            "reverse_dns_prefix": "com.amazonaws"
          },
          "sensitive_attributes": []
        }
      ]
    },
    {
      "module": "module.eks-cluster.module.eks",
      "mode": "managed",
      "type": "aws_cloudwatch_log_group",
      "name": "this",
      "provider": "provider[\"registry.terraform.io/hashicorp/aws\"]",
      "instances": [
        {
          "index_key": 0,
          "schema_version": 0,
          "attributes": {
            "arn": "arn:aws:logs:eu-central-1:208409385559:log-group:/aws/eks/ARRK-eks-app/cluster",
            "id": "/aws/eks/ARRK-eks-app/cluster",
            "kms_key_id": "",
            "log_group_class": "STANDARD",
            "name": "/aws/eks/ARRK-eks-app/cluster",
            "name_prefix": "",
            "retention_in_days": 90,
            "skip_destroy": false,
            "tags": {
              "Name": "/aws/eks/ARRK-eks-app/cluster"
            },
            "tags_all": {
              "Name": "/aws/eks/ARRK-eks-app/cluster"
            }
          },
          "sensitive_attributes": [],
          "private": "bnVsbA==",
          "dependencies": [
            "module.vpc.module.vpc.aws_cloudwatch_log_group.flow_log",
            "module.vpc.module.vpc.aws_customer_gateway.this",
            "module.vpc.module.vpc.aws_db_subnet_group.database",
            "module.vpc.module.vpc.aws_default_network_acl.this",
            "module.vpc.module.vpc.aws_default_route_table.default",
            "module.vpc.module.vpc.aws_default_security_group.this",
            "module.vpc.module.vpc.aws_default_vpc.this",
            "module.vpc.module.vpc.aws_egress_only_internet_gateway.this",
            "module.vpc.module.vpc.aws_eip.nat",
            "module.vpc.module.vpc.aws_elasticache_subnet_group.elasticache",
            "module.vpc.module.vpc.aws_flow_log.this",
            "module.vpc.module.vpc.aws_iam_policy.vpc_flow_log_cloudwatch",
            "module.vpc.module.vpc.aws_iam_role.vpc_flow_log_cloudwatch",
            "module.vpc.module.vpc.aws_iam_role_policy_attachment.vpc_flow_log_cloudwatch",
            "module.vpc.module.vpc.aws_internet_gateway.this",
            "module.vpc.module.vpc.aws_nat_gateway.this",
            "module.vpc.module.vpc.aws_network_acl.database",
            "module.vpc.module.vpc.aws_network_acl.elasticache",
            "module.vpc.module.vpc.aws_network_acl.intra",
            "module.vpc.module.vpc.aws_network_acl.outpost",
            "module.vpc.module.vpc.aws_network_acl.private",
            "module.vpc.module.vpc.aws_network_acl.public",
            "module.vpc.module.vpc.aws_network_acl.redshift",
            "module.vpc.module.vpc.aws_network_acl_rule.database_inbound",
            "module.vpc.module.vpc.aws_network_acl_rule.database_outbound",
            "module.vpc.module.vpc.aws_network_acl_rule.elasticache_inbound",
            "module.vpc.module.vpc.aws_network_acl_rule.elasticache_outbound",
            "module.vpc.module.vpc.aws_network_acl_rule.intra_inbound",
            "module.vpc.module.vpc.aws_network_acl_rule.intra_outbound",
            "module.vpc.module.vpc.aws_network_acl_rule.outpost_inbound",
            "module.vpc.module.vpc.aws_network_acl_rule.outpost_outbound",
            "module.vpc.module.vpc.aws_network_acl_rule.private_inbound",
            "module.vpc.module.vpc.aws_network_acl_rule.private_outbound",
            "module.vpc.module.vpc.aws_network_acl_rule.public_inbound",
            "module.vpc.module.vpc.aws_network_acl_rule.public_outbound",
            "module.vpc.module.vpc.aws_network_acl_rule.redshift_inbound",
            "module.vpc.module.vpc.aws_network_acl_rule.redshift_outbound",
            "module.vpc.module.vpc.aws_redshift_subnet_group.redshift",
            "module.vpc.module.vpc.aws_route.database_dns64_nat_gateway",
            "module.vpc.module.vpc.aws_route.database_internet_gateway",
            "module.vpc.module.vpc.aws_route.database_ipv6_egress",
            "module.vpc.module.vpc.aws_route.database_nat_gateway",
            "module.vpc.module.vpc.aws_route.private_dns64_nat_gateway",
            "module.vpc.module.vpc.aws_route.private_ipv6_egress",
            "module.vpc.module.vpc.aws_route.private_nat_gateway",
            "module.vpc.module.vpc.aws_route.public_internet_gateway",
            "module.vpc.module.vpc.aws_route.public_internet_gateway_ipv6",
            "module.vpc.module.vpc.aws_route_table.database",
            "module.vpc.module.vpc.aws_route_table.elasticache",
            "module.vpc.module.vpc.aws_route_table.intra",
            "module.vpc.module.vpc.aws_route_table.private",
            "module.vpc.module.vpc.aws_route_table.public",
            "module.vpc.module.vpc.aws_route_table.redshift",
            "module.vpc.module.vpc.aws_route_table_association.database",
            "module.vpc.module.vpc.aws_route_table_association.elasticache",
            "module.vpc.module.vpc.aws_route_table_association.intra",
            "module.vpc.module.vpc.aws_route_table_association.outpost",
            "module.vpc.module.vpc.aws_route_table_association.private",
            "module.vpc.module.vpc.aws_route_table_association.public",
            "module.vpc.module.vpc.aws_route_table_association.redshift",
            "module.vpc.module.vpc.aws_route_table_association.redshift_public",
            "module.vpc.module.vpc.aws_subnet.database",
            "module.vpc.module.vpc.aws_subnet.elasticache",
            "module.vpc.module.vpc.aws_subnet.intra",
            "module.vpc.module.vpc.aws_subnet.outpost",
            "module.vpc.module.vpc.aws_subnet.private",
            "module.vpc.module.vpc.aws_subnet.public",
            "module.vpc.module.vpc.aws_subnet.redshift",
            "module.vpc.module.vpc.aws_vpc.this",
            "module.vpc.module.vpc.aws_vpc_dhcp_options.this",
            "module.vpc.module.vpc.aws_vpc_dhcp_options_association.this",
            "module.vpc.module.vpc.aws_vpc_ipv4_cidr_block_association.this",
            "module.vpc.module.vpc.aws_vpn_gateway.this",
            "module.vpc.module.vpc.aws_vpn_gateway_attachment.this",
            "module.vpc.module.vpc.aws_vpn_gateway_route_propagation.intra",
            "module.vpc.module.vpc.aws_vpn_gateway_route_propagation.private",
            "module.vpc.module.vpc.aws_vpn_gateway_route_propagation.public",
            "module.vpc.module.vpc.data.aws_caller_identity.current",
            "module.vpc.module.vpc.data.aws_iam_policy_document.flow_log_cloudwatch_assume_role",
            "module.vpc.module.vpc.data.aws_iam_policy_document.vpc_flow_log_cloudwatch",
            "module.vpc.module.vpc.data.aws_partition.current",
            "module.vpc.module.vpc.data.aws_region.current"
          ],
          "create_before_destroy": true
        }
      ]
    },
    {
      "module": "module.eks-cluster.module.eks",
      "mode": "managed",
      "type": "aws_eks_cluster",
      "name": "this",
      "provider": "provider[\"registry.terraform.io/hashicorp/aws\"]",
      "instances": [
        {
          "index_key": 0,
          "status": "tainted",
          "schema_version": 1,
          "attributes": {
            "access_config": [
              {
                "authentication_mode": "API_AND_CONFIG_MAP",
                "bootstrap_cluster_creator_admin_permissions": false
              }
            ],
            "arn": null,
            "bootstrap_self_managed_addons": true,
            "certificate_authority": null,
            "cluster_id": null,
            "created_at": null,
            "enabled_cluster_log_types": [
              "api",
              "audit",
              "authenticator"
            ],
            "encryption_config": [
              {
                "provider": [
                  {
                    "key_arn": "arn:aws:kms:eu-central-1:208409385559:key/d73d2330-ac25-46d2-968d-1405f8b0947e"
                  }
                ],
                "resources": [
                  "secrets"
                ]
              }
            ],
            "endpoint": null,
            "id": "ARRK-eks-app",
            "identity": null,
            "kubernetes_network_config": [
              {
                "ip_family": "ipv4",
                "service_ipv4_cidr": "",
                "service_ipv6_cidr": ""
              }
            ],
            "name": "ARRK-eks-app",
            "outpost_config": [],
            "platform_version": null,
            "role_arn": "arn:aws:iam::208409385559:role/ARRK-eks-app-cluster-20240826055811455700000006",
            "status": null,
            "tags": {
              "terraform-aws-modules": "eks"
            },
            "tags_all": {
              "terraform-aws-modules": "eks"
            },
            "timeouts": {
              "create": null,
              "delete": null,
              "update": null
            },
            "upgrade_policy": null,
            "version": "1.29",
            "vpc_config": [
              {
                "cluster_security_group_id": "",
                "endpoint_private_access": true,
                "endpoint_public_access": true,
                "public_access_cidrs": [
                  "0.0.0.0/0"
                ],
                "security_group_ids": [
                  "sg-02953f19dfb32bc22"
                ],
                "subnet_ids": [
                  "subnet-05942d560c98b247e",
                  "subnet-0fbcb433f365bd8a9"
                ],
                "vpc_id": ""
              }
            ]
          },
          "sensitive_attributes": [],
          "private": "eyJlMmJmYjczMC1lY2FhLTExZTYtOGY4OC0zNDM2M2JjN2M0YzAiOnsiY3JlYXRlIjoxODAwMDAwMDAwMDAwLCJkZWxldGUiOjkwMDAwMDAwMDAwMCwidXBkYXRlIjozNjAwMDAwMDAwMDAwfSwic2NoZW1hX3ZlcnNpb24iOiIxIn0=",
          "dependencies": [
            "module.eks-cluster.module.eks.aws_cloudwatch_log_group.this",
            "module.eks-cluster.module.eks.aws_iam_policy.cni_ipv6_policy",
            "module.eks-cluster.module.eks.aws_iam_role.this",
            "module.eks-cluster.module.eks.aws_iam_role_policy_attachment.this",
            "module.eks-cluster.module.eks.aws_security_group.cluster",
            "module.eks-cluster.module.eks.aws_security_group.node",
            "module.eks-cluster.module.eks.aws_security_group_rule.cluster",
            "module.eks-cluster.module.eks.aws_security_group_rule.node",
            "module.eks-cluster.module.eks.data.aws_caller_identity.current",
            "module.eks-cluster.module.eks.data.aws_iam_policy_document.assume_role_policy",
            "module.eks-cluster.module.eks.data.aws_iam_policy_document.cni_ipv6_policy",
            "module.eks-cluster.module.eks.data.aws_iam_session_context.current",
            "module.eks-cluster.module.eks.data.aws_partition.current",
            "module.eks-cluster.module.eks.module.kms.aws_kms_external_key.this",
            "module.eks-cluster.module.eks.module.kms.aws_kms_key.this",
            "module.eks-cluster.module.eks.module.kms.aws_kms_replica_external_key.this",
            "module.eks-cluster.module.eks.module.kms.aws_kms_replica_key.this",
            "module.eks-cluster.module.eks.module.kms.data.aws_caller_identity.current",
            "module.eks-cluster.module.eks.module.kms.data.aws_iam_policy_document.this",
            "module.eks-cluster.module.eks.module.kms.data.aws_partition.current",
            "module.vpc.module.vpc.aws_cloudwatch_log_group.flow_log",
            "module.vpc.module.vpc.aws_customer_gateway.this",
            "module.vpc.module.vpc.aws_db_subnet_group.database",
            "module.vpc.module.vpc.aws_default_network_acl.this",
            "module.vpc.module.vpc.aws_default_route_table.default",
            "module.vpc.module.vpc.aws_default_security_group.this",
            "module.vpc.module.vpc.aws_default_vpc.this",
            "module.vpc.module.vpc.aws_egress_only_internet_gateway.this",
            "module.vpc.module.vpc.aws_eip.nat",
            "module.vpc.module.vpc.aws_elasticache_subnet_group.elasticache",
            "module.vpc.module.vpc.aws_flow_log.this",
            "module.vpc.module.vpc.aws_iam_policy.vpc_flow_log_cloudwatch",
            "module.vpc.module.vpc.aws_iam_role.vpc_flow_log_cloudwatch",
            "module.vpc.module.vpc.aws_iam_role_policy_attachment.vpc_flow_log_cloudwatch",
            "module.vpc.module.vpc.aws_internet_gateway.this",
            "module.vpc.module.vpc.aws_nat_gateway.this",
            "module.vpc.module.vpc.aws_network_acl.database",
            "module.vpc.module.vpc.aws_network_acl.elasticache",
            "module.vpc.module.vpc.aws_network_acl.intra",
            "module.vpc.module.vpc.aws_network_acl.outpost",
            "module.vpc.module.vpc.aws_network_acl.private",
            "module.vpc.module.vpc.aws_network_acl.public",
            "module.vpc.module.vpc.aws_network_acl.redshift",
            "module.vpc.module.vpc.aws_network_acl_rule.database_inbound",
            "module.vpc.module.vpc.aws_network_acl_rule.database_outbound",
            "module.vpc.module.vpc.aws_network_acl_rule.elasticache_inbound",
            "module.vpc.module.vpc.aws_network_acl_rule.elasticache_outbound",
            "module.vpc.module.vpc.aws_network_acl_rule.intra_inbound",
            "module.vpc.module.vpc.aws_network_acl_rule.intra_outbound",
            "module.vpc.module.vpc.aws_network_acl_rule.outpost_inbound",
            "module.vpc.module.vpc.aws_network_acl_rule.outpost_outbound",
            "module.vpc.module.vpc.aws_network_acl_rule.private_inbound",
            "module.vpc.module.vpc.aws_network_acl_rule.private_outbound",
            "module.vpc.module.vpc.aws_network_acl_rule.public_inbound",
            "module.vpc.module.vpc.aws_network_acl_rule.public_outbound",
            "module.vpc.module.vpc.aws_network_acl_rule.redshift_inbound",
            "module.vpc.module.vpc.aws_network_acl_rule.redshift_outbound",
            "module.vpc.module.vpc.aws_redshift_subnet_group.redshift",
            "module.vpc.module.vpc.aws_route.database_dns64_nat_gateway",
            "module.vpc.module.vpc.aws_route.database_internet_gateway",
            "module.vpc.module.vpc.aws_route.database_ipv6_egress",
            "module.vpc.module.vpc.aws_route.database_nat_gateway",
            "module.vpc.module.vpc.aws_route.private_dns64_nat_gateway",
            "module.vpc.module.vpc.aws_route.private_ipv6_egress",
            "module.vpc.module.vpc.aws_route.private_nat_gateway",
            "module.vpc.module.vpc.aws_route.public_internet_gateway",
            "module.vpc.module.vpc.aws_route.public_internet_gateway_ipv6",
            "module.vpc.module.vpc.aws_route_table.database",
            "module.vpc.module.vpc.aws_route_table.elasticache",
            "module.vpc.module.vpc.aws_route_table.intra",
            "module.vpc.module.vpc.aws_route_table.private",
            "module.vpc.module.vpc.aws_route_table.public",
            "module.vpc.module.vpc.aws_route_table.redshift",
            "module.vpc.module.vpc.aws_route_table_association.database",
            "module.vpc.module.vpc.aws_route_table_association.elasticache",
            "module.vpc.module.vpc.aws_route_table_association.intra",
            "module.vpc.module.vpc.aws_route_table_association.outpost",
            "module.vpc.module.vpc.aws_route_table_association.private",
            "module.vpc.module.vpc.aws_route_table_association.public",
            "module.vpc.module.vpc.aws_route_table_association.redshift",
            "module.vpc.module.vpc.aws_route_table_association.redshift_public",
            "module.vpc.module.vpc.aws_subnet.database",
            "module.vpc.module.vpc.aws_subnet.elasticache",
            "module.vpc.module.vpc.aws_subnet.intra",
            "module.vpc.module.vpc.aws_subnet.outpost",
            "module.vpc.module.vpc.aws_subnet.private",
            "module.vpc.module.vpc.aws_subnet.public",
            "module.vpc.module.vpc.aws_subnet.redshift",
            "module.vpc.module.vpc.aws_vpc.this",
            "module.vpc.module.vpc.aws_vpc_dhcp_options.this",
            "module.vpc.module.vpc.aws_vpc_dhcp_options_association.this",
            "module.vpc.module.vpc.aws_vpc_ipv4_cidr_block_association.this",
            "module.vpc.module.vpc.aws_vpn_gateway.this",
            "module.vpc.module.vpc.aws_vpn_gateway_attachment.this",
            "module.vpc.module.vpc.aws_vpn_gateway_route_propagation.intra",
            "module.vpc.module.vpc.aws_vpn_gateway_route_propagation.private",
            "module.vpc.module.vpc.aws_vpn_gateway_route_propagation.public",
            "module.vpc.module.vpc.data.aws_caller_identity.current",
            "module.vpc.module.vpc.data.aws_iam_policy_document.flow_log_cloudwatch_assume_role",
            "module.vpc.module.vpc.data.aws_iam_policy_document.vpc_flow_log_cloudwatch",
            "module.vpc.module.vpc.data.aws_partition.current",
            "module.vpc.module.vpc.data.aws_region.current"
          ],
          "create_before_destroy": true
        }
      ]
    },
    {
      "module": "module.eks-cluster.module.eks",
      "mode": "managed",
      "type": "aws_iam_policy",
      "name": "cluster_encryption",
      "provider": "provider[\"registry.terraform.io/hashicorp/aws\"]",
      "instances": [
        {
          "index_key": 0,
          "schema_version": 0,
          "attributes": {
            "arn": "arn:aws:iam::208409385559:policy/ARRK-eks-app-cluster-ClusterEncryption2024082605584127750000000d",
            "attachment_count": 0,
            "description": "Cluster encryption policy to allow cluster role to utilize CMK provided",
            "id": "arn:aws:iam::208409385559:policy/ARRK-eks-app-cluster-ClusterEncryption2024082605584127750000000d",
            "name": "ARRK-eks-app-cluster-ClusterEncryption2024082605584127750000000d",
            "name_prefix": "ARRK-eks-app-cluster-ClusterEncryption",
            "path": "/",
            "policy": "{\"Statement\":[{\"Action\":[\"kms:Encrypt\",\"kms:Decrypt\",\"kms:ListGrants\",\"kms:DescribeKey\"],\"Effect\":\"Allow\",\"Resource\":\"arn:aws:kms:eu-central-1:208409385559:key/d73d2330-ac25-46d2-968d-1405f8b0947e\"}],\"Version\":\"2012-10-17\"}",
            "policy_id": "ANPATBBRK3JLXJINRVFI6",
            "tags": null,
            "tags_all": {}
          },
          "sensitive_attributes": [],
          "private": "bnVsbA==",
          "dependencies": [
            "module.eks-cluster.module.eks.aws_iam_role.this",
            "module.eks-cluster.module.eks.data.aws_caller_identity.current",
            "module.eks-cluster.module.eks.data.aws_iam_policy_document.assume_role_policy",
            "module.eks-cluster.module.eks.data.aws_iam_session_context.current",
            "module.eks-cluster.module.eks.module.kms.aws_kms_external_key.this",
            "module.eks-cluster.module.eks.module.kms.aws_kms_key.this",
            "module.eks-cluster.module.eks.module.kms.aws_kms_replica_external_key.this",
            "module.eks-cluster.module.eks.module.kms.aws_kms_replica_key.this",
            "module.eks-cluster.module.eks.module.kms.data.aws_caller_identity.current",
            "module.eks-cluster.module.eks.module.kms.data.aws_iam_policy_document.this",
            "module.eks-cluster.module.eks.module.kms.data.aws_partition.current",
            "module.vpc.module.vpc.aws_cloudwatch_log_group.flow_log",
            "module.vpc.module.vpc.aws_customer_gateway.this",
            "module.vpc.module.vpc.aws_db_subnet_group.database",
            "module.vpc.module.vpc.aws_default_network_acl.this",
            "module.vpc.module.vpc.aws_default_route_table.default",
            "module.vpc.module.vpc.aws_default_security_group.this",
            "module.vpc.module.vpc.aws_default_vpc.this",
            "module.vpc.module.vpc.aws_egress_only_internet_gateway.this",
            "module.vpc.module.vpc.aws_eip.nat",
            "module.vpc.module.vpc.aws_elasticache_subnet_group.elasticache",
            "module.vpc.module.vpc.aws_flow_log.this",
            "module.vpc.module.vpc.aws_iam_policy.vpc_flow_log_cloudwatch",
            "module.vpc.module.vpc.aws_iam_role.vpc_flow_log_cloudwatch",
            "module.vpc.module.vpc.aws_iam_role_policy_attachment.vpc_flow_log_cloudwatch",
            "module.vpc.module.vpc.aws_internet_gateway.this",
            "module.vpc.module.vpc.aws_nat_gateway.this",
            "module.vpc.module.vpc.aws_network_acl.database",
            "module.vpc.module.vpc.aws_network_acl.elasticache",
            "module.vpc.module.vpc.aws_network_acl.intra",
            "module.vpc.module.vpc.aws_network_acl.outpost",
            "module.vpc.module.vpc.aws_network_acl.private",
            "module.vpc.module.vpc.aws_network_acl.public",
            "module.vpc.module.vpc.aws_network_acl.redshift",
            "module.vpc.module.vpc.aws_network_acl_rule.database_inbound",
            "module.vpc.module.vpc.aws_network_acl_rule.database_outbound",
            "module.vpc.module.vpc.aws_network_acl_rule.elasticache_inbound",
            "module.vpc.module.vpc.aws_network_acl_rule.elasticache_outbound",
            "module.vpc.module.vpc.aws_network_acl_rule.intra_inbound",
            "module.vpc.module.vpc.aws_network_acl_rule.intra_outbound",
            "module.vpc.module.vpc.aws_network_acl_rule.outpost_inbound",
            "module.vpc.module.vpc.aws_network_acl_rule.outpost_outbound",
            "module.vpc.module.vpc.aws_network_acl_rule.private_inbound",
            "module.vpc.module.vpc.aws_network_acl_rule.private_outbound",
            "module.vpc.module.vpc.aws_network_acl_rule.public_inbound",
            "module.vpc.module.vpc.aws_network_acl_rule.public_outbound",
            "module.vpc.module.vpc.aws_network_acl_rule.redshift_inbound",
            "module.vpc.module.vpc.aws_network_acl_rule.redshift_outbound",
            "module.vpc.module.vpc.aws_redshift_subnet_group.redshift",
            "module.vpc.module.vpc.aws_route.database_dns64_nat_gateway",
            "module.vpc.module.vpc.aws_route.database_internet_gateway",
            "module.vpc.module.vpc.aws_route.database_ipv6_egress",
            "module.vpc.module.vpc.aws_route.database_nat_gateway",
            "module.vpc.module.vpc.aws_route.private_dns64_nat_gateway",
            "module.vpc.module.vpc.aws_route.private_ipv6_egress",
            "module.vpc.module.vpc.aws_route.private_nat_gateway",
            "module.vpc.module.vpc.aws_route.public_internet_gateway",
            "module.vpc.module.vpc.aws_route.public_internet_gateway_ipv6",
            "module.vpc.module.vpc.aws_route_table.database",
            "module.vpc.module.vpc.aws_route_table.elasticache",
            "module.vpc.module.vpc.aws_route_table.intra",
            "module.vpc.module.vpc.aws_route_table.private",
            "module.vpc.module.vpc.aws_route_table.public",
            "module.vpc.module.vpc.aws_route_table.redshift",
            "module.vpc.module.vpc.aws_route_table_association.database",
            "module.vpc.module.vpc.aws_route_table_association.elasticache",
            "module.vpc.module.vpc.aws_route_table_association.intra",
            "module.vpc.module.vpc.aws_route_table_association.outpost",
            "module.vpc.module.vpc.aws_route_table_association.private",
            "module.vpc.module.vpc.aws_route_table_association.public",
            "module.vpc.module.vpc.aws_route_table_association.redshift",
            "module.vpc.module.vpc.aws_route_table_association.redshift_public",
            "module.vpc.module.vpc.aws_subnet.database",
            "module.vpc.module.vpc.aws_subnet.elasticache",
            "module.vpc.module.vpc.aws_subnet.intra",
            "module.vpc.module.vpc.aws_subnet.outpost",
            "module.vpc.module.vpc.aws_subnet.private",
            "module.vpc.module.vpc.aws_subnet.public",
            "module.vpc.module.vpc.aws_subnet.redshift",
            "module.vpc.module.vpc.aws_vpc.this",
            "module.vpc.module.vpc.aws_vpc_dhcp_options.this",
            "module.vpc.module.vpc.aws_vpc_dhcp_options_association.this",
            "module.vpc.module.vpc.aws_vpc_ipv4_cidr_block_association.this",
            "module.vpc.module.vpc.aws_vpn_gateway.this",
            "module.vpc.module.vpc.aws_vpn_gateway_attachment.this",
            "module.vpc.module.vpc.aws_vpn_gateway_route_propagation.intra",
            "module.vpc.module.vpc.aws_vpn_gateway_route_propagation.private",
            "module.vpc.module.vpc.aws_vpn_gateway_route_propagation.public",
            "module.vpc.module.vpc.data.aws_caller_identity.current",
            "module.vpc.module.vpc.data.aws_iam_policy_document.flow_log_cloudwatch_assume_role",
            "module.vpc.module.vpc.data.aws_iam_policy_document.vpc_flow_log_cloudwatch",
            "module.vpc.module.vpc.data.aws_partition.current",
            "module.vpc.module.vpc.data.aws_region.current"
          ]
        }
      ]
    },
    {
      "module": "module.eks-cluster.module.eks",
      "mode": "managed",
      "type": "aws_iam_policy",
      "name": "cni_ipv6_policy",
      "provider": "provider[\"registry.terraform.io/hashicorp/aws\"]",
      "instances": []
    },
    {
      "module": "module.eks-cluster.module.eks",
      "mode": "managed",
      "type": "aws_iam_role",
      "name": "this",
      "provider": "provider[\"registry.terraform.io/hashicorp/aws\"]",
      "instances": [
        {
          "index_key": 0,
          "schema_version": 0,
          "attributes": {
            "arn": "arn:aws:iam::208409385559:role/ARRK-eks-app-cluster-20240826055811455700000006",
            "assume_role_policy": "{\"Statement\":[{\"Action\":\"sts:AssumeRole\",\"Effect\":\"Allow\",\"Principal\":{\"Service\":\"eks.amazonaws.com\"},\"Sid\":\"EKSClusterAssumeRole\"}],\"Version\":\"2012-10-17\"}",
            "create_date": "2024-08-26T05:58:12Z",
            "description": "",
            "force_detach_policies": true,
            "id": "ARRK-eks-app-cluster-20240826055811455700000006",
            "inline_policy": [
              {
                "name": "ARRK-eks-app-cluster",
                "policy": "{\"Version\":\"2012-10-17\",\"Statement\":[{\"Action\":[\"logs:CreateLogGroup\"],\"Effect\":\"Deny\",\"Resource\":\"*\"}]}"
              }
            ],
            "managed_policy_arns": [],
            "max_session_duration": 3600,
            "name": "ARRK-eks-app-cluster-20240826055811455700000006",
            "name_prefix": "ARRK-eks-app-cluster-",
            "path": "/",
            "permissions_boundary": "",
            "tags": null,
            "tags_all": {},
            "unique_id": "AROATBBRK3JL2IJ6QM5UB"
          },
          "sensitive_attributes": [],
          "private": "bnVsbA==",
          "dependencies": [
            "module.eks-cluster.module.eks.data.aws_iam_policy_document.assume_role_policy",
            "module.vpc.module.vpc.aws_cloudwatch_log_group.flow_log",
            "module.vpc.module.vpc.aws_customer_gateway.this",
            "module.vpc.module.vpc.aws_db_subnet_group.database",
            "module.vpc.module.vpc.aws_default_network_acl.this",
            "module.vpc.module.vpc.aws_default_route_table.default",
            "module.vpc.module.vpc.aws_default_security_group.this",
            "module.vpc.module.vpc.aws_default_vpc.this",
            "module.vpc.module.vpc.aws_egress_only_internet_gateway.this",
            "module.vpc.module.vpc.aws_eip.nat",
            "module.vpc.module.vpc.aws_elasticache_subnet_group.elasticache",
            "module.vpc.module.vpc.aws_flow_log.this",
            "module.vpc.module.vpc.aws_iam_policy.vpc_flow_log_cloudwatch",
            "module.vpc.module.vpc.aws_iam_role.vpc_flow_log_cloudwatch",
            "module.vpc.module.vpc.aws_iam_role_policy_attachment.vpc_flow_log_cloudwatch",
            "module.vpc.module.vpc.aws_internet_gateway.this",
            "module.vpc.module.vpc.aws_nat_gateway.this",
            "module.vpc.module.vpc.aws_network_acl.database",
            "module.vpc.module.vpc.aws_network_acl.elasticache",
            "module.vpc.module.vpc.aws_network_acl.intra",
            "module.vpc.module.vpc.aws_network_acl.outpost",
            "module.vpc.module.vpc.aws_network_acl.private",
            "module.vpc.module.vpc.aws_network_acl.public",
            "module.vpc.module.vpc.aws_network_acl.redshift",
            "module.vpc.module.vpc.aws_network_acl_rule.database_inbound",
            "module.vpc.module.vpc.aws_network_acl_rule.database_outbound",
            "module.vpc.module.vpc.aws_network_acl_rule.elasticache_inbound",
            "module.vpc.module.vpc.aws_network_acl_rule.elasticache_outbound",
            "module.vpc.module.vpc.aws_network_acl_rule.intra_inbound",
            "module.vpc.module.vpc.aws_network_acl_rule.intra_outbound",
            "module.vpc.module.vpc.aws_network_acl_rule.outpost_inbound",
            "module.vpc.module.vpc.aws_network_acl_rule.outpost_outbound",
            "module.vpc.module.vpc.aws_network_acl_rule.private_inbound",
            "module.vpc.module.vpc.aws_network_acl_rule.private_outbound",
            "module.vpc.module.vpc.aws_network_acl_rule.public_inbound",
            "module.vpc.module.vpc.aws_network_acl_rule.public_outbound",
            "module.vpc.module.vpc.aws_network_acl_rule.redshift_inbound",
            "module.vpc.module.vpc.aws_network_acl_rule.redshift_outbound",
            "module.vpc.module.vpc.aws_redshift_subnet_group.redshift",
            "module.vpc.module.vpc.aws_route.database_dns64_nat_gateway",
            "module.vpc.module.vpc.aws_route.database_internet_gateway",
            "module.vpc.module.vpc.aws_route.database_ipv6_egress",
            "module.vpc.module.vpc.aws_route.database_nat_gateway",
            "module.vpc.module.vpc.aws_route.private_dns64_nat_gateway",
            "module.vpc.module.vpc.aws_route.private_ipv6_egress",
            "module.vpc.module.vpc.aws_route.private_nat_gateway",
            "module.vpc.module.vpc.aws_route.public_internet_gateway",
            "module.vpc.module.vpc.aws_route.public_internet_gateway_ipv6",
            "module.vpc.module.vpc.aws_route_table.database",
            "module.vpc.module.vpc.aws_route_table.elasticache",
            "module.vpc.module.vpc.aws_route_table.intra",
            "module.vpc.module.vpc.aws_route_table.private",
            "module.vpc.module.vpc.aws_route_table.public",
            "module.vpc.module.vpc.aws_route_table.redshift",
            "module.vpc.module.vpc.aws_route_table_association.database",
            "module.vpc.module.vpc.aws_route_table_association.elasticache",
            "module.vpc.module.vpc.aws_route_table_association.intra",
            "module.vpc.module.vpc.aws_route_table_association.outpost",
            "module.vpc.module.vpc.aws_route_table_association.private",
            "module.vpc.module.vpc.aws_route_table_association.public",
            "module.vpc.module.vpc.aws_route_table_association.redshift",
            "module.vpc.module.vpc.aws_route_table_association.redshift_public",
            "module.vpc.module.vpc.aws_subnet.database",
            "module.vpc.module.vpc.aws_subnet.elasticache",
            "module.vpc.module.vpc.aws_subnet.intra",
            "module.vpc.module.vpc.aws_subnet.outpost",
            "module.vpc.module.vpc.aws_subnet.private",
            "module.vpc.module.vpc.aws_subnet.public",
            "module.vpc.module.vpc.aws_subnet.redshift",
            "module.vpc.module.vpc.aws_vpc.this",
            "module.vpc.module.vpc.aws_vpc_dhcp_options.this",
            "module.vpc.module.vpc.aws_vpc_dhcp_options_association.this",
            "module.vpc.module.vpc.aws_vpc_ipv4_cidr_block_association.this",
            "module.vpc.module.vpc.aws_vpn_gateway.this",
            "module.vpc.module.vpc.aws_vpn_gateway_attachment.this",
            "module.vpc.module.vpc.aws_vpn_gateway_route_propagation.intra",
            "module.vpc.module.vpc.aws_vpn_gateway_route_propagation.private",
            "module.vpc.module.vpc.aws_vpn_gateway_route_propagation.public",
            "module.vpc.module.vpc.data.aws_caller_identity.current",
            "module.vpc.module.vpc.data.aws_iam_policy_document.flow_log_cloudwatch_assume_role",
            "module.vpc.module.vpc.data.aws_iam_policy_document.vpc_flow_log_cloudwatch",
            "module.vpc.module.vpc.data.aws_partition.current",
            "module.vpc.module.vpc.data.aws_region.current"
          ],
          "create_before_destroy": true
        }
      ]
    },
    {
      "module": "module.eks-cluster.module.eks",
      "mode": "managed",
      "type": "aws_iam_role_policy_attachment",
      "name": "cluster_encryption",
      "provider": "provider[\"registry.terraform.io/hashicorp/aws\"]",
      "instances": [
        {
          "index_key": 0,
          "schema_version": 0,
          "attributes": {
            "id": "ARRK-eks-app-cluster-20240826055811455700000006-2024082605584266810000000e",
            "policy_arn": "arn:aws:iam::208409385559:policy/ARRK-eks-app-cluster-ClusterEncryption2024082605584127750000000d",
            "role": "ARRK-eks-app-cluster-20240826055811455700000006"
          },
          "sensitive_attributes": [],
          "private": "bnVsbA==",
          "dependencies": [
            "module.eks-cluster.module.eks.aws_iam_policy.cluster_encryption",
            "module.eks-cluster.module.eks.aws_iam_role.this",
            "module.eks-cluster.module.eks.data.aws_caller_identity.current",
            "module.eks-cluster.module.eks.data.aws_iam_policy_document.assume_role_policy",
            "module.eks-cluster.module.eks.data.aws_iam_session_context.current",
            "module.eks-cluster.module.eks.module.kms.aws_kms_external_key.this",
            "module.eks-cluster.module.eks.module.kms.aws_kms_key.this",
            "module.eks-cluster.module.eks.module.kms.aws_kms_replica_external_key.this",
            "module.eks-cluster.module.eks.module.kms.aws_kms_replica_key.this",
            "module.eks-cluster.module.eks.module.kms.data.aws_caller_identity.current",
            "module.eks-cluster.module.eks.module.kms.data.aws_iam_policy_document.this",
            "module.eks-cluster.module.eks.module.kms.data.aws_partition.current",
            "module.vpc.module.vpc.aws_cloudwatch_log_group.flow_log",
            "module.vpc.module.vpc.aws_customer_gateway.this",
            "module.vpc.module.vpc.aws_db_subnet_group.database",
            "module.vpc.module.vpc.aws_default_network_acl.this",
            "module.vpc.module.vpc.aws_default_route_table.default",
            "module.vpc.module.vpc.aws_default_security_group.this",
            "module.vpc.module.vpc.aws_default_vpc.this",
            "module.vpc.module.vpc.aws_egress_only_internet_gateway.this",
            "module.vpc.module.vpc.aws_eip.nat",
            "module.vpc.module.vpc.aws_elasticache_subnet_group.elasticache",
            "module.vpc.module.vpc.aws_flow_log.this",
            "module.vpc.module.vpc.aws_iam_policy.vpc_flow_log_cloudwatch",
            "module.vpc.module.vpc.aws_iam_role.vpc_flow_log_cloudwatch",
            "module.vpc.module.vpc.aws_iam_role_policy_attachment.vpc_flow_log_cloudwatch",
            "module.vpc.module.vpc.aws_internet_gateway.this",
            "module.vpc.module.vpc.aws_nat_gateway.this",
            "module.vpc.module.vpc.aws_network_acl.database",
            "module.vpc.module.vpc.aws_network_acl.elasticache",
            "module.vpc.module.vpc.aws_network_acl.intra",
            "module.vpc.module.vpc.aws_network_acl.outpost",
            "module.vpc.module.vpc.aws_network_acl.private",
            "module.vpc.module.vpc.aws_network_acl.public",
            "module.vpc.module.vpc.aws_network_acl.redshift",
            "module.vpc.module.vpc.aws_network_acl_rule.database_inbound",
            "module.vpc.module.vpc.aws_network_acl_rule.database_outbound",
            "module.vpc.module.vpc.aws_network_acl_rule.elasticache_inbound",
            "module.vpc.module.vpc.aws_network_acl_rule.elasticache_outbound",
            "module.vpc.module.vpc.aws_network_acl_rule.intra_inbound",
            "module.vpc.module.vpc.aws_network_acl_rule.intra_outbound",
            "module.vpc.module.vpc.aws_network_acl_rule.outpost_inbound",
            "module.vpc.module.vpc.aws_network_acl_rule.outpost_outbound",
            "module.vpc.module.vpc.aws_network_acl_rule.private_inbound",
            "module.vpc.module.vpc.aws_network_acl_rule.private_outbound",
            "module.vpc.module.vpc.aws_network_acl_rule.public_inbound",
            "module.vpc.module.vpc.aws_network_acl_rule.public_outbound",
            "module.vpc.module.vpc.aws_network_acl_rule.redshift_inbound",
            "module.vpc.module.vpc.aws_network_acl_rule.redshift_outbound",
            "module.vpc.module.vpc.aws_redshift_subnet_group.redshift",
            "module.vpc.module.vpc.aws_route.database_dns64_nat_gateway",
            "module.vpc.module.vpc.aws_route.database_internet_gateway",
            "module.vpc.module.vpc.aws_route.database_ipv6_egress",
            "module.vpc.module.vpc.aws_route.database_nat_gateway",
            "module.vpc.module.vpc.aws_route.private_dns64_nat_gateway",
            "module.vpc.module.vpc.aws_route.private_ipv6_egress",
            "module.vpc.module.vpc.aws_route.private_nat_gateway",
            "module.vpc.module.vpc.aws_route.public_internet_gateway",
            "module.vpc.module.vpc.aws_route.public_internet_gateway_ipv6",
            "module.vpc.module.vpc.aws_route_table.database",
            "module.vpc.module.vpc.aws_route_table.elasticache",
            "module.vpc.module.vpc.aws_route_table.intra",
            "module.vpc.module.vpc.aws_route_table.private",
            "module.vpc.module.vpc.aws_route_table.public",
            "module.vpc.module.vpc.aws_route_table.redshift",
            "module.vpc.module.vpc.aws_route_table_association.database",
            "module.vpc.module.vpc.aws_route_table_association.elasticache",
            "module.vpc.module.vpc.aws_route_table_association.intra",
            "module.vpc.module.vpc.aws_route_table_association.outpost",
            "module.vpc.module.vpc.aws_route_table_association.private",
            "module.vpc.module.vpc.aws_route_table_association.public",
            "module.vpc.module.vpc.aws_route_table_association.redshift",
            "module.vpc.module.vpc.aws_route_table_association.redshift_public",
            "module.vpc.module.vpc.aws_subnet.database",
            "module.vpc.module.vpc.aws_subnet.elasticache",
            "module.vpc.module.vpc.aws_subnet.intra",
            "module.vpc.module.vpc.aws_subnet.outpost",
            "module.vpc.module.vpc.aws_subnet.private",
            "module.vpc.module.vpc.aws_subnet.public",
            "module.vpc.module.vpc.aws_subnet.redshift",
            "module.vpc.module.vpc.aws_vpc.this",
            "module.vpc.module.vpc.aws_vpc_dhcp_options.this",
            "module.vpc.module.vpc.aws_vpc_dhcp_options_association.this",
            "module.vpc.module.vpc.aws_vpc_ipv4_cidr_block_association.this",
            "module.vpc.module.vpc.aws_vpn_gateway.this",
            "module.vpc.module.vpc.aws_vpn_gateway_attachment.this",
            "module.vpc.module.vpc.aws_vpn_gateway_route_propagation.intra",
            "module.vpc.module.vpc.aws_vpn_gateway_route_propagation.private",
            "module.vpc.module.vpc.aws_vpn_gateway_route_propagation.public",
            "module.vpc.module.vpc.data.aws_caller_identity.current",
            "module.vpc.module.vpc.data.aws_iam_policy_document.flow_log_cloudwatch_assume_role",
            "module.vpc.module.vpc.data.aws_iam_policy_document.vpc_flow_log_cloudwatch",
            "module.vpc.module.vpc.data.aws_partition.current",
            "module.vpc.module.vpc.data.aws_region.current"
          ]
        }
      ]
    },
    {
      "module": "module.eks-cluster.module.eks",
      "mode": "managed",
      "type": "aws_iam_role_policy_attachment",
      "name": "this",
      "provider": "provider[\"registry.terraform.io/hashicorp/aws\"]",
      "instances": [
        {
          "index_key": "AmazonEKSClusterPolicy",
          "schema_version": 0,
          "attributes": {
            "id": "ARRK-eks-app-cluster-20240826055811455700000006-2024082605581635060000000c",
            "policy_arn": "arn:aws:iam::aws:policy/AmazonEKSClusterPolicy",
            "role": "ARRK-eks-app-cluster-20240826055811455700000006"
          },
          "sensitive_attributes": [],
          "private": "bnVsbA==",
          "dependencies": [
            "module.eks-cluster.module.eks.aws_iam_role.this",
            "module.eks-cluster.module.eks.data.aws_iam_policy_document.assume_role_policy",
            "module.eks-cluster.module.eks.data.aws_partition.current",
            "module.vpc.module.vpc.aws_cloudwatch_log_group.flow_log",
            "module.vpc.module.vpc.aws_customer_gateway.this",
            "module.vpc.module.vpc.aws_db_subnet_group.database",
            "module.vpc.module.vpc.aws_default_network_acl.this",
            "module.vpc.module.vpc.aws_default_route_table.default",
            "module.vpc.module.vpc.aws_default_security_group.this",
            "module.vpc.module.vpc.aws_default_vpc.this",
            "module.vpc.module.vpc.aws_egress_only_internet_gateway.this",
            "module.vpc.module.vpc.aws_eip.nat",
            "module.vpc.module.vpc.aws_elasticache_subnet_group.elasticache",
            "module.vpc.module.vpc.aws_flow_log.this",
            "module.vpc.module.vpc.aws_iam_policy.vpc_flow_log_cloudwatch",
            "module.vpc.module.vpc.aws_iam_role.vpc_flow_log_cloudwatch",
            "module.vpc.module.vpc.aws_iam_role_policy_attachment.vpc_flow_log_cloudwatch",
            "module.vpc.module.vpc.aws_internet_gateway.this",
            "module.vpc.module.vpc.aws_nat_gateway.this",
            "module.vpc.module.vpc.aws_network_acl.database",
            "module.vpc.module.vpc.aws_network_acl.elasticache",
            "module.vpc.module.vpc.aws_network_acl.intra",
            "module.vpc.module.vpc.aws_network_acl.outpost",
            "module.vpc.module.vpc.aws_network_acl.private",
            "module.vpc.module.vpc.aws_network_acl.public",
            "module.vpc.module.vpc.aws_network_acl.redshift",
            "module.vpc.module.vpc.aws_network_acl_rule.database_inbound",
            "module.vpc.module.vpc.aws_network_acl_rule.database_outbound",
            "module.vpc.module.vpc.aws_network_acl_rule.elasticache_inbound",
            "module.vpc.module.vpc.aws_network_acl_rule.elasticache_outbound",
            "module.vpc.module.vpc.aws_network_acl_rule.intra_inbound",
            "module.vpc.module.vpc.aws_network_acl_rule.intra_outbound",
            "module.vpc.module.vpc.aws_network_acl_rule.outpost_inbound",
            "module.vpc.module.vpc.aws_network_acl_rule.outpost_outbound",
            "module.vpc.module.vpc.aws_network_acl_rule.private_inbound",
            "module.vpc.module.vpc.aws_network_acl_rule.private_outbound",
            "module.vpc.module.vpc.aws_network_acl_rule.public_inbound",
            "module.vpc.module.vpc.aws_network_acl_rule.public_outbound",
            "module.vpc.module.vpc.aws_network_acl_rule.redshift_inbound",
            "module.vpc.module.vpc.aws_network_acl_rule.redshift_outbound",
            "module.vpc.module.vpc.aws_redshift_subnet_group.redshift",
            "module.vpc.module.vpc.aws_route.database_dns64_nat_gateway",
            "module.vpc.module.vpc.aws_route.database_internet_gateway",
            "module.vpc.module.vpc.aws_route.database_ipv6_egress",
            "module.vpc.module.vpc.aws_route.database_nat_gateway",
            "module.vpc.module.vpc.aws_route.private_dns64_nat_gateway",
            "module.vpc.module.vpc.aws_route.private_ipv6_egress",
            "module.vpc.module.vpc.aws_route.private_nat_gateway",
            "module.vpc.module.vpc.aws_route.public_internet_gateway",
            "module.vpc.module.vpc.aws_route.public_internet_gateway_ipv6",
            "module.vpc.module.vpc.aws_route_table.database",
            "module.vpc.module.vpc.aws_route_table.elasticache",
            "module.vpc.module.vpc.aws_route_table.intra",
            "module.vpc.module.vpc.aws_route_table.private",
            "module.vpc.module.vpc.aws_route_table.public",
            "module.vpc.module.vpc.aws_route_table.redshift",
            "module.vpc.module.vpc.aws_route_table_association.database",
            "module.vpc.module.vpc.aws_route_table_association.elasticache",
            "module.vpc.module.vpc.aws_route_table_association.intra",
            "module.vpc.module.vpc.aws_route_table_association.outpost",
            "module.vpc.module.vpc.aws_route_table_association.private",
            "module.vpc.module.vpc.aws_route_table_association.public",
            "module.vpc.module.vpc.aws_route_table_association.redshift",
            "module.vpc.module.vpc.aws_route_table_association.redshift_public",
            "module.vpc.module.vpc.aws_subnet.database",
            "module.vpc.module.vpc.aws_subnet.elasticache",
            "module.vpc.module.vpc.aws_subnet.intra",
            "module.vpc.module.vpc.aws_subnet.outpost",
            "module.vpc.module.vpc.aws_subnet.private",
            "module.vpc.module.vpc.aws_subnet.public",
            "module.vpc.module.vpc.aws_subnet.redshift",
            "module.vpc.module.vpc.aws_vpc.this",
            "module.vpc.module.vpc.aws_vpc_dhcp_options.this",
            "module.vpc.module.vpc.aws_vpc_dhcp_options_association.this",
            "module.vpc.module.vpc.aws_vpc_ipv4_cidr_block_association.this",
            "module.vpc.module.vpc.aws_vpn_gateway.this",
            "module.vpc.module.vpc.aws_vpn_gateway_attachment.this",
            "module.vpc.module.vpc.aws_vpn_gateway_route_propagation.intra",
            "module.vpc.module.vpc.aws_vpn_gateway_route_propagation.private",
            "module.vpc.module.vpc.aws_vpn_gateway_route_propagation.public",
            "module.vpc.module.vpc.data.aws_caller_identity.current",
            "module.vpc.module.vpc.data.aws_iam_policy_document.flow_log_cloudwatch_assume_role",
            "module.vpc.module.vpc.data.aws_iam_policy_document.vpc_flow_log_cloudwatch",
            "module.vpc.module.vpc.data.aws_partition.current",
            "module.vpc.module.vpc.data.aws_region.current"
          ],
          "create_before_destroy": true
        },
        {
          "index_key": "AmazonEKSVPCResourceController",
          "schema_version": 0,
          "attributes": {
            "id": "ARRK-eks-app-cluster-20240826055811455700000006-2024082605581565100000000b",
            "policy_arn": "arn:aws:iam::aws:policy/AmazonEKSVPCResourceController",
            "role": "ARRK-eks-app-cluster-20240826055811455700000006"
          },
          "sensitive_attributes": [],
          "private": "bnVsbA==",
          "dependencies": [
            "module.eks-cluster.module.eks.aws_iam_role.this",
            "module.eks-cluster.module.eks.data.aws_iam_policy_document.assume_role_policy",
            "module.eks-cluster.module.eks.data.aws_partition.current",
            "module.vpc.module.vpc.aws_cloudwatch_log_group.flow_log",
            "module.vpc.module.vpc.aws_customer_gateway.this",
            "module.vpc.module.vpc.aws_db_subnet_group.database",
            "module.vpc.module.vpc.aws_default_network_acl.this",
            "module.vpc.module.vpc.aws_default_route_table.default",
            "module.vpc.module.vpc.aws_default_security_group.this",
            "module.vpc.module.vpc.aws_default_vpc.this",
            "module.vpc.module.vpc.aws_egress_only_internet_gateway.this",
            "module.vpc.module.vpc.aws_eip.nat",
            "module.vpc.module.vpc.aws_elasticache_subnet_group.elasticache",
            "module.vpc.module.vpc.aws_flow_log.this",
            "module.vpc.module.vpc.aws_iam_policy.vpc_flow_log_cloudwatch",
            "module.vpc.module.vpc.aws_iam_role.vpc_flow_log_cloudwatch",
            "module.vpc.module.vpc.aws_iam_role_policy_attachment.vpc_flow_log_cloudwatch",
            "module.vpc.module.vpc.aws_internet_gateway.this",
            "module.vpc.module.vpc.aws_nat_gateway.this",
            "module.vpc.module.vpc.aws_network_acl.database",
            "module.vpc.module.vpc.aws_network_acl.elasticache",
            "module.vpc.module.vpc.aws_network_acl.intra",
            "module.vpc.module.vpc.aws_network_acl.outpost",
            "module.vpc.module.vpc.aws_network_acl.private",
            "module.vpc.module.vpc.aws_network_acl.public",
            "module.vpc.module.vpc.aws_network_acl.redshift",
            "module.vpc.module.vpc.aws_network_acl_rule.database_inbound",
            "module.vpc.module.vpc.aws_network_acl_rule.database_outbound",
            "module.vpc.module.vpc.aws_network_acl_rule.elasticache_inbound",
            "module.vpc.module.vpc.aws_network_acl_rule.elasticache_outbound",
            "module.vpc.module.vpc.aws_network_acl_rule.intra_inbound",
            "module.vpc.module.vpc.aws_network_acl_rule.intra_outbound",
            "module.vpc.module.vpc.aws_network_acl_rule.outpost_inbound",
            "module.vpc.module.vpc.aws_network_acl_rule.outpost_outbound",
            "module.vpc.module.vpc.aws_network_acl_rule.private_inbound",
            "module.vpc.module.vpc.aws_network_acl_rule.private_outbound",
            "module.vpc.module.vpc.aws_network_acl_rule.public_inbound",
            "module.vpc.module.vpc.aws_network_acl_rule.public_outbound",
            "module.vpc.module.vpc.aws_network_acl_rule.redshift_inbound",
            "module.vpc.module.vpc.aws_network_acl_rule.redshift_outbound",
            "module.vpc.module.vpc.aws_redshift_subnet_group.redshift",
            "module.vpc.module.vpc.aws_route.database_dns64_nat_gateway",
            "module.vpc.module.vpc.aws_route.database_internet_gateway",
            "module.vpc.module.vpc.aws_route.database_ipv6_egress",
            "module.vpc.module.vpc.aws_route.database_nat_gateway",
            "module.vpc.module.vpc.aws_route.private_dns64_nat_gateway",
            "module.vpc.module.vpc.aws_route.private_ipv6_egress",
            "module.vpc.module.vpc.aws_route.private_nat_gateway",
            "module.vpc.module.vpc.aws_route.public_internet_gateway",
            "module.vpc.module.vpc.aws_route.public_internet_gateway_ipv6",
            "module.vpc.module.vpc.aws_route_table.database",
            "module.vpc.module.vpc.aws_route_table.elasticache",
            "module.vpc.module.vpc.aws_route_table.intra",
            "module.vpc.module.vpc.aws_route_table.private",
            "module.vpc.module.vpc.aws_route_table.public",
            "module.vpc.module.vpc.aws_route_table.redshift",
            "module.vpc.module.vpc.aws_route_table_association.database",
            "module.vpc.module.vpc.aws_route_table_association.elasticache",
            "module.vpc.module.vpc.aws_route_table_association.intra",
            "module.vpc.module.vpc.aws_route_table_association.outpost",
            "module.vpc.module.vpc.aws_route_table_association.private",
            "module.vpc.module.vpc.aws_route_table_association.public",
            "module.vpc.module.vpc.aws_route_table_association.redshift",
            "module.vpc.module.vpc.aws_route_table_association.redshift_public",
            "module.vpc.module.vpc.aws_subnet.database",
            "module.vpc.module.vpc.aws_subnet.elasticache",
            "module.vpc.module.vpc.aws_subnet.intra",
            "module.vpc.module.vpc.aws_subnet.outpost",
            "module.vpc.module.vpc.aws_subnet.private",
            "module.vpc.module.vpc.aws_subnet.public",
            "module.vpc.module.vpc.aws_subnet.redshift",
            "module.vpc.module.vpc.aws_vpc.this",
            "module.vpc.module.vpc.aws_vpc_dhcp_options.this",
            "module.vpc.module.vpc.aws_vpc_dhcp_options_association.this",
            "module.vpc.module.vpc.aws_vpc_ipv4_cidr_block_association.this",
            "module.vpc.module.vpc.aws_vpn_gateway.this",
            "module.vpc.module.vpc.aws_vpn_gateway_attachment.this",
            "module.vpc.module.vpc.aws_vpn_gateway_route_propagation.intra",
            "module.vpc.module.vpc.aws_vpn_gateway_route_propagation.private",
            "module.vpc.module.vpc.aws_vpn_gateway_route_propagation.public",
            "module.vpc.module.vpc.data.aws_caller_identity.current",
            "module.vpc.module.vpc.data.aws_iam_policy_document.flow_log_cloudwatch_assume_role",
            "module.vpc.module.vpc.data.aws_iam_policy_document.vpc_flow_log_cloudwatch",
            "module.vpc.module.vpc.data.aws_partition.current",
            "module.vpc.module.vpc.data.aws_region.current"
          ],
          "create_before_destroy": true
        }
      ]
    },
    {
      "module": "module.eks-cluster.module.eks",
      "mode": "managed",
      "type": "aws_security_group",
      "name": "cluster",
      "provider": "provider[\"registry.terraform.io/hashicorp/aws\"]",
      "instances": [
        {
          "index_key": 0,
          "schema_version": 1,
          "attributes": {
            "arn": "arn:aws:ec2:eu-central-1:208409385559:security-group/sg-02953f19dfb32bc22",
            "description": "EKS cluster security group",
            "egress": [],
            "id": "sg-02953f19dfb32bc22",
            "ingress": [],
            "name": "ARRK-eks-app-cluster-20240826055811453500000004",
            "name_prefix": "ARRK-eks-app-cluster-",
            "owner_id": "208409385559",
            "revoke_rules_on_delete": false,
            "tags": {
              "Name": "ARRK-eks-app-cluster"
            },
            "tags_all": {
              "Name": "ARRK-eks-app-cluster"
            },
            "timeouts": null,
            "vpc_id": "vpc-063c359d1c04a6215"
          },
          "sensitive_attributes": [],
          "private": "eyJlMmJmYjczMC1lY2FhLTExZTYtOGY4OC0zNDM2M2JjN2M0YzAiOnsiY3JlYXRlIjo2MDAwMDAwMDAwMDAsImRlbGV0ZSI6OTAwMDAwMDAwMDAwfSwic2NoZW1hX3ZlcnNpb24iOiIxIn0=",
          "dependencies": [
            "module.vpc.module.vpc.aws_cloudwatch_log_group.flow_log",
            "module.vpc.module.vpc.aws_customer_gateway.this",
            "module.vpc.module.vpc.aws_db_subnet_group.database",
            "module.vpc.module.vpc.aws_default_network_acl.this",
            "module.vpc.module.vpc.aws_default_route_table.default",
            "module.vpc.module.vpc.aws_default_security_group.this",
            "module.vpc.module.vpc.aws_default_vpc.this",
            "module.vpc.module.vpc.aws_egress_only_internet_gateway.this",
            "module.vpc.module.vpc.aws_eip.nat",
            "module.vpc.module.vpc.aws_elasticache_subnet_group.elasticache",
            "module.vpc.module.vpc.aws_flow_log.this",
            "module.vpc.module.vpc.aws_iam_policy.vpc_flow_log_cloudwatch",
            "module.vpc.module.vpc.aws_iam_role.vpc_flow_log_cloudwatch",
            "module.vpc.module.vpc.aws_iam_role_policy_attachment.vpc_flow_log_cloudwatch",
            "module.vpc.module.vpc.aws_internet_gateway.this",
            "module.vpc.module.vpc.aws_nat_gateway.this",
            "module.vpc.module.vpc.aws_network_acl.database",
            "module.vpc.module.vpc.aws_network_acl.elasticache",
            "module.vpc.module.vpc.aws_network_acl.intra",
            "module.vpc.module.vpc.aws_network_acl.outpost",
            "module.vpc.module.vpc.aws_network_acl.private",
            "module.vpc.module.vpc.aws_network_acl.public",
            "module.vpc.module.vpc.aws_network_acl.redshift",
            "module.vpc.module.vpc.aws_network_acl_rule.database_inbound",
            "module.vpc.module.vpc.aws_network_acl_rule.database_outbound",
            "module.vpc.module.vpc.aws_network_acl_rule.elasticache_inbound",
            "module.vpc.module.vpc.aws_network_acl_rule.elasticache_outbound",
            "module.vpc.module.vpc.aws_network_acl_rule.intra_inbound",
            "module.vpc.module.vpc.aws_network_acl_rule.intra_outbound",
            "module.vpc.module.vpc.aws_network_acl_rule.outpost_inbound",
            "module.vpc.module.vpc.aws_network_acl_rule.outpost_outbound",
            "module.vpc.module.vpc.aws_network_acl_rule.private_inbound",
            "module.vpc.module.vpc.aws_network_acl_rule.private_outbound",
            "module.vpc.module.vpc.aws_network_acl_rule.public_inbound",
            "module.vpc.module.vpc.aws_network_acl_rule.public_outbound",
            "module.vpc.module.vpc.aws_network_acl_rule.redshift_inbound",
            "module.vpc.module.vpc.aws_network_acl_rule.redshift_outbound",
            "module.vpc.module.vpc.aws_redshift_subnet_group.redshift",
            "module.vpc.module.vpc.aws_route.database_dns64_nat_gateway",
            "module.vpc.module.vpc.aws_route.database_internet_gateway",
            "module.vpc.module.vpc.aws_route.database_ipv6_egress",
            "module.vpc.module.vpc.aws_route.database_nat_gateway",
            "module.vpc.module.vpc.aws_route.private_dns64_nat_gateway",
            "module.vpc.module.vpc.aws_route.private_ipv6_egress",
            "module.vpc.module.vpc.aws_route.private_nat_gateway",
            "module.vpc.module.vpc.aws_route.public_internet_gateway",
            "module.vpc.module.vpc.aws_route.public_internet_gateway_ipv6",
            "module.vpc.module.vpc.aws_route_table.database",
            "module.vpc.module.vpc.aws_route_table.elasticache",
            "module.vpc.module.vpc.aws_route_table.intra",
            "module.vpc.module.vpc.aws_route_table.private",
            "module.vpc.module.vpc.aws_route_table.public",
            "module.vpc.module.vpc.aws_route_table.redshift",
            "module.vpc.module.vpc.aws_route_table_association.database",
            "module.vpc.module.vpc.aws_route_table_association.elasticache",
            "module.vpc.module.vpc.aws_route_table_association.intra",
            "module.vpc.module.vpc.aws_route_table_association.outpost",
            "module.vpc.module.vpc.aws_route_table_association.private",
            "module.vpc.module.vpc.aws_route_table_association.public",
            "module.vpc.module.vpc.aws_route_table_association.redshift",
            "module.vpc.module.vpc.aws_route_table_association.redshift_public",
            "module.vpc.module.vpc.aws_subnet.database",
            "module.vpc.module.vpc.aws_subnet.elasticache",
            "module.vpc.module.vpc.aws_subnet.intra",
            "module.vpc.module.vpc.aws_subnet.outpost",
            "module.vpc.module.vpc.aws_subnet.private",
            "module.vpc.module.vpc.aws_subnet.public",
            "module.vpc.module.vpc.aws_subnet.redshift",
            "module.vpc.module.vpc.aws_vpc.this",
            "module.vpc.module.vpc.aws_vpc_dhcp_options.this",
            "module.vpc.module.vpc.aws_vpc_dhcp_options_association.this",
            "module.vpc.module.vpc.aws_vpc_ipv4_cidr_block_association.this",
            "module.vpc.module.vpc.aws_vpn_gateway.this",
            "module.vpc.module.vpc.aws_vpn_gateway_attachment.this",
            "module.vpc.module.vpc.aws_vpn_gateway_route_propagation.intra",
            "module.vpc.module.vpc.aws_vpn_gateway_route_propagation.private",
            "module.vpc.module.vpc.aws_vpn_gateway_route_propagation.public",
            "module.vpc.module.vpc.data.aws_caller_identity.current",
            "module.vpc.module.vpc.data.aws_iam_policy_document.flow_log_cloudwatch_assume_role",
            "module.vpc.module.vpc.data.aws_iam_policy_document.vpc_flow_log_cloudwatch",
            "module.vpc.module.vpc.data.aws_partition.current",
            "module.vpc.module.vpc.data.aws_region.current"
          ],
          "create_before_destroy": true
        }
      ]
    },
    {
      "module": "module.eks-cluster.module.eks",
      "mode": "managed",
      "type": "aws_security_group",
      "name": "node",
      "provider": "provider[\"registry.terraform.io/hashicorp/aws\"]",
      "instances": [
        {
          "index_key": 0,
          "schema_version": 1,
          "attributes": {
            "arn": "arn:aws:ec2:eu-central-1:208409385559:security-group/sg-0ddcee49b5c30d15b",
            "description": "EKS node shared security group",
            "egress": [],
            "id": "sg-0ddcee49b5c30d15b",
            "ingress": [],
            "name": "ARRK-eks-app-node-20240826055811453500000005",
            "name_prefix": "ARRK-eks-app-node-",
            "owner_id": "208409385559",
            "revoke_rules_on_delete": false,
            "tags": {
              "Name": "ARRK-eks-app-node",
              "kubernetes.io/cluster/ARRK-eks-app": "owned"
            },
            "tags_all": {
              "Name": "ARRK-eks-app-node",
              "kubernetes.io/cluster/ARRK-eks-app": "owned"
            },
            "timeouts": null,
            "vpc_id": "vpc-063c359d1c04a6215"
          },
          "sensitive_attributes": [],
          "private": "eyJlMmJmYjczMC1lY2FhLTExZTYtOGY4OC0zNDM2M2JjN2M0YzAiOnsiY3JlYXRlIjo2MDAwMDAwMDAwMDAsImRlbGV0ZSI6OTAwMDAwMDAwMDAwfSwic2NoZW1hX3ZlcnNpb24iOiIxIn0=",
          "dependencies": [
            "module.vpc.module.vpc.aws_cloudwatch_log_group.flow_log",
            "module.vpc.module.vpc.aws_customer_gateway.this",
            "module.vpc.module.vpc.aws_db_subnet_group.database",
            "module.vpc.module.vpc.aws_default_network_acl.this",
            "module.vpc.module.vpc.aws_default_route_table.default",
            "module.vpc.module.vpc.aws_default_security_group.this",
            "module.vpc.module.vpc.aws_default_vpc.this",
            "module.vpc.module.vpc.aws_egress_only_internet_gateway.this",
            "module.vpc.module.vpc.aws_eip.nat",
            "module.vpc.module.vpc.aws_elasticache_subnet_group.elasticache",
            "module.vpc.module.vpc.aws_flow_log.this",
            "module.vpc.module.vpc.aws_iam_policy.vpc_flow_log_cloudwatch",
            "module.vpc.module.vpc.aws_iam_role.vpc_flow_log_cloudwatch",
            "module.vpc.module.vpc.aws_iam_role_policy_attachment.vpc_flow_log_cloudwatch",
            "module.vpc.module.vpc.aws_internet_gateway.this",
            "module.vpc.module.vpc.aws_nat_gateway.this",
            "module.vpc.module.vpc.aws_network_acl.database",
            "module.vpc.module.vpc.aws_network_acl.elasticache",
            "module.vpc.module.vpc.aws_network_acl.intra",
            "module.vpc.module.vpc.aws_network_acl.outpost",
            "module.vpc.module.vpc.aws_network_acl.private",
            "module.vpc.module.vpc.aws_network_acl.public",
            "module.vpc.module.vpc.aws_network_acl.redshift",
            "module.vpc.module.vpc.aws_network_acl_rule.database_inbound",
            "module.vpc.module.vpc.aws_network_acl_rule.database_outbound",
            "module.vpc.module.vpc.aws_network_acl_rule.elasticache_inbound",
            "module.vpc.module.vpc.aws_network_acl_rule.elasticache_outbound",
            "module.vpc.module.vpc.aws_network_acl_rule.intra_inbound",
            "module.vpc.module.vpc.aws_network_acl_rule.intra_outbound",
            "module.vpc.module.vpc.aws_network_acl_rule.outpost_inbound",
            "module.vpc.module.vpc.aws_network_acl_rule.outpost_outbound",
            "module.vpc.module.vpc.aws_network_acl_rule.private_inbound",
            "module.vpc.module.vpc.aws_network_acl_rule.private_outbound",
            "module.vpc.module.vpc.aws_network_acl_rule.public_inbound",
            "module.vpc.module.vpc.aws_network_acl_rule.public_outbound",
            "module.vpc.module.vpc.aws_network_acl_rule.redshift_inbound",
            "module.vpc.module.vpc.aws_network_acl_rule.redshift_outbound",
            "module.vpc.module.vpc.aws_redshift_subnet_group.redshift",
            "module.vpc.module.vpc.aws_route.database_dns64_nat_gateway",
            "module.vpc.module.vpc.aws_route.database_internet_gateway",
            "module.vpc.module.vpc.aws_route.database_ipv6_egress",
            "module.vpc.module.vpc.aws_route.database_nat_gateway",
            "module.vpc.module.vpc.aws_route.private_dns64_nat_gateway",
            "module.vpc.module.vpc.aws_route.private_ipv6_egress",
            "module.vpc.module.vpc.aws_route.private_nat_gateway",
            "module.vpc.module.vpc.aws_route.public_internet_gateway",
            "module.vpc.module.vpc.aws_route.public_internet_gateway_ipv6",
            "module.vpc.module.vpc.aws_route_table.database",
            "module.vpc.module.vpc.aws_route_table.elasticache",
            "module.vpc.module.vpc.aws_route_table.intra",
            "module.vpc.module.vpc.aws_route_table.private",
            "module.vpc.module.vpc.aws_route_table.public",
            "module.vpc.module.vpc.aws_route_table.redshift",
            "module.vpc.module.vpc.aws_route_table_association.database",
            "module.vpc.module.vpc.aws_route_table_association.elasticache",
            "module.vpc.module.vpc.aws_route_table_association.intra",
            "module.vpc.module.vpc.aws_route_table_association.outpost",
            "module.vpc.module.vpc.aws_route_table_association.private",
            "module.vpc.module.vpc.aws_route_table_association.public",
            "module.vpc.module.vpc.aws_route_table_association.redshift",
            "module.vpc.module.vpc.aws_route_table_association.redshift_public",
            "module.vpc.module.vpc.aws_subnet.database",
            "module.vpc.module.vpc.aws_subnet.elasticache",
            "module.vpc.module.vpc.aws_subnet.intra",
            "module.vpc.module.vpc.aws_subnet.outpost",
            "module.vpc.module.vpc.aws_subnet.private",
            "module.vpc.module.vpc.aws_subnet.public",
            "module.vpc.module.vpc.aws_subnet.redshift",
            "module.vpc.module.vpc.aws_vpc.this",
            "module.vpc.module.vpc.aws_vpc_dhcp_options.this",
            "module.vpc.module.vpc.aws_vpc_dhcp_options_association.this",
            "module.vpc.module.vpc.aws_vpc_ipv4_cidr_block_association.this",
            "module.vpc.module.vpc.aws_vpn_gateway.this",
            "module.vpc.module.vpc.aws_vpn_gateway_attachment.this",
            "module.vpc.module.vpc.aws_vpn_gateway_route_propagation.intra",
            "module.vpc.module.vpc.aws_vpn_gateway_route_propagation.private",
            "module.vpc.module.vpc.aws_vpn_gateway_route_propagation.public",
            "module.vpc.module.vpc.data.aws_caller_identity.current",
            "module.vpc.module.vpc.data.aws_iam_policy_document.flow_log_cloudwatch_assume_role",
            "module.vpc.module.vpc.data.aws_iam_policy_document.vpc_flow_log_cloudwatch",
            "module.vpc.module.vpc.data.aws_partition.current",
            "module.vpc.module.vpc.data.aws_region.current"
          ],
          "create_before_destroy": true
        }
      ]
    },
    {
      "module": "module.eks-cluster.module.eks",
      "mode": "managed",
      "type": "aws_security_group_rule",
      "name": "cluster",
      "provider": "provider[\"registry.terraform.io/hashicorp/aws\"]",
      "instances": [
        {
          "index_key": "ingress_nodes_443",
          "schema_version": 2,
          "attributes": {
            "cidr_blocks": null,
            "description": "Node groups to cluster API",
            "from_port": 443,
            "id": "sgrule-1132329248",
            "ipv6_cidr_blocks": null,
            "prefix_list_ids": null,
            "protocol": "tcp",
            "security_group_id": "sg-02953f19dfb32bc22",
            "security_group_rule_id": "sgr-0b9f77f7b9f6e1b95",
            "self": false,
            "source_security_group_id": "sg-0ddcee49b5c30d15b",
            "timeouts": null,
            "to_port": 443,
            "type": "ingress"
          },
          "sensitive_attributes": [],
          "private": "eyJlMmJmYjczMC1lY2FhLTExZTYtOGY4OC0zNDM2M2JjN2M0YzAiOnsiY3JlYXRlIjozMDAwMDAwMDAwMDB9LCJzY2hlbWFfdmVyc2lvbiI6IjIifQ==",
          "dependencies": [
            "module.eks-cluster.module.eks.aws_security_group.cluster",
            "module.eks-cluster.module.eks.aws_security_group.node",
            "module.vpc.module.vpc.aws_cloudwatch_log_group.flow_log",
            "module.vpc.module.vpc.aws_customer_gateway.this",
            "module.vpc.module.vpc.aws_db_subnet_group.database",
            "module.vpc.module.vpc.aws_default_network_acl.this",
            "module.vpc.module.vpc.aws_default_route_table.default",
            "module.vpc.module.vpc.aws_default_security_group.this",
            "module.vpc.module.vpc.aws_default_vpc.this",
            "module.vpc.module.vpc.aws_egress_only_internet_gateway.this",
            "module.vpc.module.vpc.aws_eip.nat",
            "module.vpc.module.vpc.aws_elasticache_subnet_group.elasticache",
            "module.vpc.module.vpc.aws_flow_log.this",
            "module.vpc.module.vpc.aws_iam_policy.vpc_flow_log_cloudwatch",
            "module.vpc.module.vpc.aws_iam_role.vpc_flow_log_cloudwatch",
            "module.vpc.module.vpc.aws_iam_role_policy_attachment.vpc_flow_log_cloudwatch",
            "module.vpc.module.vpc.aws_internet_gateway.this",
            "module.vpc.module.vpc.aws_nat_gateway.this",
            "module.vpc.module.vpc.aws_network_acl.database",
            "module.vpc.module.vpc.aws_network_acl.elasticache",
            "module.vpc.module.vpc.aws_network_acl.intra",
            "module.vpc.module.vpc.aws_network_acl.outpost",
            "module.vpc.module.vpc.aws_network_acl.private",
            "module.vpc.module.vpc.aws_network_acl.public",
            "module.vpc.module.vpc.aws_network_acl.redshift",
            "module.vpc.module.vpc.aws_network_acl_rule.database_inbound",
            "module.vpc.module.vpc.aws_network_acl_rule.database_outbound",
            "module.vpc.module.vpc.aws_network_acl_rule.elasticache_inbound",
            "module.vpc.module.vpc.aws_network_acl_rule.elasticache_outbound",
            "module.vpc.module.vpc.aws_network_acl_rule.intra_inbound",
            "module.vpc.module.vpc.aws_network_acl_rule.intra_outbound",
            "module.vpc.module.vpc.aws_network_acl_rule.outpost_inbound",
            "module.vpc.module.vpc.aws_network_acl_rule.outpost_outbound",
            "module.vpc.module.vpc.aws_network_acl_rule.private_inbound",
            "module.vpc.module.vpc.aws_network_acl_rule.private_outbound",
            "module.vpc.module.vpc.aws_network_acl_rule.public_inbound",
            "module.vpc.module.vpc.aws_network_acl_rule.public_outbound",
            "module.vpc.module.vpc.aws_network_acl_rule.redshift_inbound",
            "module.vpc.module.vpc.aws_network_acl_rule.redshift_outbound",
            "module.vpc.module.vpc.aws_redshift_subnet_group.redshift",
            "module.vpc.module.vpc.aws_route.database_dns64_nat_gateway",
            "module.vpc.module.vpc.aws_route.database_internet_gateway",
            "module.vpc.module.vpc.aws_route.database_ipv6_egress",
            "module.vpc.module.vpc.aws_route.database_nat_gateway",
            "module.vpc.module.vpc.aws_route.private_dns64_nat_gateway",
            "module.vpc.module.vpc.aws_route.private_ipv6_egress",
            "module.vpc.module.vpc.aws_route.private_nat_gateway",
            "module.vpc.module.vpc.aws_route.public_internet_gateway",
            "module.vpc.module.vpc.aws_route.public_internet_gateway_ipv6",
            "module.vpc.module.vpc.aws_route_table.database",
            "module.vpc.module.vpc.aws_route_table.elasticache",
            "module.vpc.module.vpc.aws_route_table.intra",
            "module.vpc.module.vpc.aws_route_table.private",
            "module.vpc.module.vpc.aws_route_table.public",
            "module.vpc.module.vpc.aws_route_table.redshift",
            "module.vpc.module.vpc.aws_route_table_association.database",
            "module.vpc.module.vpc.aws_route_table_association.elasticache",
            "module.vpc.module.vpc.aws_route_table_association.intra",
            "module.vpc.module.vpc.aws_route_table_association.outpost",
            "module.vpc.module.vpc.aws_route_table_association.private",
            "module.vpc.module.vpc.aws_route_table_association.public",
            "module.vpc.module.vpc.aws_route_table_association.redshift",
            "module.vpc.module.vpc.aws_route_table_association.redshift_public",
            "module.vpc.module.vpc.aws_subnet.database",
            "module.vpc.module.vpc.aws_subnet.elasticache",
            "module.vpc.module.vpc.aws_subnet.intra",
            "module.vpc.module.vpc.aws_subnet.outpost",
            "module.vpc.module.vpc.aws_subnet.private",
            "module.vpc.module.vpc.aws_subnet.public",
            "module.vpc.module.vpc.aws_subnet.redshift",
            "module.vpc.module.vpc.aws_vpc.this",
            "module.vpc.module.vpc.aws_vpc_dhcp_options.this",
            "module.vpc.module.vpc.aws_vpc_dhcp_options_association.this",
            "module.vpc.module.vpc.aws_vpc_ipv4_cidr_block_association.this",
            "module.vpc.module.vpc.aws_vpn_gateway.this",
            "module.vpc.module.vpc.aws_vpn_gateway_attachment.this",
            "module.vpc.module.vpc.aws_vpn_gateway_route_propagation.intra",
            "module.vpc.module.vpc.aws_vpn_gateway_route_propagation.private",
            "module.vpc.module.vpc.aws_vpn_gateway_route_propagation.public",
            "module.vpc.module.vpc.data.aws_caller_identity.current",
            "module.vpc.module.vpc.data.aws_iam_policy_document.flow_log_cloudwatch_assume_role",
            "module.vpc.module.vpc.data.aws_iam_policy_document.vpc_flow_log_cloudwatch",
            "module.vpc.module.vpc.data.aws_partition.current",
            "module.vpc.module.vpc.data.aws_region.current"
          ],
          "create_before_destroy": true
        }
      ]
    },
    {
      "module": "module.eks-cluster.module.eks",
      "mode": "managed",
      "type": "aws_security_group_rule",
      "name": "node",
      "provider": "provider[\"registry.terraform.io/hashicorp/aws\"]",
      "instances": [
        {
          "index_key": "egress_all",
          "schema_version": 2,
          "attributes": {
            "cidr_blocks": [
              "0.0.0.0/0"
            ],
            "description": "Allow all egress",
            "from_port": 0,
            "id": "sgrule-3172878098",
            "ipv6_cidr_blocks": null,
            "prefix_list_ids": [],
            "protocol": "-1",
            "security_group_id": "sg-0ddcee49b5c30d15b",
            "security_group_rule_id": "sgr-0bdc4c90ce52704b6",
            "self": false,
            "source_security_group_id": null,
            "timeouts": null,
            "to_port": 0,
            "type": "egress"
          },
          "sensitive_attributes": [],
          "private": "eyJlMmJmYjczMC1lY2FhLTExZTYtOGY4OC0zNDM2M2JjN2M0YzAiOnsiY3JlYXRlIjozMDAwMDAwMDAwMDB9LCJzY2hlbWFfdmVyc2lvbiI6IjIifQ==",
          "dependencies": [
            "module.eks-cluster.module.eks.aws_security_group.cluster",
            "module.eks-cluster.module.eks.aws_security_group.node",
            "module.vpc.module.vpc.aws_cloudwatch_log_group.flow_log",
            "module.vpc.module.vpc.aws_customer_gateway.this",
            "module.vpc.module.vpc.aws_db_subnet_group.database",
            "module.vpc.module.vpc.aws_default_network_acl.this",
            "module.vpc.module.vpc.aws_default_route_table.default",
            "module.vpc.module.vpc.aws_default_security_group.this",
            "module.vpc.module.vpc.aws_default_vpc.this",
            "module.vpc.module.vpc.aws_egress_only_internet_gateway.this",
            "module.vpc.module.vpc.aws_eip.nat",
            "module.vpc.module.vpc.aws_elasticache_subnet_group.elasticache",
            "module.vpc.module.vpc.aws_flow_log.this",
            "module.vpc.module.vpc.aws_iam_policy.vpc_flow_log_cloudwatch",
            "module.vpc.module.vpc.aws_iam_role.vpc_flow_log_cloudwatch",
            "module.vpc.module.vpc.aws_iam_role_policy_attachment.vpc_flow_log_cloudwatch",
            "module.vpc.module.vpc.aws_internet_gateway.this",
            "module.vpc.module.vpc.aws_nat_gateway.this",
            "module.vpc.module.vpc.aws_network_acl.database",
            "module.vpc.module.vpc.aws_network_acl.elasticache",
            "module.vpc.module.vpc.aws_network_acl.intra",
            "module.vpc.module.vpc.aws_network_acl.outpost",
            "module.vpc.module.vpc.aws_network_acl.private",
            "module.vpc.module.vpc.aws_network_acl.public",
            "module.vpc.module.vpc.aws_network_acl.redshift",
            "module.vpc.module.vpc.aws_network_acl_rule.database_inbound",
            "module.vpc.module.vpc.aws_network_acl_rule.database_outbound",
            "module.vpc.module.vpc.aws_network_acl_rule.elasticache_inbound",
            "module.vpc.module.vpc.aws_network_acl_rule.elasticache_outbound",
            "module.vpc.module.vpc.aws_network_acl_rule.intra_inbound",
            "module.vpc.module.vpc.aws_network_acl_rule.intra_outbound",
            "module.vpc.module.vpc.aws_network_acl_rule.outpost_inbound",
            "module.vpc.module.vpc.aws_network_acl_rule.outpost_outbound",
            "module.vpc.module.vpc.aws_network_acl_rule.private_inbound",
            "module.vpc.module.vpc.aws_network_acl_rule.private_outbound",
            "module.vpc.module.vpc.aws_network_acl_rule.public_inbound",
            "module.vpc.module.vpc.aws_network_acl_rule.public_outbound",
            "module.vpc.module.vpc.aws_network_acl_rule.redshift_inbound",
            "module.vpc.module.vpc.aws_network_acl_rule.redshift_outbound",
            "module.vpc.module.vpc.aws_redshift_subnet_group.redshift",
            "module.vpc.module.vpc.aws_route.database_dns64_nat_gateway",
            "module.vpc.module.vpc.aws_route.database_internet_gateway",
            "module.vpc.module.vpc.aws_route.database_ipv6_egress",
            "module.vpc.module.vpc.aws_route.database_nat_gateway",
            "module.vpc.module.vpc.aws_route.private_dns64_nat_gateway",
            "module.vpc.module.vpc.aws_route.private_ipv6_egress",
            "module.vpc.module.vpc.aws_route.private_nat_gateway",
            "module.vpc.module.vpc.aws_route.public_internet_gateway",
            "module.vpc.module.vpc.aws_route.public_internet_gateway_ipv6",
            "module.vpc.module.vpc.aws_route_table.database",
            "module.vpc.module.vpc.aws_route_table.elasticache",
            "module.vpc.module.vpc.aws_route_table.intra",
            "module.vpc.module.vpc.aws_route_table.private",
            "module.vpc.module.vpc.aws_route_table.public",
            "module.vpc.module.vpc.aws_route_table.redshift",
            "module.vpc.module.vpc.aws_route_table_association.database",
            "module.vpc.module.vpc.aws_route_table_association.elasticache",
            "module.vpc.module.vpc.aws_route_table_association.intra",
            "module.vpc.module.vpc.aws_route_table_association.outpost",
            "module.vpc.module.vpc.aws_route_table_association.private",
            "module.vpc.module.vpc.aws_route_table_association.public",
            "module.vpc.module.vpc.aws_route_table_association.redshift",
            "module.vpc.module.vpc.aws_route_table_association.redshift_public",
            "module.vpc.module.vpc.aws_subnet.database",
            "module.vpc.module.vpc.aws_subnet.elasticache",
            "module.vpc.module.vpc.aws_subnet.intra",
            "module.vpc.module.vpc.aws_subnet.outpost",
            "module.vpc.module.vpc.aws_subnet.private",
            "module.vpc.module.vpc.aws_subnet.public",
            "module.vpc.module.vpc.aws_subnet.redshift",
            "module.vpc.module.vpc.aws_vpc.this",
            "module.vpc.module.vpc.aws_vpc_dhcp_options.this",
            "module.vpc.module.vpc.aws_vpc_dhcp_options_association.this",
            "module.vpc.module.vpc.aws_vpc_ipv4_cidr_block_association.this",
            "module.vpc.module.vpc.aws_vpn_gateway.this",
            "module.vpc.module.vpc.aws_vpn_gateway_attachment.this",
            "module.vpc.module.vpc.aws_vpn_gateway_route_propagation.intra",
            "module.vpc.module.vpc.aws_vpn_gateway_route_propagation.private",
            "module.vpc.module.vpc.aws_vpn_gateway_route_propagation.public",
            "module.vpc.module.vpc.data.aws_caller_identity.current",
            "module.vpc.module.vpc.data.aws_iam_policy_document.flow_log_cloudwatch_assume_role",
            "module.vpc.module.vpc.data.aws_iam_policy_document.vpc_flow_log_cloudwatch",
            "module.vpc.module.vpc.data.aws_partition.current",
            "module.vpc.module.vpc.data.aws_region.current"
          ],
          "create_before_destroy": true
        },
        {
          "index_key": "ingress_cluster_443",
          "schema_version": 2,
          "attributes": {
            "cidr_blocks": null,
            "description": "Cluster API to node groups",
            "from_port": 443,
            "id": "sgrule-593320586",
            "ipv6_cidr_blocks": null,
            "prefix_list_ids": [],
            "protocol": "tcp",
            "security_group_id": "sg-0ddcee49b5c30d15b",
            "security_group_rule_id": "sgr-05432d71a25cd4e19",
            "self": false,
            "source_security_group_id": "sg-02953f19dfb32bc22",
            "timeouts": null,
            "to_port": 443,
            "type": "ingress"
          },
          "sensitive_attributes": [],
          "private": "eyJlMmJmYjczMC1lY2FhLTExZTYtOGY4OC0zNDM2M2JjN2M0YzAiOnsiY3JlYXRlIjozMDAwMDAwMDAwMDB9LCJzY2hlbWFfdmVyc2lvbiI6IjIifQ==",
          "dependencies": [
            "module.eks-cluster.module.eks.aws_security_group.cluster",
            "module.eks-cluster.module.eks.aws_security_group.node",
            "module.vpc.module.vpc.aws_cloudwatch_log_group.flow_log",
            "module.vpc.module.vpc.aws_customer_gateway.this",
            "module.vpc.module.vpc.aws_db_subnet_group.database",
            "module.vpc.module.vpc.aws_default_network_acl.this",
            "module.vpc.module.vpc.aws_default_route_table.default",
            "module.vpc.module.vpc.aws_default_security_group.this",
            "module.vpc.module.vpc.aws_default_vpc.this",
            "module.vpc.module.vpc.aws_egress_only_internet_gateway.this",
            "module.vpc.module.vpc.aws_eip.nat",
            "module.vpc.module.vpc.aws_elasticache_subnet_group.elasticache",
            "module.vpc.module.vpc.aws_flow_log.this",
            "module.vpc.module.vpc.aws_iam_policy.vpc_flow_log_cloudwatch",
            "module.vpc.module.vpc.aws_iam_role.vpc_flow_log_cloudwatch",
            "module.vpc.module.vpc.aws_iam_role_policy_attachment.vpc_flow_log_cloudwatch",
            "module.vpc.module.vpc.aws_internet_gateway.this",
            "module.vpc.module.vpc.aws_nat_gateway.this",
            "module.vpc.module.vpc.aws_network_acl.database",
            "module.vpc.module.vpc.aws_network_acl.elasticache",
            "module.vpc.module.vpc.aws_network_acl.intra",
            "module.vpc.module.vpc.aws_network_acl.outpost",
            "module.vpc.module.vpc.aws_network_acl.private",
            "module.vpc.module.vpc.aws_network_acl.public",
            "module.vpc.module.vpc.aws_network_acl.redshift",
            "module.vpc.module.vpc.aws_network_acl_rule.database_inbound",
            "module.vpc.module.vpc.aws_network_acl_rule.database_outbound",
            "module.vpc.module.vpc.aws_network_acl_rule.elasticache_inbound",
            "module.vpc.module.vpc.aws_network_acl_rule.elasticache_outbound",
            "module.vpc.module.vpc.aws_network_acl_rule.intra_inbound",
            "module.vpc.module.vpc.aws_network_acl_rule.intra_outbound",
            "module.vpc.module.vpc.aws_network_acl_rule.outpost_inbound",
            "module.vpc.module.vpc.aws_network_acl_rule.outpost_outbound",
            "module.vpc.module.vpc.aws_network_acl_rule.private_inbound",
            "module.vpc.module.vpc.aws_network_acl_rule.private_outbound",
            "module.vpc.module.vpc.aws_network_acl_rule.public_inbound",
            "module.vpc.module.vpc.aws_network_acl_rule.public_outbound",
            "module.vpc.module.vpc.aws_network_acl_rule.redshift_inbound",
            "module.vpc.module.vpc.aws_network_acl_rule.redshift_outbound",
            "module.vpc.module.vpc.aws_redshift_subnet_group.redshift",
            "module.vpc.module.vpc.aws_route.database_dns64_nat_gateway",
            "module.vpc.module.vpc.aws_route.database_internet_gateway",
            "module.vpc.module.vpc.aws_route.database_ipv6_egress",
            "module.vpc.module.vpc.aws_route.database_nat_gateway",
            "module.vpc.module.vpc.aws_route.private_dns64_nat_gateway",
            "module.vpc.module.vpc.aws_route.private_ipv6_egress",
            "module.vpc.module.vpc.aws_route.private_nat_gateway",
            "module.vpc.module.vpc.aws_route.public_internet_gateway",
            "module.vpc.module.vpc.aws_route.public_internet_gateway_ipv6",
            "module.vpc.module.vpc.aws_route_table.database",
            "module.vpc.module.vpc.aws_route_table.elasticache",
            "module.vpc.module.vpc.aws_route_table.intra",
            "module.vpc.module.vpc.aws_route_table.private",
            "module.vpc.module.vpc.aws_route_table.public",
            "module.vpc.module.vpc.aws_route_table.redshift",
            "module.vpc.module.vpc.aws_route_table_association.database",
            "module.vpc.module.vpc.aws_route_table_association.elasticache",
            "module.vpc.module.vpc.aws_route_table_association.intra",
            "module.vpc.module.vpc.aws_route_table_association.outpost",
            "module.vpc.module.vpc.aws_route_table_association.private",
            "module.vpc.module.vpc.aws_route_table_association.public",
            "module.vpc.module.vpc.aws_route_table_association.redshift",
            "module.vpc.module.vpc.aws_route_table_association.redshift_public",
            "module.vpc.module.vpc.aws_subnet.database",
            "module.vpc.module.vpc.aws_subnet.elasticache",
            "module.vpc.module.vpc.aws_subnet.intra",
            "module.vpc.module.vpc.aws_subnet.outpost",
            "module.vpc.module.vpc.aws_subnet.private",
            "module.vpc.module.vpc.aws_subnet.public",
            "module.vpc.module.vpc.aws_subnet.redshift",
            "module.vpc.module.vpc.aws_vpc.this",
            "module.vpc.module.vpc.aws_vpc_dhcp_options.this",
            "module.vpc.module.vpc.aws_vpc_dhcp_options_association.this",
            "module.vpc.module.vpc.aws_vpc_ipv4_cidr_block_association.this",
            "module.vpc.module.vpc.aws_vpn_gateway.this",
            "module.vpc.module.vpc.aws_vpn_gateway_attachment.this",
            "module.vpc.module.vpc.aws_vpn_gateway_route_propagation.intra",
            "module.vpc.module.vpc.aws_vpn_gateway_route_propagation.private",
            "module.vpc.module.vpc.aws_vpn_gateway_route_propagation.public",
            "module.vpc.module.vpc.data.aws_caller_identity.current",
            "module.vpc.module.vpc.data.aws_iam_policy_document.flow_log_cloudwatch_assume_role",
            "module.vpc.module.vpc.data.aws_iam_policy_document.vpc_flow_log_cloudwatch",
            "module.vpc.module.vpc.data.aws_partition.current",
            "module.vpc.module.vpc.data.aws_region.current"
          ],
          "create_before_destroy": true
        },
        {
          "index_key": "ingress_cluster_4443_webhook",
          "schema_version": 2,
          "attributes": {
            "cidr_blocks": null,
            "description": "Cluster API to node 4443/tcp webhook",
            "from_port": 4443,
            "id": "sgrule-3823034313",
            "ipv6_cidr_blocks": null,
            "prefix_list_ids": [],
            "protocol": "tcp",
            "security_group_id": "sg-0ddcee49b5c30d15b",
            "security_group_rule_id": "sgr-09242ce91233bb43b",
            "self": false,
            "source_security_group_id": "sg-02953f19dfb32bc22",
            "timeouts": null,
            "to_port": 4443,
            "type": "ingress"
          },
          "sensitive_attributes": [],
          "private": "eyJlMmJmYjczMC1lY2FhLTExZTYtOGY4OC0zNDM2M2JjN2M0YzAiOnsiY3JlYXRlIjozMDAwMDAwMDAwMDB9LCJzY2hlbWFfdmVyc2lvbiI6IjIifQ==",
          "dependencies": [
            "module.eks-cluster.module.eks.aws_security_group.cluster",
            "module.eks-cluster.module.eks.aws_security_group.node",
            "module.vpc.module.vpc.aws_cloudwatch_log_group.flow_log",
            "module.vpc.module.vpc.aws_customer_gateway.this",
            "module.vpc.module.vpc.aws_db_subnet_group.database",
            "module.vpc.module.vpc.aws_default_network_acl.this",
            "module.vpc.module.vpc.aws_default_route_table.default",
            "module.vpc.module.vpc.aws_default_security_group.this",
            "module.vpc.module.vpc.aws_default_vpc.this",
            "module.vpc.module.vpc.aws_egress_only_internet_gateway.this",
            "module.vpc.module.vpc.aws_eip.nat",
            "module.vpc.module.vpc.aws_elasticache_subnet_group.elasticache",
            "module.vpc.module.vpc.aws_flow_log.this",
            "module.vpc.module.vpc.aws_iam_policy.vpc_flow_log_cloudwatch",
            "module.vpc.module.vpc.aws_iam_role.vpc_flow_log_cloudwatch",
            "module.vpc.module.vpc.aws_iam_role_policy_attachment.vpc_flow_log_cloudwatch",
            "module.vpc.module.vpc.aws_internet_gateway.this",
            "module.vpc.module.vpc.aws_nat_gateway.this",
            "module.vpc.module.vpc.aws_network_acl.database",
            "module.vpc.module.vpc.aws_network_acl.elasticache",
            "module.vpc.module.vpc.aws_network_acl.intra",
            "module.vpc.module.vpc.aws_network_acl.outpost",
            "module.vpc.module.vpc.aws_network_acl.private",
            "module.vpc.module.vpc.aws_network_acl.public",
            "module.vpc.module.vpc.aws_network_acl.redshift",
            "module.vpc.module.vpc.aws_network_acl_rule.database_inbound",
            "module.vpc.module.vpc.aws_network_acl_rule.database_outbound",
            "module.vpc.module.vpc.aws_network_acl_rule.elasticache_inbound",
            "module.vpc.module.vpc.aws_network_acl_rule.elasticache_outbound",
            "module.vpc.module.vpc.aws_network_acl_rule.intra_inbound",
            "module.vpc.module.vpc.aws_network_acl_rule.intra_outbound",
            "module.vpc.module.vpc.aws_network_acl_rule.outpost_inbound",
            "module.vpc.module.vpc.aws_network_acl_rule.outpost_outbound",
            "module.vpc.module.vpc.aws_network_acl_rule.private_inbound",
            "module.vpc.module.vpc.aws_network_acl_rule.private_outbound",
            "module.vpc.module.vpc.aws_network_acl_rule.public_inbound",
            "module.vpc.module.vpc.aws_network_acl_rule.public_outbound",
            "module.vpc.module.vpc.aws_network_acl_rule.redshift_inbound",
            "module.vpc.module.vpc.aws_network_acl_rule.redshift_outbound",
            "module.vpc.module.vpc.aws_redshift_subnet_group.redshift",
            "module.vpc.module.vpc.aws_route.database_dns64_nat_gateway",
            "module.vpc.module.vpc.aws_route.database_internet_gateway",
            "module.vpc.module.vpc.aws_route.database_ipv6_egress",
            "module.vpc.module.vpc.aws_route.database_nat_gateway",
            "module.vpc.module.vpc.aws_route.private_dns64_nat_gateway",
            "module.vpc.module.vpc.aws_route.private_ipv6_egress",
            "module.vpc.module.vpc.aws_route.private_nat_gateway",
            "module.vpc.module.vpc.aws_route.public_internet_gateway",
            "module.vpc.module.vpc.aws_route.public_internet_gateway_ipv6",
            "module.vpc.module.vpc.aws_route_table.database",
            "module.vpc.module.vpc.aws_route_table.elasticache",
            "module.vpc.module.vpc.aws_route_table.intra",
            "module.vpc.module.vpc.aws_route_table.private",
            "module.vpc.module.vpc.aws_route_table.public",
            "module.vpc.module.vpc.aws_route_table.redshift",
            "module.vpc.module.vpc.aws_route_table_association.database",
            "module.vpc.module.vpc.aws_route_table_association.elasticache",
            "module.vpc.module.vpc.aws_route_table_association.intra",
            "module.vpc.module.vpc.aws_route_table_association.outpost",
            "module.vpc.module.vpc.aws_route_table_association.private",
            "module.vpc.module.vpc.aws_route_table_association.public",
            "module.vpc.module.vpc.aws_route_table_association.redshift",
            "module.vpc.module.vpc.aws_route_table_association.redshift_public",
            "module.vpc.module.vpc.aws_subnet.database",
            "module.vpc.module.vpc.aws_subnet.elasticache",
            "module.vpc.module.vpc.aws_subnet.intra",
            "module.vpc.module.vpc.aws_subnet.outpost",
            "module.vpc.module.vpc.aws_subnet.private",
            "module.vpc.module.vpc.aws_subnet.public",
            "module.vpc.module.vpc.aws_subnet.redshift",
            "module.vpc.module.vpc.aws_vpc.this",
            "module.vpc.module.vpc.aws_vpc_dhcp_options.this",
            "module.vpc.module.vpc.aws_vpc_dhcp_options_association.this",
            "module.vpc.module.vpc.aws_vpc_ipv4_cidr_block_association.this",
            "module.vpc.module.vpc.aws_vpn_gateway.this",
            "module.vpc.module.vpc.aws_vpn_gateway_attachment.this",
            "module.vpc.module.vpc.aws_vpn_gateway_route_propagation.intra",
            "module.vpc.module.vpc.aws_vpn_gateway_route_propagation.private",
            "module.vpc.module.vpc.aws_vpn_gateway_route_propagation.public",
            "module.vpc.module.vpc.data.aws_caller_identity.current",
            "module.vpc.module.vpc.data.aws_iam_policy_document.flow_log_cloudwatch_assume_role",
            "module.vpc.module.vpc.data.aws_iam_policy_document.vpc_flow_log_cloudwatch",
            "module.vpc.module.vpc.data.aws_partition.current",
            "module.vpc.module.vpc.data.aws_region.current"
          ],
          "create_before_destroy": true
        },
        {
          "index_key": "ingress_cluster_6443_webhook",
          "schema_version": 2,
          "attributes": {
            "cidr_blocks": null,
            "description": "Cluster API to node 6443/tcp webhook",
            "from_port": 6443,
            "id": "sgrule-714913887",
            "ipv6_cidr_blocks": null,
            "prefix_list_ids": [],
            "protocol": "tcp",
            "security_group_id": "sg-0ddcee49b5c30d15b",
            "security_group_rule_id": "sgr-066daab1c33345805",
            "self": false,
            "source_security_group_id": "sg-02953f19dfb32bc22",
            "timeouts": null,
            "to_port": 6443,
            "type": "ingress"
          },
          "sensitive_attributes": [],
          "private": "eyJlMmJmYjczMC1lY2FhLTExZTYtOGY4OC0zNDM2M2JjN2M0YzAiOnsiY3JlYXRlIjozMDAwMDAwMDAwMDB9LCJzY2hlbWFfdmVyc2lvbiI6IjIifQ==",
          "dependencies": [
            "module.eks-cluster.module.eks.aws_security_group.cluster",
            "module.eks-cluster.module.eks.aws_security_group.node",
            "module.vpc.module.vpc.aws_cloudwatch_log_group.flow_log",
            "module.vpc.module.vpc.aws_customer_gateway.this",
            "module.vpc.module.vpc.aws_db_subnet_group.database",
            "module.vpc.module.vpc.aws_default_network_acl.this",
            "module.vpc.module.vpc.aws_default_route_table.default",
            "module.vpc.module.vpc.aws_default_security_group.this",
            "module.vpc.module.vpc.aws_default_vpc.this",
            "module.vpc.module.vpc.aws_egress_only_internet_gateway.this",
            "module.vpc.module.vpc.aws_eip.nat",
            "module.vpc.module.vpc.aws_elasticache_subnet_group.elasticache",
            "module.vpc.module.vpc.aws_flow_log.this",
            "module.vpc.module.vpc.aws_iam_policy.vpc_flow_log_cloudwatch",
            "module.vpc.module.vpc.aws_iam_role.vpc_flow_log_cloudwatch",
            "module.vpc.module.vpc.aws_iam_role_policy_attachment.vpc_flow_log_cloudwatch",
            "module.vpc.module.vpc.aws_internet_gateway.this",
            "module.vpc.module.vpc.aws_nat_gateway.this",
            "module.vpc.module.vpc.aws_network_acl.database",
            "module.vpc.module.vpc.aws_network_acl.elasticache",
            "module.vpc.module.vpc.aws_network_acl.intra",
            "module.vpc.module.vpc.aws_network_acl.outpost",
            "module.vpc.module.vpc.aws_network_acl.private",
            "module.vpc.module.vpc.aws_network_acl.public",
            "module.vpc.module.vpc.aws_network_acl.redshift",
            "module.vpc.module.vpc.aws_network_acl_rule.database_inbound",
            "module.vpc.module.vpc.aws_network_acl_rule.database_outbound",
            "module.vpc.module.vpc.aws_network_acl_rule.elasticache_inbound",
            "module.vpc.module.vpc.aws_network_acl_rule.elasticache_outbound",
            "module.vpc.module.vpc.aws_network_acl_rule.intra_inbound",
            "module.vpc.module.vpc.aws_network_acl_rule.intra_outbound",
            "module.vpc.module.vpc.aws_network_acl_rule.outpost_inbound",
            "module.vpc.module.vpc.aws_network_acl_rule.outpost_outbound",
            "module.vpc.module.vpc.aws_network_acl_rule.private_inbound",
            "module.vpc.module.vpc.aws_network_acl_rule.private_outbound",
            "module.vpc.module.vpc.aws_network_acl_rule.public_inbound",
            "module.vpc.module.vpc.aws_network_acl_rule.public_outbound",
            "module.vpc.module.vpc.aws_network_acl_rule.redshift_inbound",
            "module.vpc.module.vpc.aws_network_acl_rule.redshift_outbound",
            "module.vpc.module.vpc.aws_redshift_subnet_group.redshift",
            "module.vpc.module.vpc.aws_route.database_dns64_nat_gateway",
            "module.vpc.module.vpc.aws_route.database_internet_gateway",
            "module.vpc.module.vpc.aws_route.database_ipv6_egress",
            "module.vpc.module.vpc.aws_route.database_nat_gateway",
            "module.vpc.module.vpc.aws_route.private_dns64_nat_gateway",
            "module.vpc.module.vpc.aws_route.private_ipv6_egress",
            "module.vpc.module.vpc.aws_route.private_nat_gateway",
            "module.vpc.module.vpc.aws_route.public_internet_gateway",
            "module.vpc.module.vpc.aws_route.public_internet_gateway_ipv6",
            "module.vpc.module.vpc.aws_route_table.database",
            "module.vpc.module.vpc.aws_route_table.elasticache",
            "module.vpc.module.vpc.aws_route_table.intra",
            "module.vpc.module.vpc.aws_route_table.private",
            "module.vpc.module.vpc.aws_route_table.public",
            "module.vpc.module.vpc.aws_route_table.redshift",
            "module.vpc.module.vpc.aws_route_table_association.database",
            "module.vpc.module.vpc.aws_route_table_association.elasticache",
            "module.vpc.module.vpc.aws_route_table_association.intra",
            "module.vpc.module.vpc.aws_route_table_association.outpost",
            "module.vpc.module.vpc.aws_route_table_association.private",
            "module.vpc.module.vpc.aws_route_table_association.public",
            "module.vpc.module.vpc.aws_route_table_association.redshift",
            "module.vpc.module.vpc.aws_route_table_association.redshift_public",
            "module.vpc.module.vpc.aws_subnet.database",
            "module.vpc.module.vpc.aws_subnet.elasticache",
            "module.vpc.module.vpc.aws_subnet.intra",
            "module.vpc.module.vpc.aws_subnet.outpost",
            "module.vpc.module.vpc.aws_subnet.private",
            "module.vpc.module.vpc.aws_subnet.public",
            "module.vpc.module.vpc.aws_subnet.redshift",
            "module.vpc.module.vpc.aws_vpc.this",
            "module.vpc.module.vpc.aws_vpc_dhcp_options.this",
            "module.vpc.module.vpc.aws_vpc_dhcp_options_association.this",
            "module.vpc.module.vpc.aws_vpc_ipv4_cidr_block_association.this",
            "module.vpc.module.vpc.aws_vpn_gateway.this",
            "module.vpc.module.vpc.aws_vpn_gateway_attachment.this",
            "module.vpc.module.vpc.aws_vpn_gateway_route_propagation.intra",
            "module.vpc.module.vpc.aws_vpn_gateway_route_propagation.private",
            "module.vpc.module.vpc.aws_vpn_gateway_route_propagation.public",
            "module.vpc.module.vpc.data.aws_caller_identity.current",
            "module.vpc.module.vpc.data.aws_iam_policy_document.flow_log_cloudwatch_assume_role",
            "module.vpc.module.vpc.data.aws_iam_policy_document.vpc_flow_log_cloudwatch",
            "module.vpc.module.vpc.data.aws_partition.current",
            "module.vpc.module.vpc.data.aws_region.current"
          ],
          "create_before_destroy": true
        },
        {
          "index_key": "ingress_cluster_8443_webhook",
          "schema_version": 2,
          "attributes": {
            "cidr_blocks": null,
            "description": "Cluster API to node 8443/tcp webhook",
            "from_port": 8443,
            "id": "sgrule-968918142",
            "ipv6_cidr_blocks": null,
            "prefix_list_ids": [],
            "protocol": "tcp",
            "security_group_id": "sg-0ddcee49b5c30d15b",
            "security_group_rule_id": "sgr-0a59dc3a0d8d8a6e6",
            "self": false,
            "source_security_group_id": "sg-02953f19dfb32bc22",
            "timeouts": null,
            "to_port": 8443,
            "type": "ingress"
          },
          "sensitive_attributes": [],
          "private": "eyJlMmJmYjczMC1lY2FhLTExZTYtOGY4OC0zNDM2M2JjN2M0YzAiOnsiY3JlYXRlIjozMDAwMDAwMDAwMDB9LCJzY2hlbWFfdmVyc2lvbiI6IjIifQ==",
          "dependencies": [
            "module.eks-cluster.module.eks.aws_security_group.cluster",
            "module.eks-cluster.module.eks.aws_security_group.node",
            "module.vpc.module.vpc.aws_cloudwatch_log_group.flow_log",
            "module.vpc.module.vpc.aws_customer_gateway.this",
            "module.vpc.module.vpc.aws_db_subnet_group.database",
            "module.vpc.module.vpc.aws_default_network_acl.this",
            "module.vpc.module.vpc.aws_default_route_table.default",
            "module.vpc.module.vpc.aws_default_security_group.this",
            "module.vpc.module.vpc.aws_default_vpc.this",
            "module.vpc.module.vpc.aws_egress_only_internet_gateway.this",
            "module.vpc.module.vpc.aws_eip.nat",
            "module.vpc.module.vpc.aws_elasticache_subnet_group.elasticache",
            "module.vpc.module.vpc.aws_flow_log.this",
            "module.vpc.module.vpc.aws_iam_policy.vpc_flow_log_cloudwatch",
            "module.vpc.module.vpc.aws_iam_role.vpc_flow_log_cloudwatch",
            "module.vpc.module.vpc.aws_iam_role_policy_attachment.vpc_flow_log_cloudwatch",
            "module.vpc.module.vpc.aws_internet_gateway.this",
            "module.vpc.module.vpc.aws_nat_gateway.this",
            "module.vpc.module.vpc.aws_network_acl.database",
            "module.vpc.module.vpc.aws_network_acl.elasticache",
            "module.vpc.module.vpc.aws_network_acl.intra",
            "module.vpc.module.vpc.aws_network_acl.outpost",
            "module.vpc.module.vpc.aws_network_acl.private",
            "module.vpc.module.vpc.aws_network_acl.public",
            "module.vpc.module.vpc.aws_network_acl.redshift",
            "module.vpc.module.vpc.aws_network_acl_rule.database_inbound",
            "module.vpc.module.vpc.aws_network_acl_rule.database_outbound",
            "module.vpc.module.vpc.aws_network_acl_rule.elasticache_inbound",
            "module.vpc.module.vpc.aws_network_acl_rule.elasticache_outbound",
            "module.vpc.module.vpc.aws_network_acl_rule.intra_inbound",
            "module.vpc.module.vpc.aws_network_acl_rule.intra_outbound",
            "module.vpc.module.vpc.aws_network_acl_rule.outpost_inbound",
            "module.vpc.module.vpc.aws_network_acl_rule.outpost_outbound",
            "module.vpc.module.vpc.aws_network_acl_rule.private_inbound",
            "module.vpc.module.vpc.aws_network_acl_rule.private_outbound",
            "module.vpc.module.vpc.aws_network_acl_rule.public_inbound",
            "module.vpc.module.vpc.aws_network_acl_rule.public_outbound",
            "module.vpc.module.vpc.aws_network_acl_rule.redshift_inbound",
            "module.vpc.module.vpc.aws_network_acl_rule.redshift_outbound",
            "module.vpc.module.vpc.aws_redshift_subnet_group.redshift",
            "module.vpc.module.vpc.aws_route.database_dns64_nat_gateway",
            "module.vpc.module.vpc.aws_route.database_internet_gateway",
            "module.vpc.module.vpc.aws_route.database_ipv6_egress",
            "module.vpc.module.vpc.aws_route.database_nat_gateway",
            "module.vpc.module.vpc.aws_route.private_dns64_nat_gateway",
            "module.vpc.module.vpc.aws_route.private_ipv6_egress",
            "module.vpc.module.vpc.aws_route.private_nat_gateway",
            "module.vpc.module.vpc.aws_route.public_internet_gateway",
            "module.vpc.module.vpc.aws_route.public_internet_gateway_ipv6",
            "module.vpc.module.vpc.aws_route_table.database",
            "module.vpc.module.vpc.aws_route_table.elasticache",
            "module.vpc.module.vpc.aws_route_table.intra",
            "module.vpc.module.vpc.aws_route_table.private",
            "module.vpc.module.vpc.aws_route_table.public",
            "module.vpc.module.vpc.aws_route_table.redshift",
            "module.vpc.module.vpc.aws_route_table_association.database",
            "module.vpc.module.vpc.aws_route_table_association.elasticache",
            "module.vpc.module.vpc.aws_route_table_association.intra",
            "module.vpc.module.vpc.aws_route_table_association.outpost",
            "module.vpc.module.vpc.aws_route_table_association.private",
            "module.vpc.module.vpc.aws_route_table_association.public",
            "module.vpc.module.vpc.aws_route_table_association.redshift",
            "module.vpc.module.vpc.aws_route_table_association.redshift_public",
            "module.vpc.module.vpc.aws_subnet.database",
            "module.vpc.module.vpc.aws_subnet.elasticache",
            "module.vpc.module.vpc.aws_subnet.intra",
            "module.vpc.module.vpc.aws_subnet.outpost",
            "module.vpc.module.vpc.aws_subnet.private",
            "module.vpc.module.vpc.aws_subnet.public",
            "module.vpc.module.vpc.aws_subnet.redshift",
            "module.vpc.module.vpc.aws_vpc.this",
            "module.vpc.module.vpc.aws_vpc_dhcp_options.this",
            "module.vpc.module.vpc.aws_vpc_dhcp_options_association.this",
            "module.vpc.module.vpc.aws_vpc_ipv4_cidr_block_association.this",
            "module.vpc.module.vpc.aws_vpn_gateway.this",
            "module.vpc.module.vpc.aws_vpn_gateway_attachment.this",
            "module.vpc.module.vpc.aws_vpn_gateway_route_propagation.intra",
            "module.vpc.module.vpc.aws_vpn_gateway_route_propagation.private",
            "module.vpc.module.vpc.aws_vpn_gateway_route_propagation.public",
            "module.vpc.module.vpc.data.aws_caller_identity.current",
            "module.vpc.module.vpc.data.aws_iam_policy_document.flow_log_cloudwatch_assume_role",
            "module.vpc.module.vpc.data.aws_iam_policy_document.vpc_flow_log_cloudwatch",
            "module.vpc.module.vpc.data.aws_partition.current",
            "module.vpc.module.vpc.data.aws_region.current"
          ],
          "create_before_destroy": true
        },
        {
          "index_key": "ingress_cluster_9443_webhook",
          "schema_version": 2,
          "attributes": {
            "cidr_blocks": null,
            "description": "Cluster API to node 9443/tcp webhook",
            "from_port": 9443,
            "id": "sgrule-1566685109",
            "ipv6_cidr_blocks": null,
            "prefix_list_ids": [],
            "protocol": "tcp",
            "security_group_id": "sg-0ddcee49b5c30d15b",
            "security_group_rule_id": "sgr-05f03585acb8454a2",
            "self": false,
            "source_security_group_id": "sg-02953f19dfb32bc22",
            "timeouts": null,
            "to_port": 9443,
            "type": "ingress"
          },
          "sensitive_attributes": [],
          "private": "eyJlMmJmYjczMC1lY2FhLTExZTYtOGY4OC0zNDM2M2JjN2M0YzAiOnsiY3JlYXRlIjozMDAwMDAwMDAwMDB9LCJzY2hlbWFfdmVyc2lvbiI6IjIifQ==",
          "dependencies": [
            "module.eks-cluster.module.eks.aws_security_group.cluster",
            "module.eks-cluster.module.eks.aws_security_group.node",
            "module.vpc.module.vpc.aws_cloudwatch_log_group.flow_log",
            "module.vpc.module.vpc.aws_customer_gateway.this",
            "module.vpc.module.vpc.aws_db_subnet_group.database",
            "module.vpc.module.vpc.aws_default_network_acl.this",
            "module.vpc.module.vpc.aws_default_route_table.default",
            "module.vpc.module.vpc.aws_default_security_group.this",
            "module.vpc.module.vpc.aws_default_vpc.this",
            "module.vpc.module.vpc.aws_egress_only_internet_gateway.this",
            "module.vpc.module.vpc.aws_eip.nat",
            "module.vpc.module.vpc.aws_elasticache_subnet_group.elasticache",
            "module.vpc.module.vpc.aws_flow_log.this",
            "module.vpc.module.vpc.aws_iam_policy.vpc_flow_log_cloudwatch",
            "module.vpc.module.vpc.aws_iam_role.vpc_flow_log_cloudwatch",
            "module.vpc.module.vpc.aws_iam_role_policy_attachment.vpc_flow_log_cloudwatch",
            "module.vpc.module.vpc.aws_internet_gateway.this",
            "module.vpc.module.vpc.aws_nat_gateway.this",
            "module.vpc.module.vpc.aws_network_acl.database",
            "module.vpc.module.vpc.aws_network_acl.elasticache",
            "module.vpc.module.vpc.aws_network_acl.intra",
            "module.vpc.module.vpc.aws_network_acl.outpost",
            "module.vpc.module.vpc.aws_network_acl.private",
            "module.vpc.module.vpc.aws_network_acl.public",
            "module.vpc.module.vpc.aws_network_acl.redshift",
            "module.vpc.module.vpc.aws_network_acl_rule.database_inbound",
            "module.vpc.module.vpc.aws_network_acl_rule.database_outbound",
            "module.vpc.module.vpc.aws_network_acl_rule.elasticache_inbound",
            "module.vpc.module.vpc.aws_network_acl_rule.elasticache_outbound",
            "module.vpc.module.vpc.aws_network_acl_rule.intra_inbound",
            "module.vpc.module.vpc.aws_network_acl_rule.intra_outbound",
            "module.vpc.module.vpc.aws_network_acl_rule.outpost_inbound",
            "module.vpc.module.vpc.aws_network_acl_rule.outpost_outbound",
            "module.vpc.module.vpc.aws_network_acl_rule.private_inbound",
            "module.vpc.module.vpc.aws_network_acl_rule.private_outbound",
            "module.vpc.module.vpc.aws_network_acl_rule.public_inbound",
            "module.vpc.module.vpc.aws_network_acl_rule.public_outbound",
            "module.vpc.module.vpc.aws_network_acl_rule.redshift_inbound",
            "module.vpc.module.vpc.aws_network_acl_rule.redshift_outbound",
            "module.vpc.module.vpc.aws_redshift_subnet_group.redshift",
            "module.vpc.module.vpc.aws_route.database_dns64_nat_gateway",
            "module.vpc.module.vpc.aws_route.database_internet_gateway",
            "module.vpc.module.vpc.aws_route.database_ipv6_egress",
            "module.vpc.module.vpc.aws_route.database_nat_gateway",
            "module.vpc.module.vpc.aws_route.private_dns64_nat_gateway",
            "module.vpc.module.vpc.aws_route.private_ipv6_egress",
            "module.vpc.module.vpc.aws_route.private_nat_gateway",
            "module.vpc.module.vpc.aws_route.public_internet_gateway",
            "module.vpc.module.vpc.aws_route.public_internet_gateway_ipv6",
            "module.vpc.module.vpc.aws_route_table.database",
            "module.vpc.module.vpc.aws_route_table.elasticache",
            "module.vpc.module.vpc.aws_route_table.intra",
            "module.vpc.module.vpc.aws_route_table.private",
            "module.vpc.module.vpc.aws_route_table.public",
            "module.vpc.module.vpc.aws_route_table.redshift",
            "module.vpc.module.vpc.aws_route_table_association.database",
            "module.vpc.module.vpc.aws_route_table_association.elasticache",
            "module.vpc.module.vpc.aws_route_table_association.intra",
            "module.vpc.module.vpc.aws_route_table_association.outpost",
            "module.vpc.module.vpc.aws_route_table_association.private",
            "module.vpc.module.vpc.aws_route_table_association.public",
            "module.vpc.module.vpc.aws_route_table_association.redshift",
            "module.vpc.module.vpc.aws_route_table_association.redshift_public",
            "module.vpc.module.vpc.aws_subnet.database",
            "module.vpc.module.vpc.aws_subnet.elasticache",
            "module.vpc.module.vpc.aws_subnet.intra",
            "module.vpc.module.vpc.aws_subnet.outpost",
            "module.vpc.module.vpc.aws_subnet.private",
            "module.vpc.module.vpc.aws_subnet.public",
            "module.vpc.module.vpc.aws_subnet.redshift",
            "module.vpc.module.vpc.aws_vpc.this",
            "module.vpc.module.vpc.aws_vpc_dhcp_options.this",
            "module.vpc.module.vpc.aws_vpc_dhcp_options_association.this",
            "module.vpc.module.vpc.aws_vpc_ipv4_cidr_block_association.this",
            "module.vpc.module.vpc.aws_vpn_gateway.this",
            "module.vpc.module.vpc.aws_vpn_gateway_attachment.this",
            "module.vpc.module.vpc.aws_vpn_gateway_route_propagation.intra",
            "module.vpc.module.vpc.aws_vpn_gateway_route_propagation.private",
            "module.vpc.module.vpc.aws_vpn_gateway_route_propagation.public",
            "module.vpc.module.vpc.data.aws_caller_identity.current",
            "module.vpc.module.vpc.data.aws_iam_policy_document.flow_log_cloudwatch_assume_role",
            "module.vpc.module.vpc.data.aws_iam_policy_document.vpc_flow_log_cloudwatch",
            "module.vpc.module.vpc.data.aws_partition.current",
            "module.vpc.module.vpc.data.aws_region.current"
          ],
          "create_before_destroy": true
        },
        {
          "index_key": "ingress_cluster_kubelet",
          "schema_version": 2,
          "attributes": {
            "cidr_blocks": null,
            "description": "Cluster API to node kubelets",
            "from_port": 10250,
            "id": "sgrule-507421613",
            "ipv6_cidr_blocks": null,
            "prefix_list_ids": [],
            "protocol": "tcp",
            "security_group_id": "sg-0ddcee49b5c30d15b",
            "security_group_rule_id": "sgr-079731ed64ff685a8",
            "self": false,
            "source_security_group_id": "sg-02953f19dfb32bc22",
            "timeouts": null,
            "to_port": 10250,
            "type": "ingress"
          },
          "sensitive_attributes": [],
          "private": "eyJlMmJmYjczMC1lY2FhLTExZTYtOGY4OC0zNDM2M2JjN2M0YzAiOnsiY3JlYXRlIjozMDAwMDAwMDAwMDB9LCJzY2hlbWFfdmVyc2lvbiI6IjIifQ==",
          "dependencies": [
            "module.eks-cluster.module.eks.aws_security_group.cluster",
            "module.eks-cluster.module.eks.aws_security_group.node",
            "module.vpc.module.vpc.aws_cloudwatch_log_group.flow_log",
            "module.vpc.module.vpc.aws_customer_gateway.this",
            "module.vpc.module.vpc.aws_db_subnet_group.database",
            "module.vpc.module.vpc.aws_default_network_acl.this",
            "module.vpc.module.vpc.aws_default_route_table.default",
            "module.vpc.module.vpc.aws_default_security_group.this",
            "module.vpc.module.vpc.aws_default_vpc.this",
            "module.vpc.module.vpc.aws_egress_only_internet_gateway.this",
            "module.vpc.module.vpc.aws_eip.nat",
            "module.vpc.module.vpc.aws_elasticache_subnet_group.elasticache",
            "module.vpc.module.vpc.aws_flow_log.this",
            "module.vpc.module.vpc.aws_iam_policy.vpc_flow_log_cloudwatch",
            "module.vpc.module.vpc.aws_iam_role.vpc_flow_log_cloudwatch",
            "module.vpc.module.vpc.aws_iam_role_policy_attachment.vpc_flow_log_cloudwatch",
            "module.vpc.module.vpc.aws_internet_gateway.this",
            "module.vpc.module.vpc.aws_nat_gateway.this",
            "module.vpc.module.vpc.aws_network_acl.database",
            "module.vpc.module.vpc.aws_network_acl.elasticache",
            "module.vpc.module.vpc.aws_network_acl.intra",
            "module.vpc.module.vpc.aws_network_acl.outpost",
            "module.vpc.module.vpc.aws_network_acl.private",
            "module.vpc.module.vpc.aws_network_acl.public",
            "module.vpc.module.vpc.aws_network_acl.redshift",
            "module.vpc.module.vpc.aws_network_acl_rule.database_inbound",
            "module.vpc.module.vpc.aws_network_acl_rule.database_outbound",
            "module.vpc.module.vpc.aws_network_acl_rule.elasticache_inbound",
            "module.vpc.module.vpc.aws_network_acl_rule.elasticache_outbound",
            "module.vpc.module.vpc.aws_network_acl_rule.intra_inbound",
            "module.vpc.module.vpc.aws_network_acl_rule.intra_outbound",
            "module.vpc.module.vpc.aws_network_acl_rule.outpost_inbound",
            "module.vpc.module.vpc.aws_network_acl_rule.outpost_outbound",
            "module.vpc.module.vpc.aws_network_acl_rule.private_inbound",
            "module.vpc.module.vpc.aws_network_acl_rule.private_outbound",
            "module.vpc.module.vpc.aws_network_acl_rule.public_inbound",
            "module.vpc.module.vpc.aws_network_acl_rule.public_outbound",
            "module.vpc.module.vpc.aws_network_acl_rule.redshift_inbound",
            "module.vpc.module.vpc.aws_network_acl_rule.redshift_outbound",
            "module.vpc.module.vpc.aws_redshift_subnet_group.redshift",
            "module.vpc.module.vpc.aws_route.database_dns64_nat_gateway",
            "module.vpc.module.vpc.aws_route.database_internet_gateway",
            "module.vpc.module.vpc.aws_route.database_ipv6_egress",
            "module.vpc.module.vpc.aws_route.database_nat_gateway",
            "module.vpc.module.vpc.aws_route.private_dns64_nat_gateway",
            "module.vpc.module.vpc.aws_route.private_ipv6_egress",
            "module.vpc.module.vpc.aws_route.private_nat_gateway",
            "module.vpc.module.vpc.aws_route.public_internet_gateway",
            "module.vpc.module.vpc.aws_route.public_internet_gateway_ipv6",
            "module.vpc.module.vpc.aws_route_table.database",
            "module.vpc.module.vpc.aws_route_table.elasticache",
            "module.vpc.module.vpc.aws_route_table.intra",
            "module.vpc.module.vpc.aws_route_table.private",
            "module.vpc.module.vpc.aws_route_table.public",
            "module.vpc.module.vpc.aws_route_table.redshift",
            "module.vpc.module.vpc.aws_route_table_association.database",
            "module.vpc.module.vpc.aws_route_table_association.elasticache",
            "module.vpc.module.vpc.aws_route_table_association.intra",
            "module.vpc.module.vpc.aws_route_table_association.outpost",
            "module.vpc.module.vpc.aws_route_table_association.private",
            "module.vpc.module.vpc.aws_route_table_association.public",
            "module.vpc.module.vpc.aws_route_table_association.redshift",
            "module.vpc.module.vpc.aws_route_table_association.redshift_public",
            "module.vpc.module.vpc.aws_subnet.database",
            "module.vpc.module.vpc.aws_subnet.elasticache",
            "module.vpc.module.vpc.aws_subnet.intra",
            "module.vpc.module.vpc.aws_subnet.outpost",
            "module.vpc.module.vpc.aws_subnet.private",
            "module.vpc.module.vpc.aws_subnet.public",
            "module.vpc.module.vpc.aws_subnet.redshift",
            "module.vpc.module.vpc.aws_vpc.this",
            "module.vpc.module.vpc.aws_vpc_dhcp_options.this",
            "module.vpc.module.vpc.aws_vpc_dhcp_options_association.this",
            "module.vpc.module.vpc.aws_vpc_ipv4_cidr_block_association.this",
            "module.vpc.module.vpc.aws_vpn_gateway.this",
            "module.vpc.module.vpc.aws_vpn_gateway_attachment.this",
            "module.vpc.module.vpc.aws_vpn_gateway_route_propagation.intra",
            "module.vpc.module.vpc.aws_vpn_gateway_route_propagation.private",
            "module.vpc.module.vpc.aws_vpn_gateway_route_propagation.public",
            "module.vpc.module.vpc.data.aws_caller_identity.current",
            "module.vpc.module.vpc.data.aws_iam_policy_document.flow_log_cloudwatch_assume_role",
            "module.vpc.module.vpc.data.aws_iam_policy_document.vpc_flow_log_cloudwatch",
            "module.vpc.module.vpc.data.aws_partition.current",
            "module.vpc.module.vpc.data.aws_region.current"
          ],
          "create_before_destroy": true
        },
        {
          "index_key": "ingress_nodes_ephemeral",
          "schema_version": 2,
          "attributes": {
            "cidr_blocks": null,
            "description": "Node to node ingress on ephemeral ports",
            "from_port": 1025,
            "id": "sgrule-49371667",
            "ipv6_cidr_blocks": null,
            "prefix_list_ids": [],
            "protocol": "tcp",
            "security_group_id": "sg-0ddcee49b5c30d15b",
            "security_group_rule_id": "sgr-0bec7bdee7e988311",
            "self": true,
            "source_security_group_id": null,
            "timeouts": null,
            "to_port": 65535,
            "type": "ingress"
          },
          "sensitive_attributes": [],
          "private": "eyJlMmJmYjczMC1lY2FhLTExZTYtOGY4OC0zNDM2M2JjN2M0YzAiOnsiY3JlYXRlIjozMDAwMDAwMDAwMDB9LCJzY2hlbWFfdmVyc2lvbiI6IjIifQ==",
          "dependencies": [
            "module.eks-cluster.module.eks.aws_security_group.cluster",
            "module.eks-cluster.module.eks.aws_security_group.node",
            "module.vpc.module.vpc.aws_cloudwatch_log_group.flow_log",
            "module.vpc.module.vpc.aws_customer_gateway.this",
            "module.vpc.module.vpc.aws_db_subnet_group.database",
            "module.vpc.module.vpc.aws_default_network_acl.this",
            "module.vpc.module.vpc.aws_default_route_table.default",
            "module.vpc.module.vpc.aws_default_security_group.this",
            "module.vpc.module.vpc.aws_default_vpc.this",
            "module.vpc.module.vpc.aws_egress_only_internet_gateway.this",
            "module.vpc.module.vpc.aws_eip.nat",
            "module.vpc.module.vpc.aws_elasticache_subnet_group.elasticache",
            "module.vpc.module.vpc.aws_flow_log.this",
            "module.vpc.module.vpc.aws_iam_policy.vpc_flow_log_cloudwatch",
            "module.vpc.module.vpc.aws_iam_role.vpc_flow_log_cloudwatch",
            "module.vpc.module.vpc.aws_iam_role_policy_attachment.vpc_flow_log_cloudwatch",
            "module.vpc.module.vpc.aws_internet_gateway.this",
            "module.vpc.module.vpc.aws_nat_gateway.this",
            "module.vpc.module.vpc.aws_network_acl.database",
            "module.vpc.module.vpc.aws_network_acl.elasticache",
            "module.vpc.module.vpc.aws_network_acl.intra",
            "module.vpc.module.vpc.aws_network_acl.outpost",
            "module.vpc.module.vpc.aws_network_acl.private",
            "module.vpc.module.vpc.aws_network_acl.public",
            "module.vpc.module.vpc.aws_network_acl.redshift",
            "module.vpc.module.vpc.aws_network_acl_rule.database_inbound",
            "module.vpc.module.vpc.aws_network_acl_rule.database_outbound",
            "module.vpc.module.vpc.aws_network_acl_rule.elasticache_inbound",
            "module.vpc.module.vpc.aws_network_acl_rule.elasticache_outbound",
            "module.vpc.module.vpc.aws_network_acl_rule.intra_inbound",
            "module.vpc.module.vpc.aws_network_acl_rule.intra_outbound",
            "module.vpc.module.vpc.aws_network_acl_rule.outpost_inbound",
            "module.vpc.module.vpc.aws_network_acl_rule.outpost_outbound",
            "module.vpc.module.vpc.aws_network_acl_rule.private_inbound",
            "module.vpc.module.vpc.aws_network_acl_rule.private_outbound",
            "module.vpc.module.vpc.aws_network_acl_rule.public_inbound",
            "module.vpc.module.vpc.aws_network_acl_rule.public_outbound",
            "module.vpc.module.vpc.aws_network_acl_rule.redshift_inbound",
            "module.vpc.module.vpc.aws_network_acl_rule.redshift_outbound",
            "module.vpc.module.vpc.aws_redshift_subnet_group.redshift",
            "module.vpc.module.vpc.aws_route.database_dns64_nat_gateway",
            "module.vpc.module.vpc.aws_route.database_internet_gateway",
            "module.vpc.module.vpc.aws_route.database_ipv6_egress",
            "module.vpc.module.vpc.aws_route.database_nat_gateway",
            "module.vpc.module.vpc.aws_route.private_dns64_nat_gateway",
            "module.vpc.module.vpc.aws_route.private_ipv6_egress",
            "module.vpc.module.vpc.aws_route.private_nat_gateway",
            "module.vpc.module.vpc.aws_route.public_internet_gateway",
            "module.vpc.module.vpc.aws_route.public_internet_gateway_ipv6",
            "module.vpc.module.vpc.aws_route_table.database",
            "module.vpc.module.vpc.aws_route_table.elasticache",
            "module.vpc.module.vpc.aws_route_table.intra",
            "module.vpc.module.vpc.aws_route_table.private",
            "module.vpc.module.vpc.aws_route_table.public",
            "module.vpc.module.vpc.aws_route_table.redshift",
            "module.vpc.module.vpc.aws_route_table_association.database",
            "module.vpc.module.vpc.aws_route_table_association.elasticache",
            "module.vpc.module.vpc.aws_route_table_association.intra",
            "module.vpc.module.vpc.aws_route_table_association.outpost",
            "module.vpc.module.vpc.aws_route_table_association.private",
            "module.vpc.module.vpc.aws_route_table_association.public",
            "module.vpc.module.vpc.aws_route_table_association.redshift",
            "module.vpc.module.vpc.aws_route_table_association.redshift_public",
            "module.vpc.module.vpc.aws_subnet.database",
            "module.vpc.module.vpc.aws_subnet.elasticache",
            "module.vpc.module.vpc.aws_subnet.intra",
            "module.vpc.module.vpc.aws_subnet.outpost",
            "module.vpc.module.vpc.aws_subnet.private",
            "module.vpc.module.vpc.aws_subnet.public",
            "module.vpc.module.vpc.aws_subnet.redshift",
            "module.vpc.module.vpc.aws_vpc.this",
            "module.vpc.module.vpc.aws_vpc_dhcp_options.this",
            "module.vpc.module.vpc.aws_vpc_dhcp_options_association.this",
            "module.vpc.module.vpc.aws_vpc_ipv4_cidr_block_association.this",
            "module.vpc.module.vpc.aws_vpn_gateway.this",
            "module.vpc.module.vpc.aws_vpn_gateway_attachment.this",
            "module.vpc.module.vpc.aws_vpn_gateway_route_propagation.intra",
            "module.vpc.module.vpc.aws_vpn_gateway_route_propagation.private",
            "module.vpc.module.vpc.aws_vpn_gateway_route_propagation.public",
            "module.vpc.module.vpc.data.aws_caller_identity.current",
            "module.vpc.module.vpc.data.aws_iam_policy_document.flow_log_cloudwatch_assume_role",
            "module.vpc.module.vpc.data.aws_iam_policy_document.vpc_flow_log_cloudwatch",
            "module.vpc.module.vpc.data.aws_partition.current",
            "module.vpc.module.vpc.data.aws_region.current"
          ],
          "create_before_destroy": true
        },
        {
          "index_key": "ingress_self_coredns_tcp",
          "schema_version": 2,
          "attributes": {
            "cidr_blocks": null,
            "description": "Node to node CoreDNS",
            "from_port": 53,
            "id": "sgrule-2614241937",
            "ipv6_cidr_blocks": null,
            "prefix_list_ids": [],
            "protocol": "tcp",
            "security_group_id": "sg-0ddcee49b5c30d15b",
            "security_group_rule_id": "sgr-0a8b734107383bf48",
            "self": true,
            "source_security_group_id": null,
            "timeouts": null,
            "to_port": 53,
            "type": "ingress"
          },
          "sensitive_attributes": [],
          "private": "eyJlMmJmYjczMC1lY2FhLTExZTYtOGY4OC0zNDM2M2JjN2M0YzAiOnsiY3JlYXRlIjozMDAwMDAwMDAwMDB9LCJzY2hlbWFfdmVyc2lvbiI6IjIifQ==",
          "dependencies": [
            "module.eks-cluster.module.eks.aws_security_group.cluster",
            "module.eks-cluster.module.eks.aws_security_group.node",
            "module.vpc.module.vpc.aws_cloudwatch_log_group.flow_log",
            "module.vpc.module.vpc.aws_customer_gateway.this",
            "module.vpc.module.vpc.aws_db_subnet_group.database",
            "module.vpc.module.vpc.aws_default_network_acl.this",
            "module.vpc.module.vpc.aws_default_route_table.default",
            "module.vpc.module.vpc.aws_default_security_group.this",
            "module.vpc.module.vpc.aws_default_vpc.this",
            "module.vpc.module.vpc.aws_egress_only_internet_gateway.this",
            "module.vpc.module.vpc.aws_eip.nat",
            "module.vpc.module.vpc.aws_elasticache_subnet_group.elasticache",
            "module.vpc.module.vpc.aws_flow_log.this",
            "module.vpc.module.vpc.aws_iam_policy.vpc_flow_log_cloudwatch",
            "module.vpc.module.vpc.aws_iam_role.vpc_flow_log_cloudwatch",
            "module.vpc.module.vpc.aws_iam_role_policy_attachment.vpc_flow_log_cloudwatch",
            "module.vpc.module.vpc.aws_internet_gateway.this",
            "module.vpc.module.vpc.aws_nat_gateway.this",
            "module.vpc.module.vpc.aws_network_acl.database",
            "module.vpc.module.vpc.aws_network_acl.elasticache",
            "module.vpc.module.vpc.aws_network_acl.intra",
            "module.vpc.module.vpc.aws_network_acl.outpost",
            "module.vpc.module.vpc.aws_network_acl.private",
            "module.vpc.module.vpc.aws_network_acl.public",
            "module.vpc.module.vpc.aws_network_acl.redshift",
            "module.vpc.module.vpc.aws_network_acl_rule.database_inbound",
            "module.vpc.module.vpc.aws_network_acl_rule.database_outbound",
            "module.vpc.module.vpc.aws_network_acl_rule.elasticache_inbound",
            "module.vpc.module.vpc.aws_network_acl_rule.elasticache_outbound",
            "module.vpc.module.vpc.aws_network_acl_rule.intra_inbound",
            "module.vpc.module.vpc.aws_network_acl_rule.intra_outbound",
            "module.vpc.module.vpc.aws_network_acl_rule.outpost_inbound",
            "module.vpc.module.vpc.aws_network_acl_rule.outpost_outbound",
            "module.vpc.module.vpc.aws_network_acl_rule.private_inbound",
            "module.vpc.module.vpc.aws_network_acl_rule.private_outbound",
            "module.vpc.module.vpc.aws_network_acl_rule.public_inbound",
            "module.vpc.module.vpc.aws_network_acl_rule.public_outbound",
            "module.vpc.module.vpc.aws_network_acl_rule.redshift_inbound",
            "module.vpc.module.vpc.aws_network_acl_rule.redshift_outbound",
            "module.vpc.module.vpc.aws_redshift_subnet_group.redshift",
            "module.vpc.module.vpc.aws_route.database_dns64_nat_gateway",
            "module.vpc.module.vpc.aws_route.database_internet_gateway",
            "module.vpc.module.vpc.aws_route.database_ipv6_egress",
            "module.vpc.module.vpc.aws_route.database_nat_gateway",
            "module.vpc.module.vpc.aws_route.private_dns64_nat_gateway",
            "module.vpc.module.vpc.aws_route.private_ipv6_egress",
            "module.vpc.module.vpc.aws_route.private_nat_gateway",
            "module.vpc.module.vpc.aws_route.public_internet_gateway",
            "module.vpc.module.vpc.aws_route.public_internet_gateway_ipv6",
            "module.vpc.module.vpc.aws_route_table.database",
            "module.vpc.module.vpc.aws_route_table.elasticache",
            "module.vpc.module.vpc.aws_route_table.intra",
            "module.vpc.module.vpc.aws_route_table.private",
            "module.vpc.module.vpc.aws_route_table.public",
            "module.vpc.module.vpc.aws_route_table.redshift",
            "module.vpc.module.vpc.aws_route_table_association.database",
            "module.vpc.module.vpc.aws_route_table_association.elasticache",
            "module.vpc.module.vpc.aws_route_table_association.intra",
            "module.vpc.module.vpc.aws_route_table_association.outpost",
            "module.vpc.module.vpc.aws_route_table_association.private",
            "module.vpc.module.vpc.aws_route_table_association.public",
            "module.vpc.module.vpc.aws_route_table_association.redshift",
            "module.vpc.module.vpc.aws_route_table_association.redshift_public",
            "module.vpc.module.vpc.aws_subnet.database",
            "module.vpc.module.vpc.aws_subnet.elasticache",
            "module.vpc.module.vpc.aws_subnet.intra",
            "module.vpc.module.vpc.aws_subnet.outpost",
            "module.vpc.module.vpc.aws_subnet.private",
            "module.vpc.module.vpc.aws_subnet.public",
            "module.vpc.module.vpc.aws_subnet.redshift",
            "module.vpc.module.vpc.aws_vpc.this",
            "module.vpc.module.vpc.aws_vpc_dhcp_options.this",
            "module.vpc.module.vpc.aws_vpc_dhcp_options_association.this",
            "module.vpc.module.vpc.aws_vpc_ipv4_cidr_block_association.this",
            "module.vpc.module.vpc.aws_vpn_gateway.this",
            "module.vpc.module.vpc.aws_vpn_gateway_attachment.this",
            "module.vpc.module.vpc.aws_vpn_gateway_route_propagation.intra",
            "module.vpc.module.vpc.aws_vpn_gateway_route_propagation.private",
            "module.vpc.module.vpc.aws_vpn_gateway_route_propagation.public",
            "module.vpc.module.vpc.data.aws_caller_identity.current",
            "module.vpc.module.vpc.data.aws_iam_policy_document.flow_log_cloudwatch_assume_role",
            "module.vpc.module.vpc.data.aws_iam_policy_document.vpc_flow_log_cloudwatch",
            "module.vpc.module.vpc.data.aws_partition.current",
            "module.vpc.module.vpc.data.aws_region.current"
          ],
          "create_before_destroy": true
        },
        {
          "index_key": "ingress_self_coredns_udp",
          "schema_version": 2,
          "attributes": {
            "cidr_blocks": null,
            "description": "Node to node CoreDNS UDP",
            "from_port": 53,
            "id": "sgrule-1066240382",
            "ipv6_cidr_blocks": null,
            "prefix_list_ids": [],
            "protocol": "udp",
            "security_group_id": "sg-0ddcee49b5c30d15b",
            "security_group_rule_id": "sgr-0f2117a1bad0bb8b0",
            "self": true,
            "source_security_group_id": null,
            "timeouts": null,
            "to_port": 53,
            "type": "ingress"
          },
          "sensitive_attributes": [],
          "private": "eyJlMmJmYjczMC1lY2FhLTExZTYtOGY4OC0zNDM2M2JjN2M0YzAiOnsiY3JlYXRlIjozMDAwMDAwMDAwMDB9LCJzY2hlbWFfdmVyc2lvbiI6IjIifQ==",
          "dependencies": [
            "module.eks-cluster.module.eks.aws_security_group.cluster",
            "module.eks-cluster.module.eks.aws_security_group.node",
            "module.vpc.module.vpc.aws_cloudwatch_log_group.flow_log",
            "module.vpc.module.vpc.aws_customer_gateway.this",
            "module.vpc.module.vpc.aws_db_subnet_group.database",
            "module.vpc.module.vpc.aws_default_network_acl.this",
            "module.vpc.module.vpc.aws_default_route_table.default",
            "module.vpc.module.vpc.aws_default_security_group.this",
            "module.vpc.module.vpc.aws_default_vpc.this",
            "module.vpc.module.vpc.aws_egress_only_internet_gateway.this",
            "module.vpc.module.vpc.aws_eip.nat",
            "module.vpc.module.vpc.aws_elasticache_subnet_group.elasticache",
            "module.vpc.module.vpc.aws_flow_log.this",
            "module.vpc.module.vpc.aws_iam_policy.vpc_flow_log_cloudwatch",
            "module.vpc.module.vpc.aws_iam_role.vpc_flow_log_cloudwatch",
            "module.vpc.module.vpc.aws_iam_role_policy_attachment.vpc_flow_log_cloudwatch",
            "module.vpc.module.vpc.aws_internet_gateway.this",
            "module.vpc.module.vpc.aws_nat_gateway.this",
            "module.vpc.module.vpc.aws_network_acl.database",
            "module.vpc.module.vpc.aws_network_acl.elasticache",
            "module.vpc.module.vpc.aws_network_acl.intra",
            "module.vpc.module.vpc.aws_network_acl.outpost",
            "module.vpc.module.vpc.aws_network_acl.private",
            "module.vpc.module.vpc.aws_network_acl.public",
            "module.vpc.module.vpc.aws_network_acl.redshift",
            "module.vpc.module.vpc.aws_network_acl_rule.database_inbound",
            "module.vpc.module.vpc.aws_network_acl_rule.database_outbound",
            "module.vpc.module.vpc.aws_network_acl_rule.elasticache_inbound",
            "module.vpc.module.vpc.aws_network_acl_rule.elasticache_outbound",
            "module.vpc.module.vpc.aws_network_acl_rule.intra_inbound",
            "module.vpc.module.vpc.aws_network_acl_rule.intra_outbound",
            "module.vpc.module.vpc.aws_network_acl_rule.outpost_inbound",
            "module.vpc.module.vpc.aws_network_acl_rule.outpost_outbound",
            "module.vpc.module.vpc.aws_network_acl_rule.private_inbound",
            "module.vpc.module.vpc.aws_network_acl_rule.private_outbound",
            "module.vpc.module.vpc.aws_network_acl_rule.public_inbound",
            "module.vpc.module.vpc.aws_network_acl_rule.public_outbound",
            "module.vpc.module.vpc.aws_network_acl_rule.redshift_inbound",
            "module.vpc.module.vpc.aws_network_acl_rule.redshift_outbound",
            "module.vpc.module.vpc.aws_redshift_subnet_group.redshift",
            "module.vpc.module.vpc.aws_route.database_dns64_nat_gateway",
            "module.vpc.module.vpc.aws_route.database_internet_gateway",
            "module.vpc.module.vpc.aws_route.database_ipv6_egress",
            "module.vpc.module.vpc.aws_route.database_nat_gateway",
            "module.vpc.module.vpc.aws_route.private_dns64_nat_gateway",
            "module.vpc.module.vpc.aws_route.private_ipv6_egress",
            "module.vpc.module.vpc.aws_route.private_nat_gateway",
            "module.vpc.module.vpc.aws_route.public_internet_gateway",
            "module.vpc.module.vpc.aws_route.public_internet_gateway_ipv6",
            "module.vpc.module.vpc.aws_route_table.database",
            "module.vpc.module.vpc.aws_route_table.elasticache",
            "module.vpc.module.vpc.aws_route_table.intra",
            "module.vpc.module.vpc.aws_route_table.private",
            "module.vpc.module.vpc.aws_route_table.public",
            "module.vpc.module.vpc.aws_route_table.redshift",
            "module.vpc.module.vpc.aws_route_table_association.database",
            "module.vpc.module.vpc.aws_route_table_association.elasticache",
            "module.vpc.module.vpc.aws_route_table_association.intra",
            "module.vpc.module.vpc.aws_route_table_association.outpost",
            "module.vpc.module.vpc.aws_route_table_association.private",
            "module.vpc.module.vpc.aws_route_table_association.public",
            "module.vpc.module.vpc.aws_route_table_association.redshift",
            "module.vpc.module.vpc.aws_route_table_association.redshift_public",
            "module.vpc.module.vpc.aws_subnet.database",
            "module.vpc.module.vpc.aws_subnet.elasticache",
            "module.vpc.module.vpc.aws_subnet.intra",
            "module.vpc.module.vpc.aws_subnet.outpost",
            "module.vpc.module.vpc.aws_subnet.private",
            "module.vpc.module.vpc.aws_subnet.public",
            "module.vpc.module.vpc.aws_subnet.redshift",
            "module.vpc.module.vpc.aws_vpc.this",
            "module.vpc.module.vpc.aws_vpc_dhcp_options.this",
            "module.vpc.module.vpc.aws_vpc_dhcp_options_association.this",
            "module.vpc.module.vpc.aws_vpc_ipv4_cidr_block_association.this",
            "module.vpc.module.vpc.aws_vpn_gateway.this",
            "module.vpc.module.vpc.aws_vpn_gateway_attachment.this",
            "module.vpc.module.vpc.aws_vpn_gateway_route_propagation.intra",
            "module.vpc.module.vpc.aws_vpn_gateway_route_propagation.private",
            "module.vpc.module.vpc.aws_vpn_gateway_route_propagation.public",
            "module.vpc.module.vpc.data.aws_caller_identity.current",
            "module.vpc.module.vpc.data.aws_iam_policy_document.flow_log_cloudwatch_assume_role",
            "module.vpc.module.vpc.data.aws_iam_policy_document.vpc_flow_log_cloudwatch",
            "module.vpc.module.vpc.data.aws_partition.current",
            "module.vpc.module.vpc.data.aws_region.current"
          ],
          "create_before_destroy": true
        }
      ]
    },
    {
      "module": "module.eks-cluster.module.eks.module.eks_managed_node_group[\"node_groups\"]",
      "mode": "data",
      "type": "aws_caller_identity",
      "name": "current",
      "provider": "provider[\"registry.terraform.io/hashicorp/aws\"]",
      "instances": [
        {
          "schema_version": 0,
          "attributes": {
            "account_id": "208409385559",
            "arn": "arn:aws:iam::208409385559:user/terraform",
            "id": "208409385559",
            "user_id": "AIDATBBRK3JLVFL65MKNO"
          },
          "sensitive_attributes": []
        }
      ]
    },
    {
      "module": "module.eks-cluster.module.eks.module.eks_managed_node_group[\"node_groups\"]",
      "mode": "data",
      "type": "aws_ec2_instance_type",
      "name": "this",
      "provider": "provider[\"registry.terraform.io/hashicorp/aws\"]",
      "instances": []
    },
    {
      "module": "module.eks-cluster.module.eks.module.eks_managed_node_group[\"node_groups\"]",
      "mode": "data",
      "type": "aws_ec2_instance_type_offerings",
      "name": "this",
      "provider": "provider[\"registry.terraform.io/hashicorp/aws\"]",
      "instances": []
    },
    {
      "module": "module.eks-cluster.module.eks.module.eks_managed_node_group[\"node_groups\"]",
      "mode": "data",
      "type": "aws_iam_policy_document",
      "name": "assume_role_policy",
      "provider": "provider[\"registry.terraform.io/hashicorp/aws\"]",
      "instances": [
        {
          "index_key": 0,
          "schema_version": 0,
          "attributes": {
            "id": "2560088296",
            "json": "{\n  \"Version\": \"2012-10-17\",\n  \"Statement\": [\n    {\n      \"Sid\": \"EKSNodeAssumeRole\",\n      \"Effect\": \"Allow\",\n      \"Action\": \"sts:AssumeRole\",\n      \"Principal\": {\n        \"Service\": \"ec2.amazonaws.com\"\n      }\n    }\n  ]\n}",
            "minified_json": "{\"Version\":\"2012-10-17\",\"Statement\":[{\"Sid\":\"EKSNodeAssumeRole\",\"Effect\":\"Allow\",\"Action\":\"sts:AssumeRole\",\"Principal\":{\"Service\":\"ec2.amazonaws.com\"}}]}",
            "override_json": null,
            "override_policy_documents": null,
            "policy_id": null,
            "source_json": null,
            "source_policy_documents": null,
            "statement": [
              {
                "actions": [
                  "sts:AssumeRole"
                ],
                "condition": [],
                "effect": "Allow",
                "not_actions": [],
                "not_principals": [],
                "not_resources": [],
                "principals": [
                  {
                    "identifiers": [
                      "ec2.amazonaws.com"
                    ],
                    "type": "Service"
                  }
                ],
                "resources": [],
                "sid": "EKSNodeAssumeRole"
              }
            ],
            "version": "2012-10-17"
          },
          "sensitive_attributes": []
        }
      ]
    },
    {
      "module": "module.eks-cluster.module.eks.module.eks_managed_node_group[\"node_groups\"]",
      "mode": "data",
      "type": "aws_partition",
      "name": "current",
      "provider": "provider[\"registry.terraform.io/hashicorp/aws\"]",
      "instances": [
        {
          "schema_version": 0,
          "attributes": {
            "dns_suffix": "amazonaws.com",
            "id": "aws",
            "partition": "aws",
            "reverse_dns_prefix": "com.amazonaws"
          },
          "sensitive_attributes": []
        }
      ]
    },
    {
      "module": "module.eks-cluster.module.eks.module.eks_managed_node_group[\"node_groups\"]",
      "mode": "data",
      "type": "aws_subnets",
      "name": "placement_group",
      "provider": "provider[\"registry.terraform.io/hashicorp/aws\"]",
      "instances": []
    },
    {
      "module": "module.eks-cluster.module.eks.module.eks_managed_node_group[\"node_groups\"]",
      "mode": "managed",
      "type": "aws_iam_role",
      "name": "this",
      "provider": "provider[\"registry.terraform.io/hashicorp/aws\"]",
      "instances": [
        {
          "index_key": 0,
          "schema_version": 0,
          "attributes": {
            "arn": "arn:aws:iam::208409385559:role/node_groups-eks-node-group-20240826055811459500000007",
            "assume_role_policy": "{\"Statement\":[{\"Action\":\"sts:AssumeRole\",\"Effect\":\"Allow\",\"Principal\":{\"Service\":\"ec2.amazonaws.com\"},\"Sid\":\"EKSNodeAssumeRole\"}],\"Version\":\"2012-10-17\"}",
            "create_date": "2024-08-26T05:58:12Z",
            "description": "EKS managed node group IAM role",
            "force_detach_policies": true,
            "id": "node_groups-eks-node-group-20240826055811459500000007",
            "inline_policy": [],
            "managed_policy_arns": [],
            "max_session_duration": 3600,
            "name": "node_groups-eks-node-group-20240826055811459500000007",
            "name_prefix": "node_groups-eks-node-group-",
            "path": "/",
            "permissions_boundary": "",
            "tags": null,
            "tags_all": {},
            "unique_id": "AROATBBRK3JL4LABSF6DN"
          },
          "sensitive_attributes": [],
          "private": "bnVsbA==",
          "dependencies": [
            "module.eks-cluster.module.eks.module.eks_managed_node_group.data.aws_iam_policy_document.assume_role_policy",
            "module.vpc.module.vpc.aws_cloudwatch_log_group.flow_log",
            "module.vpc.module.vpc.aws_customer_gateway.this",
            "module.vpc.module.vpc.aws_db_subnet_group.database",
            "module.vpc.module.vpc.aws_default_network_acl.this",
            "module.vpc.module.vpc.aws_default_route_table.default",
            "module.vpc.module.vpc.aws_default_security_group.this",
            "module.vpc.module.vpc.aws_default_vpc.this",
            "module.vpc.module.vpc.aws_egress_only_internet_gateway.this",
            "module.vpc.module.vpc.aws_eip.nat",
            "module.vpc.module.vpc.aws_elasticache_subnet_group.elasticache",
            "module.vpc.module.vpc.aws_flow_log.this",
            "module.vpc.module.vpc.aws_iam_policy.vpc_flow_log_cloudwatch",
            "module.vpc.module.vpc.aws_iam_role.vpc_flow_log_cloudwatch",
            "module.vpc.module.vpc.aws_iam_role_policy_attachment.vpc_flow_log_cloudwatch",
            "module.vpc.module.vpc.aws_internet_gateway.this",
            "module.vpc.module.vpc.aws_nat_gateway.this",
            "module.vpc.module.vpc.aws_network_acl.database",
            "module.vpc.module.vpc.aws_network_acl.elasticache",
            "module.vpc.module.vpc.aws_network_acl.intra",
            "module.vpc.module.vpc.aws_network_acl.outpost",
            "module.vpc.module.vpc.aws_network_acl.private",
            "module.vpc.module.vpc.aws_network_acl.public",
            "module.vpc.module.vpc.aws_network_acl.redshift",
            "module.vpc.module.vpc.aws_network_acl_rule.database_inbound",
            "module.vpc.module.vpc.aws_network_acl_rule.database_outbound",
            "module.vpc.module.vpc.aws_network_acl_rule.elasticache_inbound",
            "module.vpc.module.vpc.aws_network_acl_rule.elasticache_outbound",
            "module.vpc.module.vpc.aws_network_acl_rule.intra_inbound",
            "module.vpc.module.vpc.aws_network_acl_rule.intra_outbound",
            "module.vpc.module.vpc.aws_network_acl_rule.outpost_inbound",
            "module.vpc.module.vpc.aws_network_acl_rule.outpost_outbound",
            "module.vpc.module.vpc.aws_network_acl_rule.private_inbound",
            "module.vpc.module.vpc.aws_network_acl_rule.private_outbound",
            "module.vpc.module.vpc.aws_network_acl_rule.public_inbound",
            "module.vpc.module.vpc.aws_network_acl_rule.public_outbound",
            "module.vpc.module.vpc.aws_network_acl_rule.redshift_inbound",
            "module.vpc.module.vpc.aws_network_acl_rule.redshift_outbound",
            "module.vpc.module.vpc.aws_redshift_subnet_group.redshift",
            "module.vpc.module.vpc.aws_route.database_dns64_nat_gateway",
            "module.vpc.module.vpc.aws_route.database_internet_gateway",
            "module.vpc.module.vpc.aws_route.database_ipv6_egress",
            "module.vpc.module.vpc.aws_route.database_nat_gateway",
            "module.vpc.module.vpc.aws_route.private_dns64_nat_gateway",
            "module.vpc.module.vpc.aws_route.private_ipv6_egress",
            "module.vpc.module.vpc.aws_route.private_nat_gateway",
            "module.vpc.module.vpc.aws_route.public_internet_gateway",
            "module.vpc.module.vpc.aws_route.public_internet_gateway_ipv6",
            "module.vpc.module.vpc.aws_route_table.database",
            "module.vpc.module.vpc.aws_route_table.elasticache",
            "module.vpc.module.vpc.aws_route_table.intra",
            "module.vpc.module.vpc.aws_route_table.private",
            "module.vpc.module.vpc.aws_route_table.public",
            "module.vpc.module.vpc.aws_route_table.redshift",
            "module.vpc.module.vpc.aws_route_table_association.database",
            "module.vpc.module.vpc.aws_route_table_association.elasticache",
            "module.vpc.module.vpc.aws_route_table_association.intra",
            "module.vpc.module.vpc.aws_route_table_association.outpost",
            "module.vpc.module.vpc.aws_route_table_association.private",
            "module.vpc.module.vpc.aws_route_table_association.public",
            "module.vpc.module.vpc.aws_route_table_association.redshift",
            "module.vpc.module.vpc.aws_route_table_association.redshift_public",
            "module.vpc.module.vpc.aws_subnet.database",
            "module.vpc.module.vpc.aws_subnet.elasticache",
            "module.vpc.module.vpc.aws_subnet.intra",
            "module.vpc.module.vpc.aws_subnet.outpost",
            "module.vpc.module.vpc.aws_subnet.private",
            "module.vpc.module.vpc.aws_subnet.public",
            "module.vpc.module.vpc.aws_subnet.redshift",
            "module.vpc.module.vpc.aws_vpc.this",
            "module.vpc.module.vpc.aws_vpc_dhcp_options.this",
            "module.vpc.module.vpc.aws_vpc_dhcp_options_association.this",
            "module.vpc.module.vpc.aws_vpc_ipv4_cidr_block_association.this",
            "module.vpc.module.vpc.aws_vpn_gateway.this",
            "module.vpc.module.vpc.aws_vpn_gateway_attachment.this",
            "module.vpc.module.vpc.aws_vpn_gateway_route_propagation.intra",
            "module.vpc.module.vpc.aws_vpn_gateway_route_propagation.private",
            "module.vpc.module.vpc.aws_vpn_gateway_route_propagation.public",
            "module.vpc.module.vpc.data.aws_caller_identity.current",
            "module.vpc.module.vpc.data.aws_iam_policy_document.flow_log_cloudwatch_assume_role",
            "module.vpc.module.vpc.data.aws_iam_policy_document.vpc_flow_log_cloudwatch",
            "module.vpc.module.vpc.data.aws_partition.current",
            "module.vpc.module.vpc.data.aws_region.current"
          ],
          "create_before_destroy": true
        }
      ]
    },
    {
      "module": "module.eks-cluster.module.eks.module.eks_managed_node_group[\"node_groups\"]",
      "mode": "managed",
      "type": "aws_iam_role_policy_attachment",
      "name": "additional",
      "provider": "provider[\"registry.terraform.io/hashicorp/aws\"]",
      "instances": []
    },
    {
      "module": "module.eks-cluster.module.eks.module.eks_managed_node_group[\"node_groups\"]",
      "mode": "managed",
      "type": "aws_iam_role_policy_attachment",
      "name": "this",
      "provider": "provider[\"registry.terraform.io/hashicorp/aws\"]",
      "instances": [
        {
          "index_key": "AmazonEC2ContainerRegistryReadOnly",
          "schema_version": 0,
          "attributes": {
            "id": "node_groups-eks-node-group-20240826055811459500000007-20240826055814421800000009",
            "policy_arn": "arn:aws:iam::aws:policy/AmazonEC2ContainerRegistryReadOnly",
            "role": "node_groups-eks-node-group-20240826055811459500000007"
          },
          "sensitive_attributes": [],
          "private": "bnVsbA==",
          "dependencies": [
            "module.eks-cluster.module.eks.module.eks_managed_node_group.aws_iam_role.this",
            "module.eks-cluster.module.eks.module.eks_managed_node_group.data.aws_caller_identity.current",
            "module.eks-cluster.module.eks.module.eks_managed_node_group.data.aws_iam_policy_document.assume_role_policy",
            "module.eks-cluster.module.eks.module.eks_managed_node_group.data.aws_partition.current",
            "module.vpc.module.vpc.aws_cloudwatch_log_group.flow_log",
            "module.vpc.module.vpc.aws_customer_gateway.this",
            "module.vpc.module.vpc.aws_db_subnet_group.database",
            "module.vpc.module.vpc.aws_default_network_acl.this",
            "module.vpc.module.vpc.aws_default_route_table.default",
            "module.vpc.module.vpc.aws_default_security_group.this",
            "module.vpc.module.vpc.aws_default_vpc.this",
            "module.vpc.module.vpc.aws_egress_only_internet_gateway.this",
            "module.vpc.module.vpc.aws_eip.nat",
            "module.vpc.module.vpc.aws_elasticache_subnet_group.elasticache",
            "module.vpc.module.vpc.aws_flow_log.this",
            "module.vpc.module.vpc.aws_iam_policy.vpc_flow_log_cloudwatch",
            "module.vpc.module.vpc.aws_iam_role.vpc_flow_log_cloudwatch",
            "module.vpc.module.vpc.aws_iam_role_policy_attachment.vpc_flow_log_cloudwatch",
            "module.vpc.module.vpc.aws_internet_gateway.this",
            "module.vpc.module.vpc.aws_nat_gateway.this",
            "module.vpc.module.vpc.aws_network_acl.database",
            "module.vpc.module.vpc.aws_network_acl.elasticache",
            "module.vpc.module.vpc.aws_network_acl.intra",
            "module.vpc.module.vpc.aws_network_acl.outpost",
            "module.vpc.module.vpc.aws_network_acl.private",
            "module.vpc.module.vpc.aws_network_acl.public",
            "module.vpc.module.vpc.aws_network_acl.redshift",
            "module.vpc.module.vpc.aws_network_acl_rule.database_inbound",
            "module.vpc.module.vpc.aws_network_acl_rule.database_outbound",
            "module.vpc.module.vpc.aws_network_acl_rule.elasticache_inbound",
            "module.vpc.module.vpc.aws_network_acl_rule.elasticache_outbound",
            "module.vpc.module.vpc.aws_network_acl_rule.intra_inbound",
            "module.vpc.module.vpc.aws_network_acl_rule.intra_outbound",
            "module.vpc.module.vpc.aws_network_acl_rule.outpost_inbound",
            "module.vpc.module.vpc.aws_network_acl_rule.outpost_outbound",
            "module.vpc.module.vpc.aws_network_acl_rule.private_inbound",
            "module.vpc.module.vpc.aws_network_acl_rule.private_outbound",
            "module.vpc.module.vpc.aws_network_acl_rule.public_inbound",
            "module.vpc.module.vpc.aws_network_acl_rule.public_outbound",
            "module.vpc.module.vpc.aws_network_acl_rule.redshift_inbound",
            "module.vpc.module.vpc.aws_network_acl_rule.redshift_outbound",
            "module.vpc.module.vpc.aws_redshift_subnet_group.redshift",
            "module.vpc.module.vpc.aws_route.database_dns64_nat_gateway",
            "module.vpc.module.vpc.aws_route.database_internet_gateway",
            "module.vpc.module.vpc.aws_route.database_ipv6_egress",
            "module.vpc.module.vpc.aws_route.database_nat_gateway",
            "module.vpc.module.vpc.aws_route.private_dns64_nat_gateway",
            "module.vpc.module.vpc.aws_route.private_ipv6_egress",
            "module.vpc.module.vpc.aws_route.private_nat_gateway",
            "module.vpc.module.vpc.aws_route.public_internet_gateway",
            "module.vpc.module.vpc.aws_route.public_internet_gateway_ipv6",
            "module.vpc.module.vpc.aws_route_table.database",
            "module.vpc.module.vpc.aws_route_table.elasticache",
            "module.vpc.module.vpc.aws_route_table.intra",
            "module.vpc.module.vpc.aws_route_table.private",
            "module.vpc.module.vpc.aws_route_table.public",
            "module.vpc.module.vpc.aws_route_table.redshift",
            "module.vpc.module.vpc.aws_route_table_association.database",
            "module.vpc.module.vpc.aws_route_table_association.elasticache",
            "module.vpc.module.vpc.aws_route_table_association.intra",
            "module.vpc.module.vpc.aws_route_table_association.outpost",
            "module.vpc.module.vpc.aws_route_table_association.private",
            "module.vpc.module.vpc.aws_route_table_association.public",
            "module.vpc.module.vpc.aws_route_table_association.redshift",
            "module.vpc.module.vpc.aws_route_table_association.redshift_public",
            "module.vpc.module.vpc.aws_subnet.database",
            "module.vpc.module.vpc.aws_subnet.elasticache",
            "module.vpc.module.vpc.aws_subnet.intra",
            "module.vpc.module.vpc.aws_subnet.outpost",
            "module.vpc.module.vpc.aws_subnet.private",
            "module.vpc.module.vpc.aws_subnet.public",
            "module.vpc.module.vpc.aws_subnet.redshift",
            "module.vpc.module.vpc.aws_vpc.this",
            "module.vpc.module.vpc.aws_vpc_dhcp_options.this",
            "module.vpc.module.vpc.aws_vpc_dhcp_options_association.this",
            "module.vpc.module.vpc.aws_vpc_ipv4_cidr_block_association.this",
            "module.vpc.module.vpc.aws_vpn_gateway.this",
            "module.vpc.module.vpc.aws_vpn_gateway_attachment.this",
            "module.vpc.module.vpc.aws_vpn_gateway_route_propagation.intra",
            "module.vpc.module.vpc.aws_vpn_gateway_route_propagation.private",
            "module.vpc.module.vpc.aws_vpn_gateway_route_propagation.public",
            "module.vpc.module.vpc.data.aws_caller_identity.current",
            "module.vpc.module.vpc.data.aws_iam_policy_document.flow_log_cloudwatch_assume_role",
            "module.vpc.module.vpc.data.aws_iam_policy_document.vpc_flow_log_cloudwatch",
            "module.vpc.module.vpc.data.aws_partition.current",
            "module.vpc.module.vpc.data.aws_region.current"
          ],
          "create_before_destroy": true
        },
        {
          "index_key": "AmazonEKSWorkerNodePolicy",
          "schema_version": 0,
          "attributes": {
            "id": "node_groups-eks-node-group-20240826055811459500000007-2024082605581453940000000a",
            "policy_arn": "arn:aws:iam::aws:policy/AmazonEKSWorkerNodePolicy",
            "role": "node_groups-eks-node-group-20240826055811459500000007"
          },
          "sensitive_attributes": [],
          "private": "bnVsbA==",
          "dependencies": [
            "module.eks-cluster.module.eks.module.eks_managed_node_group.aws_iam_role.this",
            "module.eks-cluster.module.eks.module.eks_managed_node_group.data.aws_caller_identity.current",
            "module.eks-cluster.module.eks.module.eks_managed_node_group.data.aws_iam_policy_document.assume_role_policy",
            "module.eks-cluster.module.eks.module.eks_managed_node_group.data.aws_partition.current",
            "module.vpc.module.vpc.aws_cloudwatch_log_group.flow_log",
            "module.vpc.module.vpc.aws_customer_gateway.this",
            "module.vpc.module.vpc.aws_db_subnet_group.database",
            "module.vpc.module.vpc.aws_default_network_acl.this",
            "module.vpc.module.vpc.aws_default_route_table.default",
            "module.vpc.module.vpc.aws_default_security_group.this",
            "module.vpc.module.vpc.aws_default_vpc.this",
            "module.vpc.module.vpc.aws_egress_only_internet_gateway.this",
            "module.vpc.module.vpc.aws_eip.nat",
            "module.vpc.module.vpc.aws_elasticache_subnet_group.elasticache",
            "module.vpc.module.vpc.aws_flow_log.this",
            "module.vpc.module.vpc.aws_iam_policy.vpc_flow_log_cloudwatch",
            "module.vpc.module.vpc.aws_iam_role.vpc_flow_log_cloudwatch",
            "module.vpc.module.vpc.aws_iam_role_policy_attachment.vpc_flow_log_cloudwatch",
            "module.vpc.module.vpc.aws_internet_gateway.this",
            "module.vpc.module.vpc.aws_nat_gateway.this",
            "module.vpc.module.vpc.aws_network_acl.database",
            "module.vpc.module.vpc.aws_network_acl.elasticache",
            "module.vpc.module.vpc.aws_network_acl.intra",
            "module.vpc.module.vpc.aws_network_acl.outpost",
            "module.vpc.module.vpc.aws_network_acl.private",
            "module.vpc.module.vpc.aws_network_acl.public",
            "module.vpc.module.vpc.aws_network_acl.redshift",
            "module.vpc.module.vpc.aws_network_acl_rule.database_inbound",
            "module.vpc.module.vpc.aws_network_acl_rule.database_outbound",
            "module.vpc.module.vpc.aws_network_acl_rule.elasticache_inbound",
            "module.vpc.module.vpc.aws_network_acl_rule.elasticache_outbound",
            "module.vpc.module.vpc.aws_network_acl_rule.intra_inbound",
            "module.vpc.module.vpc.aws_network_acl_rule.intra_outbound",
            "module.vpc.module.vpc.aws_network_acl_rule.outpost_inbound",
            "module.vpc.module.vpc.aws_network_acl_rule.outpost_outbound",
            "module.vpc.module.vpc.aws_network_acl_rule.private_inbound",
            "module.vpc.module.vpc.aws_network_acl_rule.private_outbound",
            "module.vpc.module.vpc.aws_network_acl_rule.public_inbound",
            "module.vpc.module.vpc.aws_network_acl_rule.public_outbound",
            "module.vpc.module.vpc.aws_network_acl_rule.redshift_inbound",
            "module.vpc.module.vpc.aws_network_acl_rule.redshift_outbound",
            "module.vpc.module.vpc.aws_redshift_subnet_group.redshift",
            "module.vpc.module.vpc.aws_route.database_dns64_nat_gateway",
            "module.vpc.module.vpc.aws_route.database_internet_gateway",
            "module.vpc.module.vpc.aws_route.database_ipv6_egress",
            "module.vpc.module.vpc.aws_route.database_nat_gateway",
            "module.vpc.module.vpc.aws_route.private_dns64_nat_gateway",
            "module.vpc.module.vpc.aws_route.private_ipv6_egress",
            "module.vpc.module.vpc.aws_route.private_nat_gateway",
            "module.vpc.module.vpc.aws_route.public_internet_gateway",
            "module.vpc.module.vpc.aws_route.public_internet_gateway_ipv6",
            "module.vpc.module.vpc.aws_route_table.database",
            "module.vpc.module.vpc.aws_route_table.elasticache",
            "module.vpc.module.vpc.aws_route_table.intra",
            "module.vpc.module.vpc.aws_route_table.private",
            "module.vpc.module.vpc.aws_route_table.public",
            "module.vpc.module.vpc.aws_route_table.redshift",
            "module.vpc.module.vpc.aws_route_table_association.database",
            "module.vpc.module.vpc.aws_route_table_association.elasticache",
            "module.vpc.module.vpc.aws_route_table_association.intra",
            "module.vpc.module.vpc.aws_route_table_association.outpost",
            "module.vpc.module.vpc.aws_route_table_association.private",
            "module.vpc.module.vpc.aws_route_table_association.public",
            "module.vpc.module.vpc.aws_route_table_association.redshift",
            "module.vpc.module.vpc.aws_route_table_association.redshift_public",
            "module.vpc.module.vpc.aws_subnet.database",
            "module.vpc.module.vpc.aws_subnet.elasticache",
            "module.vpc.module.vpc.aws_subnet.intra",
            "module.vpc.module.vpc.aws_subnet.outpost",
            "module.vpc.module.vpc.aws_subnet.private",
            "module.vpc.module.vpc.aws_subnet.public",
            "module.vpc.module.vpc.aws_subnet.redshift",
            "module.vpc.module.vpc.aws_vpc.this",
            "module.vpc.module.vpc.aws_vpc_dhcp_options.this",
            "module.vpc.module.vpc.aws_vpc_dhcp_options_association.this",
            "module.vpc.module.vpc.aws_vpc_ipv4_cidr_block_association.this",
            "module.vpc.module.vpc.aws_vpn_gateway.this",
            "module.vpc.module.vpc.aws_vpn_gateway_attachment.this",
            "module.vpc.module.vpc.aws_vpn_gateway_route_propagation.intra",
            "module.vpc.module.vpc.aws_vpn_gateway_route_propagation.private",
            "module.vpc.module.vpc.aws_vpn_gateway_route_propagation.public",
            "module.vpc.module.vpc.data.aws_caller_identity.current",
            "module.vpc.module.vpc.data.aws_iam_policy_document.flow_log_cloudwatch_assume_role",
            "module.vpc.module.vpc.data.aws_iam_policy_document.vpc_flow_log_cloudwatch",
            "module.vpc.module.vpc.data.aws_partition.current",
            "module.vpc.module.vpc.data.aws_region.current"
          ],
          "create_before_destroy": true
        },
        {
          "index_key": "AmazonEKS_CNI_Policy",
          "schema_version": 0,
          "attributes": {
            "id": "node_groups-eks-node-group-20240826055811459500000007-20240826055814195600000008",
            "policy_arn": "arn:aws:iam::aws:policy/AmazonEKS_CNI_Policy",
            "role": "node_groups-eks-node-group-20240826055811459500000007"
          },
          "sensitive_attributes": [],
          "private": "bnVsbA==",
          "dependencies": [
            "module.eks-cluster.module.eks.module.eks_managed_node_group.aws_iam_role.this",
            "module.eks-cluster.module.eks.module.eks_managed_node_group.data.aws_caller_identity.current",
            "module.eks-cluster.module.eks.module.eks_managed_node_group.data.aws_iam_policy_document.assume_role_policy",
            "module.eks-cluster.module.eks.module.eks_managed_node_group.data.aws_partition.current",
            "module.vpc.module.vpc.aws_cloudwatch_log_group.flow_log",
            "module.vpc.module.vpc.aws_customer_gateway.this",
            "module.vpc.module.vpc.aws_db_subnet_group.database",
            "module.vpc.module.vpc.aws_default_network_acl.this",
            "module.vpc.module.vpc.aws_default_route_table.default",
            "module.vpc.module.vpc.aws_default_security_group.this",
            "module.vpc.module.vpc.aws_default_vpc.this",
            "module.vpc.module.vpc.aws_egress_only_internet_gateway.this",
            "module.vpc.module.vpc.aws_eip.nat",
            "module.vpc.module.vpc.aws_elasticache_subnet_group.elasticache",
            "module.vpc.module.vpc.aws_flow_log.this",
            "module.vpc.module.vpc.aws_iam_policy.vpc_flow_log_cloudwatch",
            "module.vpc.module.vpc.aws_iam_role.vpc_flow_log_cloudwatch",
            "module.vpc.module.vpc.aws_iam_role_policy_attachment.vpc_flow_log_cloudwatch",
            "module.vpc.module.vpc.aws_internet_gateway.this",
            "module.vpc.module.vpc.aws_nat_gateway.this",
            "module.vpc.module.vpc.aws_network_acl.database",
            "module.vpc.module.vpc.aws_network_acl.elasticache",
            "module.vpc.module.vpc.aws_network_acl.intra",
            "module.vpc.module.vpc.aws_network_acl.outpost",
            "module.vpc.module.vpc.aws_network_acl.private",
            "module.vpc.module.vpc.aws_network_acl.public",
            "module.vpc.module.vpc.aws_network_acl.redshift",
            "module.vpc.module.vpc.aws_network_acl_rule.database_inbound",
            "module.vpc.module.vpc.aws_network_acl_rule.database_outbound",
            "module.vpc.module.vpc.aws_network_acl_rule.elasticache_inbound",
            "module.vpc.module.vpc.aws_network_acl_rule.elasticache_outbound",
            "module.vpc.module.vpc.aws_network_acl_rule.intra_inbound",
            "module.vpc.module.vpc.aws_network_acl_rule.intra_outbound",
            "module.vpc.module.vpc.aws_network_acl_rule.outpost_inbound",
            "module.vpc.module.vpc.aws_network_acl_rule.outpost_outbound",
            "module.vpc.module.vpc.aws_network_acl_rule.private_inbound",
            "module.vpc.module.vpc.aws_network_acl_rule.private_outbound",
            "module.vpc.module.vpc.aws_network_acl_rule.public_inbound",
            "module.vpc.module.vpc.aws_network_acl_rule.public_outbound",
            "module.vpc.module.vpc.aws_network_acl_rule.redshift_inbound",
            "module.vpc.module.vpc.aws_network_acl_rule.redshift_outbound",
            "module.vpc.module.vpc.aws_redshift_subnet_group.redshift",
            "module.vpc.module.vpc.aws_route.database_dns64_nat_gateway",
            "module.vpc.module.vpc.aws_route.database_internet_gateway",
            "module.vpc.module.vpc.aws_route.database_ipv6_egress",
            "module.vpc.module.vpc.aws_route.database_nat_gateway",
            "module.vpc.module.vpc.aws_route.private_dns64_nat_gateway",
            "module.vpc.module.vpc.aws_route.private_ipv6_egress",
            "module.vpc.module.vpc.aws_route.private_nat_gateway",
            "module.vpc.module.vpc.aws_route.public_internet_gateway",
            "module.vpc.module.vpc.aws_route.public_internet_gateway_ipv6",
            "module.vpc.module.vpc.aws_route_table.database",
            "module.vpc.module.vpc.aws_route_table.elasticache",
            "module.vpc.module.vpc.aws_route_table.intra",
            "module.vpc.module.vpc.aws_route_table.private",
            "module.vpc.module.vpc.aws_route_table.public",
            "module.vpc.module.vpc.aws_route_table.redshift",
            "module.vpc.module.vpc.aws_route_table_association.database",
            "module.vpc.module.vpc.aws_route_table_association.elasticache",
            "module.vpc.module.vpc.aws_route_table_association.intra",
            "module.vpc.module.vpc.aws_route_table_association.outpost",
            "module.vpc.module.vpc.aws_route_table_association.private",
            "module.vpc.module.vpc.aws_route_table_association.public",
            "module.vpc.module.vpc.aws_route_table_association.redshift",
            "module.vpc.module.vpc.aws_route_table_association.redshift_public",
            "module.vpc.module.vpc.aws_subnet.database",
            "module.vpc.module.vpc.aws_subnet.elasticache",
            "module.vpc.module.vpc.aws_subnet.intra",
            "module.vpc.module.vpc.aws_subnet.outpost",
            "module.vpc.module.vpc.aws_subnet.private",
            "module.vpc.module.vpc.aws_subnet.public",
            "module.vpc.module.vpc.aws_subnet.redshift",
            "module.vpc.module.vpc.aws_vpc.this",
            "module.vpc.module.vpc.aws_vpc_dhcp_options.this",
            "module.vpc.module.vpc.aws_vpc_dhcp_options_association.this",
            "module.vpc.module.vpc.aws_vpc_ipv4_cidr_block_association.this",
            "module.vpc.module.vpc.aws_vpn_gateway.this",
            "module.vpc.module.vpc.aws_vpn_gateway_attachment.this",
            "module.vpc.module.vpc.aws_vpn_gateway_route_propagation.intra",
            "module.vpc.module.vpc.aws_vpn_gateway_route_propagation.private",
            "module.vpc.module.vpc.aws_vpn_gateway_route_propagation.public",
            "module.vpc.module.vpc.data.aws_caller_identity.current",
            "module.vpc.module.vpc.data.aws_iam_policy_document.flow_log_cloudwatch_assume_role",
            "module.vpc.module.vpc.data.aws_iam_policy_document.vpc_flow_log_cloudwatch",
            "module.vpc.module.vpc.data.aws_partition.current",
            "module.vpc.module.vpc.data.aws_region.current"
          ],
          "create_before_destroy": true
        }
      ]
    },
    {
      "module": "module.eks-cluster.module.eks.module.eks_managed_node_group[\"node_groups\"].module.user_data",
      "mode": "data",
      "type": "cloudinit_config",
      "name": "linux_eks_managed_node_group",
      "provider": "provider[\"registry.terraform.io/hashicorp/cloudinit\"]",
      "instances": []
    },
    {
      "module": "module.eks-cluster.module.eks.module.kms",
      "mode": "data",
      "type": "aws_caller_identity",
      "name": "current",
      "provider": "provider[\"registry.terraform.io/hashicorp/aws\"]",
      "instances": [
        {
          "index_key": 0,
          "schema_version": 0,
          "attributes": {
            "account_id": "208409385559",
            "arn": "arn:aws:iam::208409385559:user/terraform",
            "id": "208409385559",
            "user_id": "AIDATBBRK3JLVFL65MKNO"
          },
          "sensitive_attributes": []
        }
      ]
    },
    {
      "module": "module.eks-cluster.module.eks.module.kms",
      "mode": "data",
      "type": "aws_iam_policy_document",
      "name": "this",
      "provider": "provider[\"registry.terraform.io/hashicorp/aws\"]",
      "instances": [
        {
          "index_key": 0,
          "schema_version": 0,
          "attributes": {
            "id": "1547941845",
            "json": "{\n  \"Version\": \"2012-10-17\",\n  \"Statement\": [\n    {\n      \"Sid\": \"Default\",\n      \"Effect\": \"Allow\",\n      \"Action\": \"kms:*\",\n      \"Resource\": \"*\",\n      \"Principal\": {\n        \"AWS\": \"arn:aws:iam::208409385559:root\"\n      }\n    },\n    {\n      \"Sid\": \"KeyAdministration\",\n      \"Effect\": \"Allow\",\n      \"Action\": [\n        \"kms:Update*\",\n        \"kms:UntagResource\",\n        \"kms:TagResource\",\n        \"kms:ScheduleKeyDeletion\",\n        \"kms:Revoke*\",\n        \"kms:ReplicateKey\",\n        \"kms:Put*\",\n        \"kms:List*\",\n        \"kms:ImportKeyMaterial\",\n        \"kms:Get*\",\n        \"kms:Enable*\",\n        \"kms:Disable*\",\n        \"kms:Describe*\",\n        \"kms:Delete*\",\n        \"kms:Create*\",\n        \"kms:CancelKeyDeletion\"\n      ],\n      \"Resource\": \"*\",\n      \"Principal\": {\n        \"AWS\": \"arn:aws:iam::208409385559:user/terraform\"\n      }\n    },\n    {\n      \"Sid\": \"KeyUsage\",\n      \"Effect\": \"Allow\",\n      \"Action\": [\n        \"kms:ReEncrypt*\",\n        \"kms:GenerateDataKey*\",\n        \"kms:Encrypt\",\n        \"kms:DescribeKey\",\n        \"kms:Decrypt\"\n      ],\n      \"Resource\": \"*\",\n      \"Principal\": {\n        \"AWS\": \"arn:aws:iam::208409385559:role/ARRK-eks-app-cluster-20240826055811455700000006\"\n      }\n    }\n  ]\n}",
            "minified_json": "{\"Version\":\"2012-10-17\",\"Statement\":[{\"Sid\":\"Default\",\"Effect\":\"Allow\",\"Action\":\"kms:*\",\"Resource\":\"*\",\"Principal\":{\"AWS\":\"arn:aws:iam::208409385559:root\"}},{\"Sid\":\"KeyAdministration\",\"Effect\":\"Allow\",\"Action\":[\"kms:Update*\",\"kms:UntagResource\",\"kms:TagResource\",\"kms:ScheduleKeyDeletion\",\"kms:Revoke*\",\"kms:ReplicateKey\",\"kms:Put*\",\"kms:List*\",\"kms:ImportKeyMaterial\",\"kms:Get*\",\"kms:Enable*\",\"kms:Disable*\",\"kms:Describe*\",\"kms:Delete*\",\"kms:Create*\",\"kms:CancelKeyDeletion\"],\"Resource\":\"*\",\"Principal\":{\"AWS\":\"arn:aws:iam::208409385559:user/terraform\"}},{\"Sid\":\"KeyUsage\",\"Effect\":\"Allow\",\"Action\":[\"kms:ReEncrypt*\",\"kms:GenerateDataKey*\",\"kms:Encrypt\",\"kms:DescribeKey\",\"kms:Decrypt\"],\"Resource\":\"*\",\"Principal\":{\"AWS\":\"arn:aws:iam::208409385559:role/ARRK-eks-app-cluster-20240826055811455700000006\"}}]}",
            "override_json": null,
            "override_policy_documents": null,
            "policy_id": null,
            "source_json": null,
            "source_policy_documents": null,
            "statement": [
              {
                "actions": [
                  "kms:*"
                ],
                "condition": [],
                "effect": "Allow",
                "not_actions": [],
                "not_principals": [],
                "not_resources": [],
                "principals": [
                  {
                    "identifiers": [
                      "arn:aws:iam::208409385559:root"
                    ],
                    "type": "AWS"
                  }
                ],
                "resources": [
                  "*"
                ],
                "sid": "Default"
              },
              {
                "actions": [
                  "kms:CancelKeyDeletion",
                  "kms:Create*",
                  "kms:Delete*",
                  "kms:Describe*",
                  "kms:Disable*",
                  "kms:Enable*",
                  "kms:Get*",
                  "kms:ImportKeyMaterial",
                  "kms:List*",
                  "kms:Put*",
                  "kms:ReplicateKey",
                  "kms:Revoke*",
                  "kms:ScheduleKeyDeletion",
                  "kms:TagResource",
                  "kms:UntagResource",
                  "kms:Update*"
                ],
                "condition": [],
                "effect": "Allow",
                "not_actions": [],
                "not_principals": [],
                "not_resources": [],
                "principals": [
                  {
                    "identifiers": [
                      "arn:aws:iam::208409385559:user/terraform"
                    ],
                    "type": "AWS"
                  }
                ],
                "resources": [
                  "*"
                ],
                "sid": "KeyAdministration"
              },
              {
                "actions": [
                  "kms:Decrypt",
                  "kms:DescribeKey",
                  "kms:Encrypt",
                  "kms:GenerateDataKey*",
                  "kms:ReEncrypt*"
                ],
                "condition": [],
                "effect": "Allow",
                "not_actions": [],
                "not_principals": [],
                "not_resources": [],
                "principals": [
                  {
                    "identifiers": [
                      "arn:aws:iam::208409385559:role/ARRK-eks-app-cluster-20240826055811455700000006"
                    ],
                    "type": "AWS"
                  }
                ],
                "resources": [
                  "*"
                ],
                "sid": "KeyUsage"
              }
            ],
            "version": "2012-10-17"
          },
          "sensitive_attributes": []
        }
      ]
    },
    {
      "module": "module.eks-cluster.module.eks.module.kms",
      "mode": "data",
      "type": "aws_partition",
      "name": "current",
      "provider": "provider[\"registry.terraform.io/hashicorp/aws\"]",
      "instances": [
        {
          "index_key": 0,
          "schema_version": 0,
          "attributes": {
            "dns_suffix": "amazonaws.com",
            "id": "aws",
            "partition": "aws",
            "reverse_dns_prefix": "com.amazonaws"
          },
          "sensitive_attributes": []
        }
      ]
    },
    {
      "module": "module.eks-cluster.module.eks.module.kms",
      "mode": "managed",
      "type": "aws_kms_alias",
      "name": "this",
      "provider": "provider[\"registry.terraform.io/hashicorp/aws\"]",
      "instances": [
        {
          "index_key": "cluster",
          "schema_version": 0,
          "attributes": {
            "arn": "arn:aws:kms:eu-central-1:208409385559:alias/eks/ARRK-eks-app",
            "id": "alias/eks/ARRK-eks-app",
            "name": "alias/eks/ARRK-eks-app",
            "name_prefix": "",
            "target_key_arn": "arn:aws:kms:eu-central-1:208409385559:key/d73d2330-ac25-46d2-968d-1405f8b0947e",
            "target_key_id": "d73d2330-ac25-46d2-968d-1405f8b0947e"
          },
          "sensitive_attributes": [],
          "private": "bnVsbA==",
          "dependencies": [
            "module.eks-cluster.module.eks.aws_iam_role.this",
            "module.eks-cluster.module.eks.data.aws_caller_identity.current",
            "module.eks-cluster.module.eks.data.aws_iam_policy_document.assume_role_policy",
            "module.eks-cluster.module.eks.data.aws_iam_session_context.current",
            "module.eks-cluster.module.eks.module.kms.aws_kms_external_key.this",
            "module.eks-cluster.module.eks.module.kms.aws_kms_key.this",
            "module.eks-cluster.module.eks.module.kms.aws_kms_replica_external_key.this",
            "module.eks-cluster.module.eks.module.kms.aws_kms_replica_key.this",
            "module.eks-cluster.module.eks.module.kms.data.aws_caller_identity.current",
            "module.eks-cluster.module.eks.module.kms.data.aws_iam_policy_document.this",
            "module.eks-cluster.module.eks.module.kms.data.aws_partition.current",
            "module.vpc.module.vpc.aws_cloudwatch_log_group.flow_log",
            "module.vpc.module.vpc.aws_customer_gateway.this",
            "module.vpc.module.vpc.aws_db_subnet_group.database",
            "module.vpc.module.vpc.aws_default_network_acl.this",
            "module.vpc.module.vpc.aws_default_route_table.default",
            "module.vpc.module.vpc.aws_default_security_group.this",
            "module.vpc.module.vpc.aws_default_vpc.this",
            "module.vpc.module.vpc.aws_egress_only_internet_gateway.this",
            "module.vpc.module.vpc.aws_eip.nat",
            "module.vpc.module.vpc.aws_elasticache_subnet_group.elasticache",
            "module.vpc.module.vpc.aws_flow_log.this",
            "module.vpc.module.vpc.aws_iam_policy.vpc_flow_log_cloudwatch",
            "module.vpc.module.vpc.aws_iam_role.vpc_flow_log_cloudwatch",
            "module.vpc.module.vpc.aws_iam_role_policy_attachment.vpc_flow_log_cloudwatch",
            "module.vpc.module.vpc.aws_internet_gateway.this",
            "module.vpc.module.vpc.aws_nat_gateway.this",
            "module.vpc.module.vpc.aws_network_acl.database",
            "module.vpc.module.vpc.aws_network_acl.elasticache",
            "module.vpc.module.vpc.aws_network_acl.intra",
            "module.vpc.module.vpc.aws_network_acl.outpost",
            "module.vpc.module.vpc.aws_network_acl.private",
            "module.vpc.module.vpc.aws_network_acl.public",
            "module.vpc.module.vpc.aws_network_acl.redshift",
            "module.vpc.module.vpc.aws_network_acl_rule.database_inbound",
            "module.vpc.module.vpc.aws_network_acl_rule.database_outbound",
            "module.vpc.module.vpc.aws_network_acl_rule.elasticache_inbound",
            "module.vpc.module.vpc.aws_network_acl_rule.elasticache_outbound",
            "module.vpc.module.vpc.aws_network_acl_rule.intra_inbound",
            "module.vpc.module.vpc.aws_network_acl_rule.intra_outbound",
            "module.vpc.module.vpc.aws_network_acl_rule.outpost_inbound",
            "module.vpc.module.vpc.aws_network_acl_rule.outpost_outbound",
            "module.vpc.module.vpc.aws_network_acl_rule.private_inbound",
            "module.vpc.module.vpc.aws_network_acl_rule.private_outbound",
            "module.vpc.module.vpc.aws_network_acl_rule.public_inbound",
            "module.vpc.module.vpc.aws_network_acl_rule.public_outbound",
            "module.vpc.module.vpc.aws_network_acl_rule.redshift_inbound",
            "module.vpc.module.vpc.aws_network_acl_rule.redshift_outbound",
            "module.vpc.module.vpc.aws_redshift_subnet_group.redshift",
            "module.vpc.module.vpc.aws_route.database_dns64_nat_gateway",
            "module.vpc.module.vpc.aws_route.database_internet_gateway",
            "module.vpc.module.vpc.aws_route.database_ipv6_egress",
            "module.vpc.module.vpc.aws_route.database_nat_gateway",
            "module.vpc.module.vpc.aws_route.private_dns64_nat_gateway",
            "module.vpc.module.vpc.aws_route.private_ipv6_egress",
            "module.vpc.module.vpc.aws_route.private_nat_gateway",
            "module.vpc.module.vpc.aws_route.public_internet_gateway",
            "module.vpc.module.vpc.aws_route.public_internet_gateway_ipv6",
            "module.vpc.module.vpc.aws_route_table.database",
            "module.vpc.module.vpc.aws_route_table.elasticache",
            "module.vpc.module.vpc.aws_route_table.intra",
            "module.vpc.module.vpc.aws_route_table.private",
            "module.vpc.module.vpc.aws_route_table.public",
            "module.vpc.module.vpc.aws_route_table.redshift",
            "module.vpc.module.vpc.aws_route_table_association.database",
            "module.vpc.module.vpc.aws_route_table_association.elasticache",
            "module.vpc.module.vpc.aws_route_table_association.intra",
            "module.vpc.module.vpc.aws_route_table_association.outpost",
            "module.vpc.module.vpc.aws_route_table_association.private",
            "module.vpc.module.vpc.aws_route_table_association.public",
            "module.vpc.module.vpc.aws_route_table_association.redshift",
            "module.vpc.module.vpc.aws_route_table_association.redshift_public",
            "module.vpc.module.vpc.aws_subnet.database",
            "module.vpc.module.vpc.aws_subnet.elasticache",
            "module.vpc.module.vpc.aws_subnet.intra",
            "module.vpc.module.vpc.aws_subnet.outpost",
            "module.vpc.module.vpc.aws_subnet.private",
            "module.vpc.module.vpc.aws_subnet.public",
            "module.vpc.module.vpc.aws_subnet.redshift",
            "module.vpc.module.vpc.aws_vpc.this",
            "module.vpc.module.vpc.aws_vpc_dhcp_options.this",
            "module.vpc.module.vpc.aws_vpc_dhcp_options_association.this",
            "module.vpc.module.vpc.aws_vpc_ipv4_cidr_block_association.this",
            "module.vpc.module.vpc.aws_vpn_gateway.this",
            "module.vpc.module.vpc.aws_vpn_gateway_attachment.this",
            "module.vpc.module.vpc.aws_vpn_gateway_route_propagation.intra",
            "module.vpc.module.vpc.aws_vpn_gateway_route_propagation.private",
            "module.vpc.module.vpc.aws_vpn_gateway_route_propagation.public",
            "module.vpc.module.vpc.data.aws_caller_identity.current",
            "module.vpc.module.vpc.data.aws_iam_policy_document.flow_log_cloudwatch_assume_role",
            "module.vpc.module.vpc.data.aws_iam_policy_document.vpc_flow_log_cloudwatch",
            "module.vpc.module.vpc.data.aws_partition.current",
            "module.vpc.module.vpc.data.aws_region.current"
          ]
        }
      ]
    },
    {
      "module": "module.eks-cluster.module.eks.module.kms",
      "mode": "managed",
      "type": "aws_kms_external_key",
      "name": "this",
      "provider": "provider[\"registry.terraform.io/hashicorp/aws\"]",
      "instances": []
    },
    {
      "module": "module.eks-cluster.module.eks.module.kms",
      "mode": "managed",
      "type": "aws_kms_key",
      "name": "this",
      "provider": "provider[\"registry.terraform.io/hashicorp/aws\"]",
      "instances": [
        {
          "index_key": 0,
          "schema_version": 0,
          "attributes": {
            "arn": "arn:aws:kms:eu-central-1:208409385559:key/d73d2330-ac25-46d2-968d-1405f8b0947e",
            "bypass_policy_lockout_safety_check": false,
            "custom_key_store_id": "",
            "customer_master_key_spec": "SYMMETRIC_DEFAULT",
            "deletion_window_in_days": null,
            "description": "ARRK-eks-app cluster encryption key",
            "enable_key_rotation": true,
            "id": "d73d2330-ac25-46d2-968d-1405f8b0947e",
            "is_enabled": true,
            "key_id": "d73d2330-ac25-46d2-968d-1405f8b0947e",
            "key_usage": "ENCRYPT_DECRYPT",
            "multi_region": false,
            "policy": "{\"Statement\":[{\"Action\":\"kms:*\",\"Effect\":\"Allow\",\"Principal\":{\"AWS\":\"arn:aws:iam::208409385559:root\"},\"Resource\":\"*\",\"Sid\":\"Default\"},{\"Action\":[\"kms:Update*\",\"kms:UntagResource\",\"kms:TagResource\",\"kms:ScheduleKeyDeletion\",\"kms:Revoke*\",\"kms:ReplicateKey\",\"kms:Put*\",\"kms:List*\",\"kms:ImportKeyMaterial\",\"kms:Get*\",\"kms:Enable*\",\"kms:Disable*\",\"kms:Describe*\",\"kms:Delete*\",\"kms:Create*\",\"kms:CancelKeyDeletion\"],\"Effect\":\"Allow\",\"Principal\":{\"AWS\":\"arn:aws:iam::208409385559:user/terraform\"},\"Resource\":\"*\",\"Sid\":\"KeyAdministration\"},{\"Action\":[\"kms:ReEncrypt*\",\"kms:GenerateDataKey*\",\"kms:Encrypt\",\"kms:DescribeKey\",\"kms:Decrypt\"],\"Effect\":\"Allow\",\"Principal\":{\"AWS\":\"arn:aws:iam::208409385559:role/ARRK-eks-app-cluster-20240826055811455700000006\"},\"Resource\":\"*\",\"Sid\":\"KeyUsage\"}],\"Version\":\"2012-10-17\"}",
            "rotation_period_in_days": 365,
            "tags": {
              "terraform-aws-modules": "eks"
            },
            "tags_all": {
              "terraform-aws-modules": "eks"
            },
            "timeouts": null,
            "xks_key_id": ""
          },
          "sensitive_attributes": [],
          "private": "eyJlMmJmYjczMC1lY2FhLTExZTYtOGY4OC0zNDM2M2JjN2M0YzAiOnsiY3JlYXRlIjoxMjAwMDAwMDAwMDB9fQ==",
          "dependencies": [
            "module.eks-cluster.module.eks.aws_iam_role.this",
            "module.eks-cluster.module.eks.data.aws_caller_identity.current",
            "module.eks-cluster.module.eks.data.aws_iam_policy_document.assume_role_policy",
            "module.eks-cluster.module.eks.data.aws_iam_session_context.current",
            "module.eks-cluster.module.eks.module.kms.data.aws_caller_identity.current",
            "module.eks-cluster.module.eks.module.kms.data.aws_iam_policy_document.this",
            "module.eks-cluster.module.eks.module.kms.data.aws_partition.current",
            "module.vpc.module.vpc.aws_cloudwatch_log_group.flow_log",
            "module.vpc.module.vpc.aws_customer_gateway.this",
            "module.vpc.module.vpc.aws_db_subnet_group.database",
            "module.vpc.module.vpc.aws_default_network_acl.this",
            "module.vpc.module.vpc.aws_default_route_table.default",
            "module.vpc.module.vpc.aws_default_security_group.this",
            "module.vpc.module.vpc.aws_default_vpc.this",
            "module.vpc.module.vpc.aws_egress_only_internet_gateway.this",
            "module.vpc.module.vpc.aws_eip.nat",
            "module.vpc.module.vpc.aws_elasticache_subnet_group.elasticache",
            "module.vpc.module.vpc.aws_flow_log.this",
            "module.vpc.module.vpc.aws_iam_policy.vpc_flow_log_cloudwatch",
            "module.vpc.module.vpc.aws_iam_role.vpc_flow_log_cloudwatch",
            "module.vpc.module.vpc.aws_iam_role_policy_attachment.vpc_flow_log_cloudwatch",
            "module.vpc.module.vpc.aws_internet_gateway.this",
            "module.vpc.module.vpc.aws_nat_gateway.this",
            "module.vpc.module.vpc.aws_network_acl.database",
            "module.vpc.module.vpc.aws_network_acl.elasticache",
            "module.vpc.module.vpc.aws_network_acl.intra",
            "module.vpc.module.vpc.aws_network_acl.outpost",
            "module.vpc.module.vpc.aws_network_acl.private",
            "module.vpc.module.vpc.aws_network_acl.public",
            "module.vpc.module.vpc.aws_network_acl.redshift",
            "module.vpc.module.vpc.aws_network_acl_rule.database_inbound",
            "module.vpc.module.vpc.aws_network_acl_rule.database_outbound",
            "module.vpc.module.vpc.aws_network_acl_rule.elasticache_inbound",
            "module.vpc.module.vpc.aws_network_acl_rule.elasticache_outbound",
            "module.vpc.module.vpc.aws_network_acl_rule.intra_inbound",
            "module.vpc.module.vpc.aws_network_acl_rule.intra_outbound",
            "module.vpc.module.vpc.aws_network_acl_rule.outpost_inbound",
            "module.vpc.module.vpc.aws_network_acl_rule.outpost_outbound",
            "module.vpc.module.vpc.aws_network_acl_rule.private_inbound",
            "module.vpc.module.vpc.aws_network_acl_rule.private_outbound",
            "module.vpc.module.vpc.aws_network_acl_rule.public_inbound",
            "module.vpc.module.vpc.aws_network_acl_rule.public_outbound",
            "module.vpc.module.vpc.aws_network_acl_rule.redshift_inbound",
            "module.vpc.module.vpc.aws_network_acl_rule.redshift_outbound",
            "module.vpc.module.vpc.aws_redshift_subnet_group.redshift",
            "module.vpc.module.vpc.aws_route.database_dns64_nat_gateway",
            "module.vpc.module.vpc.aws_route.database_internet_gateway",
            "module.vpc.module.vpc.aws_route.database_ipv6_egress",
            "module.vpc.module.vpc.aws_route.database_nat_gateway",
            "module.vpc.module.vpc.aws_route.private_dns64_nat_gateway",
            "module.vpc.module.vpc.aws_route.private_ipv6_egress",
            "module.vpc.module.vpc.aws_route.private_nat_gateway",
            "module.vpc.module.vpc.aws_route.public_internet_gateway",
            "module.vpc.module.vpc.aws_route.public_internet_gateway_ipv6",
            "module.vpc.module.vpc.aws_route_table.database",
            "module.vpc.module.vpc.aws_route_table.elasticache",
            "module.vpc.module.vpc.aws_route_table.intra",
            "module.vpc.module.vpc.aws_route_table.private",
            "module.vpc.module.vpc.aws_route_table.public",
            "module.vpc.module.vpc.aws_route_table.redshift",
            "module.vpc.module.vpc.aws_route_table_association.database",
            "module.vpc.module.vpc.aws_route_table_association.elasticache",
            "module.vpc.module.vpc.aws_route_table_association.intra",
            "module.vpc.module.vpc.aws_route_table_association.outpost",
            "module.vpc.module.vpc.aws_route_table_association.private",
            "module.vpc.module.vpc.aws_route_table_association.public",
            "module.vpc.module.vpc.aws_route_table_association.redshift",
            "module.vpc.module.vpc.aws_route_table_association.redshift_public",
            "module.vpc.module.vpc.aws_subnet.database",
            "module.vpc.module.vpc.aws_subnet.elasticache",
            "module.vpc.module.vpc.aws_subnet.intra",
            "module.vpc.module.vpc.aws_subnet.outpost",
            "module.vpc.module.vpc.aws_subnet.private",
            "module.vpc.module.vpc.aws_subnet.public",
            "module.vpc.module.vpc.aws_subnet.redshift",
            "module.vpc.module.vpc.aws_vpc.this",
            "module.vpc.module.vpc.aws_vpc_dhcp_options.this",
            "module.vpc.module.vpc.aws_vpc_dhcp_options_association.this",
            "module.vpc.module.vpc.aws_vpc_ipv4_cidr_block_association.this",
            "module.vpc.module.vpc.aws_vpn_gateway.this",
            "module.vpc.module.vpc.aws_vpn_gateway_attachment.this",
            "module.vpc.module.vpc.aws_vpn_gateway_route_propagation.intra",
            "module.vpc.module.vpc.aws_vpn_gateway_route_propagation.private",
            "module.vpc.module.vpc.aws_vpn_gateway_route_propagation.public",
            "module.vpc.module.vpc.data.aws_caller_identity.current",
            "module.vpc.module.vpc.data.aws_iam_policy_document.flow_log_cloudwatch_assume_role",
            "module.vpc.module.vpc.data.aws_iam_policy_document.vpc_flow_log_cloudwatch",
            "module.vpc.module.vpc.data.aws_partition.current",
            "module.vpc.module.vpc.data.aws_region.current"
          ],
          "create_before_destroy": true
        }
      ]
    },
    {
      "module": "module.eks-cluster.module.eks.module.kms",
      "mode": "managed",
      "type": "aws_kms_replica_external_key",
      "name": "this",
      "provider": "provider[\"registry.terraform.io/hashicorp/aws\"]",
      "instances": []
    },
    {
      "module": "module.eks-cluster.module.eks.module.kms",
      "mode": "managed",
      "type": "aws_kms_replica_key",
      "name": "this",
      "provider": "provider[\"registry.terraform.io/hashicorp/aws\"]",
      "instances": []
    },
    {
      "module": "module.vpc.module.vpc",
      "mode": "managed",
      "type": "aws_default_network_acl",
      "name": "this",
      "provider": "provider[\"registry.terraform.io/hashicorp/aws\"]",
      "instances": [
        {
          "index_key": 0,
          "schema_version": 0,
          "attributes": {
            "arn": "arn:aws:ec2:eu-central-1:208409385559:network-acl/acl-07c14314f8adb74bf",
            "default_network_acl_id": "acl-07c14314f8adb74bf",
            "egress": [
              {
                "action": "allow",
                "cidr_block": "",
                "from_port": 0,
                "icmp_code": null,
                "icmp_type": null,
                "ipv6_cidr_block": "::/0",
                "protocol": "-1",
                "rule_no": 101,
                "to_port": 0
              },
              {
                "action": "allow",
                "cidr_block": "0.0.0.0/0",
                "from_port": 0,
                "icmp_code": null,
                "icmp_type": null,
                "ipv6_cidr_block": "",
                "protocol": "-1",
                "rule_no": 100,
                "to_port": 0
              }
            ],
            "id": "acl-07c14314f8adb74bf",
            "ingress": [
              {
                "action": "allow",
                "cidr_block": "",
                "from_port": 0,
                "icmp_code": null,
                "icmp_type": null,
                "ipv6_cidr_block": "::/0",
                "protocol": "-1",
                "rule_no": 101,
                "to_port": 0
              },
              {
                "action": "allow",
                "cidr_block": "0.0.0.0/0",
                "from_port": 0,
                "icmp_code": null,
                "icmp_type": null,
                "ipv6_cidr_block": "",
                "protocol": "-1",
                "rule_no": 100,
                "to_port": 0
              }
            ],
            "owner_id": "208409385559",
            "subnet_ids": [
              "subnet-00cea40eb0ea116a7",
              "subnet-0368515f65fd9a4bb",
              "subnet-05942d560c98b247e",
              "subnet-0fbcb433f365bd8a9"
            ],
            "tags": {
              "Environment": "staging",
              "Name": "react-app-2048-vpc-default",
              "kubernetes.io/cluster/ARRK-eks-app": "shared"
            },
            "tags_all": {
              "Environment": "staging",
              "Name": "react-app-2048-vpc-default",
              "kubernetes.io/cluster/ARRK-eks-app": "shared"
            },
            "vpc_id": "vpc-063c359d1c04a6215"
          },
          "sensitive_attributes": [],
          "private": "bnVsbA==",
          "dependencies": [
            "module.vpc.module.vpc.aws_vpc.this"
          ],
          "create_before_destroy": true
        }
      ]
    },
    {
      "module": "module.vpc.module.vpc",
      "mode": "managed",
      "type": "aws_default_route_table",
      "name": "default",
      "provider": "provider[\"registry.terraform.io/hashicorp/aws\"]",
      "instances": [
        {
          "index_key": 0,
          "schema_version": 0,
          "attributes": {
            "arn": "arn:aws:ec2:eu-central-1:208409385559:route-table/rtb-0f94b59f5147b7571",
            "default_route_table_id": "rtb-0f94b59f5147b7571",
            "id": "rtb-0f94b59f5147b7571",
            "owner_id": "208409385559",
            "propagating_vgws": null,
            "route": [],
            "tags": {
              "Environment": "staging",
              "Name": "react-app-2048-vpc-default",
              "kubernetes.io/cluster/ARRK-eks-app": "shared"
            },
            "tags_all": {
              "Environment": "staging",
              "Name": "react-app-2048-vpc-default",
              "kubernetes.io/cluster/ARRK-eks-app": "shared"
            },
            "timeouts": {
              "create": "5m",
              "update": "5m"
            },
            "vpc_id": "vpc-063c359d1c04a6215"
          },
          "sensitive_attributes": [],
          "private": "eyJlMmJmYjczMC1lY2FhLTExZTYtOGY4OC0zNDM2M2JjN2M0YzAiOnsiY3JlYXRlIjozMDAwMDAwMDAwMDAsInVwZGF0ZSI6MzAwMDAwMDAwMDAwfX0=",
          "dependencies": [
            "module.vpc.module.vpc.aws_vpc.this"
          ],
          "create_before_destroy": true
        }
      ]
    },
    {
      "module": "module.vpc.module.vpc",
      "mode": "managed",
      "type": "aws_default_security_group",
      "name": "this",
      "provider": "provider[\"registry.terraform.io/hashicorp/aws\"]",
      "instances": [
        {
          "index_key": 0,
          "schema_version": 1,
          "attributes": {
            "arn": "arn:aws:ec2:eu-central-1:208409385559:security-group/sg-0a5d2a1e7d4587329",
            "description": "default VPC security group",
            "egress": [],
            "id": "sg-0a5d2a1e7d4587329",
            "ingress": [],
            "name": "default",
            "name_prefix": "",
            "owner_id": "208409385559",
            "revoke_rules_on_delete": false,
            "tags": {
              "Environment": "staging",
              "Name": "react-app-2048-vpc-default",
              "kubernetes.io/cluster/ARRK-eks-app": "shared"
            },
            "tags_all": {
              "Environment": "staging",
              "Name": "react-app-2048-vpc-default",
              "kubernetes.io/cluster/ARRK-eks-app": "shared"
            },
            "vpc_id": "vpc-063c359d1c04a6215"
          },
          "sensitive_attributes": [],
          "private": "eyJzY2hlbWFfdmVyc2lvbiI6IjEifQ==",
          "dependencies": [
            "module.vpc.module.vpc.aws_vpc.this"
          ],
          "create_before_destroy": true
        }
      ]
    },
    {
      "module": "module.vpc.module.vpc",
      "mode": "managed",
      "type": "aws_eip",
      "name": "nat",
      "provider": "provider[\"registry.terraform.io/hashicorp/aws\"]",
      "instances": [
        {
          "index_key": 0,
          "schema_version": 0,
          "attributes": {
            "address": null,
            "allocation_id": "eipalloc-0007fb55e5697bc3a",
            "arn": "arn:aws:ec2:eu-central-1:208409385559:elastic-ip/eipalloc-0007fb55e5697bc3a",
            "associate_with_private_ip": null,
            "association_id": "",
            "carrier_ip": "",
            "customer_owned_ip": "",
            "customer_owned_ipv4_pool": "",
            "domain": "vpc",
            "id": "eipalloc-0007fb55e5697bc3a",
            "instance": "",
            "network_border_group": "eu-central-1",
            "network_interface": "",
            "private_dns": null,
            "private_ip": "",
            "ptr_record": "",
            "public_dns": "ec2-3-124-197-211.eu-central-1.compute.amazonaws.com",
            "public_ip": "3.124.197.211",
            "public_ipv4_pool": "amazon",
            "tags": {
              "Environment": "staging",
              "Name": "react-app-2048-vpc-eu-central-1a",
              "kubernetes.io/cluster/ARRK-eks-app": "shared"
            },
            "tags_all": {
              "Environment": "staging",
              "Name": "react-app-2048-vpc-eu-central-1a",
              "kubernetes.io/cluster/ARRK-eks-app": "shared"
            },
            "timeouts": null,
            "vpc": true
          },
          "sensitive_attributes": [],
          "private": "eyJlMmJmYjczMC1lY2FhLTExZTYtOGY4OC0zNDM2M2JjN2M0YzAiOnsiZGVsZXRlIjoxODAwMDAwMDAwMDAsInJlYWQiOjkwMDAwMDAwMDAwMCwidXBkYXRlIjozMDAwMDAwMDAwMDB9fQ==",
          "dependencies": [
            "module.vpc.module.vpc.aws_internet_gateway.this",
            "module.vpc.module.vpc.aws_vpc.this",
            "module.vpc.module.vpc.aws_vpc_ipv4_cidr_block_association.this"
          ],
          "create_before_destroy": true
        }
      ]
    },
    {
      "module": "module.vpc.module.vpc",
      "mode": "managed",
      "type": "aws_internet_gateway",
      "name": "this",
      "provider": "provider[\"registry.terraform.io/hashicorp/aws\"]",
      "instances": [
        {
          "index_key": 0,
          "schema_version": 0,
          "attributes": {
            "arn": "arn:aws:ec2:eu-central-1:208409385559:internet-gateway/igw-07afefe1db4a0a6a5",
            "id": "igw-07afefe1db4a0a6a5",
            "owner_id": "208409385559",
            "tags": {
              "Environment": "staging",
              "Name": "react-app-2048-vpc",
              "kubernetes.io/cluster/ARRK-eks-app": "shared"
            },
            "tags_all": {
              "Environment": "staging",
              "Name": "react-app-2048-vpc",
              "kubernetes.io/cluster/ARRK-eks-app": "shared"
            },
            "timeouts": null,
            "vpc_id": "vpc-063c359d1c04a6215"
          },
          "sensitive_attributes": [],
          "private": "eyJlMmJmYjczMC1lY2FhLTExZTYtOGY4OC0zNDM2M2JjN2M0YzAiOnsiY3JlYXRlIjoxMjAwMDAwMDAwMDAwLCJkZWxldGUiOjEyMDAwMDAwMDAwMDAsInVwZGF0ZSI6MTIwMDAwMDAwMDAwMH19",
          "dependencies": [
            "module.vpc.module.vpc.aws_vpc.this",
            "module.vpc.module.vpc.aws_vpc_ipv4_cidr_block_association.this"
          ],
          "create_before_destroy": true
        }
      ]
    },
    {
      "module": "module.vpc.module.vpc",
      "mode": "managed",
      "type": "aws_nat_gateway",
      "name": "this",
      "provider": "provider[\"registry.terraform.io/hashicorp/aws\"]",
      "instances": [
        {
          "index_key": 0,
          "schema_version": 0,
          "attributes": {
            "allocation_id": "eipalloc-0007fb55e5697bc3a",
            "association_id": "eipassoc-0a47b449ef13c5d0e",
            "connectivity_type": "public",
            "id": "nat-0986e956679af3f40",
            "network_interface_id": "eni-0cd043dab4b23cc68",
            "private_ip": "10.0.1.124",
            "public_ip": "3.124.197.211",
            "secondary_allocation_ids": null,
            "secondary_private_ip_address_count": 0,
            "secondary_private_ip_addresses": [],
            "subnet_id": "subnet-0368515f65fd9a4bb",
            "tags": {
              "Environment": "staging",
              "Name": "react-app-2048-vpc-eu-central-1a",
              "kubernetes.io/cluster/ARRK-eks-app": "shared"
            },
            "tags_all": {
              "Environment": "staging",
              "Name": "react-app-2048-vpc-eu-central-1a",
              "kubernetes.io/cluster/ARRK-eks-app": "shared"
            },
            "timeouts": null
          },
          "sensitive_attributes": [],
          "private": "eyJlMmJmYjczMC1lY2FhLTExZTYtOGY4OC0zNDM2M2JjN2M0YzAiOnsiY3JlYXRlIjo2MDAwMDAwMDAwMDAsImRlbGV0ZSI6MTgwMDAwMDAwMDAwMCwidXBkYXRlIjo2MDAwMDAwMDAwMDB9fQ==",
          "dependencies": [
            "module.vpc.module.vpc.aws_eip.nat",
            "module.vpc.module.vpc.aws_internet_gateway.this",
            "module.vpc.module.vpc.aws_subnet.public",
            "module.vpc.module.vpc.aws_vpc.this",
            "module.vpc.module.vpc.aws_vpc_ipv4_cidr_block_association.this"
          ],
          "create_before_destroy": true
        }
      ]
    },
    {
      "module": "module.vpc.module.vpc",
      "mode": "managed",
      "type": "aws_route",
      "name": "private_nat_gateway",
      "provider": "provider[\"registry.terraform.io/hashicorp/aws\"]",
      "instances": [
        {
          "index_key": 0,
          "schema_version": 0,
          "attributes": {
            "carrier_gateway_id": "",
            "core_network_arn": "",
            "destination_cidr_block": "0.0.0.0/0",
            "destination_ipv6_cidr_block": "",
            "destination_prefix_list_id": "",
            "egress_only_gateway_id": "",
            "gateway_id": "",
            "id": "r-rtb-04f04df0aa916921c1080289494",
            "instance_id": "",
            "instance_owner_id": "",
            "local_gateway_id": "",
            "nat_gateway_id": "nat-0986e956679af3f40",
            "network_interface_id": "",
            "origin": "CreateRoute",
            "route_table_id": "rtb-04f04df0aa916921c",
            "state": "active",
            "timeouts": {
              "create": "5m",
              "delete": null,
              "update": null
            },
            "transit_gateway_id": "",
            "vpc_endpoint_id": "",
            "vpc_peering_connection_id": ""
          },
          "sensitive_attributes": [],
          "private": "eyJlMmJmYjczMC1lY2FhLTExZTYtOGY4OC0zNDM2M2JjN2M0YzAiOnsiY3JlYXRlIjozMDAwMDAwMDAwMDAsImRlbGV0ZSI6MzAwMDAwMDAwMDAwLCJ1cGRhdGUiOjEyMDAwMDAwMDAwMH19",
          "dependencies": [
            "module.vpc.module.vpc.aws_eip.nat",
            "module.vpc.module.vpc.aws_internet_gateway.this",
            "module.vpc.module.vpc.aws_nat_gateway.this",
            "module.vpc.module.vpc.aws_route_table.private",
            "module.vpc.module.vpc.aws_subnet.public",
            "module.vpc.module.vpc.aws_vpc.this",
            "module.vpc.module.vpc.aws_vpc_ipv4_cidr_block_association.this"
          ],
          "create_before_destroy": true
        }
      ]
    },
    {
      "module": "module.vpc.module.vpc",
      "mode": "managed",
      "type": "aws_route",
      "name": "public_internet_gateway",
      "provider": "provider[\"registry.terraform.io/hashicorp/aws\"]",
      "instances": [
        {
          "index_key": 0,
          "schema_version": 0,
          "attributes": {
            "carrier_gateway_id": "",
            "core_network_arn": "",
            "destination_cidr_block": "0.0.0.0/0",
            "destination_ipv6_cidr_block": "",
            "destination_prefix_list_id": "",
            "egress_only_gateway_id": "",
            "gateway_id": "igw-07afefe1db4a0a6a5",
            "id": "r-rtb-0fae5935c786a87801080289494",
            "instance_id": "",
            "instance_owner_id": "",
            "local_gateway_id": "",
            "nat_gateway_id": "",
            "network_interface_id": "",
            "origin": "CreateRoute",
            "route_table_id": "rtb-0fae5935c786a8780",
            "state": "active",
            "timeouts": {
              "create": "5m",
              "delete": null,
              "update": null
            },
            "transit_gateway_id": "",
            "vpc_endpoint_id": "",
            "vpc_peering_connection_id": ""
          },
          "sensitive_attributes": [],
          "private": "eyJlMmJmYjczMC1lY2FhLTExZTYtOGY4OC0zNDM2M2JjN2M0YzAiOnsiY3JlYXRlIjozMDAwMDAwMDAwMDAsImRlbGV0ZSI6MzAwMDAwMDAwMDAwLCJ1cGRhdGUiOjEyMDAwMDAwMDAwMH19",
          "dependencies": [
            "module.vpc.module.vpc.aws_internet_gateway.this",
            "module.vpc.module.vpc.aws_route_table.public",
            "module.vpc.module.vpc.aws_vpc.this",
            "module.vpc.module.vpc.aws_vpc_ipv4_cidr_block_association.this"
          ],
          "create_before_destroy": true
        }
      ]
    },
    {
      "module": "module.vpc.module.vpc",
      "mode": "managed",
      "type": "aws_route_table",
      "name": "private",
      "provider": "provider[\"registry.terraform.io/hashicorp/aws\"]",
      "instances": [
        {
          "index_key": 0,
          "schema_version": 0,
          "attributes": {
            "arn": "arn:aws:ec2:eu-central-1:208409385559:route-table/rtb-04f04df0aa916921c",
            "id": "rtb-04f04df0aa916921c",
            "owner_id": "208409385559",
            "propagating_vgws": [],
            "route": [],
            "tags": {
              "Environment": "staging",
              "Name": "react-app-2048-vpc-private",
              "kubernetes.io/cluster/ARRK-eks-app": "shared"
            },
            "tags_all": {
              "Environment": "staging",
              "Name": "react-app-2048-vpc-private",
              "kubernetes.io/cluster/ARRK-eks-app": "shared"
            },
            "timeouts": null,
            "vpc_id": "vpc-063c359d1c04a6215"
          },
          "sensitive_attributes": [],
          "private": "eyJlMmJmYjczMC1lY2FhLTExZTYtOGY4OC0zNDM2M2JjN2M0YzAiOnsiY3JlYXRlIjozMDAwMDAwMDAwMDAsImRlbGV0ZSI6MzAwMDAwMDAwMDAwLCJ1cGRhdGUiOjEyMDAwMDAwMDAwMH19",
          "dependencies": [
            "module.vpc.module.vpc.aws_vpc.this",
            "module.vpc.module.vpc.aws_vpc_ipv4_cidr_block_association.this"
          ],
          "create_before_destroy": true
        }
      ]
    },
    {
      "module": "module.vpc.module.vpc",
      "mode": "managed",
      "type": "aws_route_table",
      "name": "public",
      "provider": "provider[\"registry.terraform.io/hashicorp/aws\"]",
      "instances": [
        {
          "index_key": 0,
          "schema_version": 0,
          "attributes": {
            "arn": "arn:aws:ec2:eu-central-1:208409385559:route-table/rtb-0fae5935c786a8780",
            "id": "rtb-0fae5935c786a8780",
            "owner_id": "208409385559",
            "propagating_vgws": [],
            "route": [],
            "tags": {
              "Environment": "staging",
              "Name": "react-app-2048-vpc-public",
              "kubernetes.io/cluster/ARRK-eks-app": "shared"
            },
            "tags_all": {
              "Environment": "staging",
              "Name": "react-app-2048-vpc-public",
              "kubernetes.io/cluster/ARRK-eks-app": "shared"
            },
            "timeouts": null,
            "vpc_id": "vpc-063c359d1c04a6215"
          },
          "sensitive_attributes": [],
          "private": "eyJlMmJmYjczMC1lY2FhLTExZTYtOGY4OC0zNDM2M2JjN2M0YzAiOnsiY3JlYXRlIjozMDAwMDAwMDAwMDAsImRlbGV0ZSI6MzAwMDAwMDAwMDAwLCJ1cGRhdGUiOjEyMDAwMDAwMDAwMH19",
          "dependencies": [
            "module.vpc.module.vpc.aws_vpc.this",
            "module.vpc.module.vpc.aws_vpc_ipv4_cidr_block_association.this"
          ],
          "create_before_destroy": true
        }
      ]
    },
    {
      "module": "module.vpc.module.vpc",
      "mode": "managed",
      "type": "aws_route_table_association",
      "name": "private",
      "provider": "provider[\"registry.terraform.io/hashicorp/aws\"]",
      "instances": [
        {
          "index_key": 0,
          "schema_version": 0,
          "attributes": {
            "gateway_id": "",
            "id": "rtbassoc-030a727b1458748cf",
            "route_table_id": "rtb-04f04df0aa916921c",
            "subnet_id": "subnet-0fbcb433f365bd8a9",
            "timeouts": null
          },
          "sensitive_attributes": [],
          "private": "eyJlMmJmYjczMC1lY2FhLTExZTYtOGY4OC0zNDM2M2JjN2M0YzAiOnsiY3JlYXRlIjozMDAwMDAwMDAwMDAsImRlbGV0ZSI6MzAwMDAwMDAwMDAwLCJ1cGRhdGUiOjEyMDAwMDAwMDAwMH19",
          "dependencies": [
            "module.vpc.module.vpc.aws_route_table.private",
            "module.vpc.module.vpc.aws_subnet.private",
            "module.vpc.module.vpc.aws_vpc.this",
            "module.vpc.module.vpc.aws_vpc_ipv4_cidr_block_association.this"
          ],
          "create_before_destroy": true
        },
        {
          "index_key": 1,
          "schema_version": 0,
          "attributes": {
            "gateway_id": "",
            "id": "rtbassoc-0a02b04fab1947987",
            "route_table_id": "rtb-04f04df0aa916921c",
            "subnet_id": "subnet-05942d560c98b247e",
            "timeouts": null
          },
          "sensitive_attributes": [],
          "private": "eyJlMmJmYjczMC1lY2FhLTExZTYtOGY4OC0zNDM2M2JjN2M0YzAiOnsiY3JlYXRlIjozMDAwMDAwMDAwMDAsImRlbGV0ZSI6MzAwMDAwMDAwMDAwLCJ1cGRhdGUiOjEyMDAwMDAwMDAwMH19",
          "dependencies": [
            "module.vpc.module.vpc.aws_route_table.private",
            "module.vpc.module.vpc.aws_subnet.private",
            "module.vpc.module.vpc.aws_vpc.this",
            "module.vpc.module.vpc.aws_vpc_ipv4_cidr_block_association.this"
          ],
          "create_before_destroy": true
        }
      ]
    },
    {
      "module": "module.vpc.module.vpc",
      "mode": "managed",
      "type": "aws_route_table_association",
      "name": "public",
      "provider": "provider[\"registry.terraform.io/hashicorp/aws\"]",
      "instances": [
        {
          "index_key": 0,
          "schema_version": 0,
          "attributes": {
            "gateway_id": "",
            "id": "rtbassoc-0285857103f87d03a",
            "route_table_id": "rtb-0fae5935c786a8780",
            "subnet_id": "subnet-0368515f65fd9a4bb",
            "timeouts": null
          },
          "sensitive_attributes": [],
          "private": "eyJlMmJmYjczMC1lY2FhLTExZTYtOGY4OC0zNDM2M2JjN2M0YzAiOnsiY3JlYXRlIjozMDAwMDAwMDAwMDAsImRlbGV0ZSI6MzAwMDAwMDAwMDAwLCJ1cGRhdGUiOjEyMDAwMDAwMDAwMH19",
          "dependencies": [
            "module.vpc.module.vpc.aws_route_table.public",
            "module.vpc.module.vpc.aws_subnet.public",
            "module.vpc.module.vpc.aws_vpc.this",
            "module.vpc.module.vpc.aws_vpc_ipv4_cidr_block_association.this"
          ],
          "create_before_destroy": true
        },
        {
          "index_key": 1,
          "schema_version": 0,
          "attributes": {
            "gateway_id": "",
            "id": "rtbassoc-0e1f21b65f2a10cd1",
            "route_table_id": "rtb-0fae5935c786a8780",
            "subnet_id": "subnet-00cea40eb0ea116a7",
            "timeouts": null
          },
          "sensitive_attributes": [],
          "private": "eyJlMmJmYjczMC1lY2FhLTExZTYtOGY4OC0zNDM2M2JjN2M0YzAiOnsiY3JlYXRlIjozMDAwMDAwMDAwMDAsImRlbGV0ZSI6MzAwMDAwMDAwMDAwLCJ1cGRhdGUiOjEyMDAwMDAwMDAwMH19",
          "dependencies": [
            "module.vpc.module.vpc.aws_route_table.public",
            "module.vpc.module.vpc.aws_subnet.public",
            "module.vpc.module.vpc.aws_vpc.this",
            "module.vpc.module.vpc.aws_vpc_ipv4_cidr_block_association.this"
          ],
          "create_before_destroy": true
        }
      ]
    },
    {
      "module": "module.vpc.module.vpc",
      "mode": "managed",
      "type": "aws_subnet",
      "name": "private",
      "provider": "provider[\"registry.terraform.io/hashicorp/aws\"]",
      "instances": [
        {
          "index_key": 0,
          "schema_version": 1,
          "attributes": {
            "arn": "arn:aws:ec2:eu-central-1:208409385559:subnet/subnet-0fbcb433f365bd8a9",
            "assign_ipv6_address_on_creation": false,
            "availability_zone": "eu-central-1a",
            "availability_zone_id": "euc1-az2",
            "cidr_block": "10.0.3.0/24",
            "customer_owned_ipv4_pool": "",
            "enable_dns64": false,
            "enable_lni_at_device_index": 0,
            "enable_resource_name_dns_a_record_on_launch": false,
            "enable_resource_name_dns_aaaa_record_on_launch": false,
            "id": "subnet-0fbcb433f365bd8a9",
            "ipv6_cidr_block": "",
            "ipv6_cidr_block_association_id": "",
            "ipv6_native": false,
            "map_customer_owned_ip_on_launch": false,
            "map_public_ip_on_launch": false,
            "outpost_arn": "",
            "owner_id": "208409385559",
            "private_dns_hostname_type_on_launch": "ip-name",
            "tags": {
              "Environment": "staging",
              "Name": "react-app-2048-vpc-private-eu-central-1a",
              "kubernetes.io/cluster/ARRK-eks-app": "shared",
              "kubernetes.io/role/internal-elb": "1"
            },
            "tags_all": {
              "Environment": "staging",
              "Name": "react-app-2048-vpc-private-eu-central-1a",
              "kubernetes.io/cluster/ARRK-eks-app": "shared",
              "kubernetes.io/role/internal-elb": "1"
            },
            "timeouts": null,
            "vpc_id": "vpc-063c359d1c04a6215"
          },
          "sensitive_attributes": [],
          "private": "eyJlMmJmYjczMC1lY2FhLTExZTYtOGY4OC0zNDM2M2JjN2M0YzAiOnsiY3JlYXRlIjo2MDAwMDAwMDAwMDAsImRlbGV0ZSI6MTIwMDAwMDAwMDAwMH0sInNjaGVtYV92ZXJzaW9uIjoiMSJ9",
          "dependencies": [
            "module.vpc.module.vpc.aws_vpc.this",
            "module.vpc.module.vpc.aws_vpc_ipv4_cidr_block_association.this"
          ],
          "create_before_destroy": true
        },
        {
          "index_key": 1,
          "schema_version": 1,
          "attributes": {
            "arn": "arn:aws:ec2:eu-central-1:208409385559:subnet/subnet-05942d560c98b247e",
            "assign_ipv6_address_on_creation": false,
            "availability_zone": "eu-central-1b",
            "availability_zone_id": "euc1-az3",
            "cidr_block": "10.0.4.0/24",
            "customer_owned_ipv4_pool": "",
            "enable_dns64": false,
            "enable_lni_at_device_index": 0,
            "enable_resource_name_dns_a_record_on_launch": false,
            "enable_resource_name_dns_aaaa_record_on_launch": false,
            "id": "subnet-05942d560c98b247e",
            "ipv6_cidr_block": "",
            "ipv6_cidr_block_association_id": "",
            "ipv6_native": false,
            "map_customer_owned_ip_on_launch": false,
            "map_public_ip_on_launch": false,
            "outpost_arn": "",
            "owner_id": "208409385559",
            "private_dns_hostname_type_on_launch": "ip-name",
            "tags": {
              "Environment": "staging",
              "Name": "react-app-2048-vpc-private-eu-central-1b",
              "kubernetes.io/cluster/ARRK-eks-app": "shared",
              "kubernetes.io/role/internal-elb": "1"
            },
            "tags_all": {
              "Environment": "staging",
              "Name": "react-app-2048-vpc-private-eu-central-1b",
              "kubernetes.io/cluster/ARRK-eks-app": "shared",
              "kubernetes.io/role/internal-elb": "1"
            },
            "timeouts": null,
            "vpc_id": "vpc-063c359d1c04a6215"
          },
          "sensitive_attributes": [],
          "private": "eyJlMmJmYjczMC1lY2FhLTExZTYtOGY4OC0zNDM2M2JjN2M0YzAiOnsiY3JlYXRlIjo2MDAwMDAwMDAwMDAsImRlbGV0ZSI6MTIwMDAwMDAwMDAwMH0sInNjaGVtYV92ZXJzaW9uIjoiMSJ9",
          "dependencies": [
            "module.vpc.module.vpc.aws_vpc.this",
            "module.vpc.module.vpc.aws_vpc_ipv4_cidr_block_association.this"
          ],
          "create_before_destroy": true
        }
      ]
    },
    {
      "module": "module.vpc.module.vpc",
      "mode": "managed",
      "type": "aws_subnet",
      "name": "public",
      "provider": "provider[\"registry.terraform.io/hashicorp/aws\"]",
      "instances": [
        {
          "index_key": 0,
          "schema_version": 1,
          "attributes": {
            "arn": "arn:aws:ec2:eu-central-1:208409385559:subnet/subnet-0368515f65fd9a4bb",
            "assign_ipv6_address_on_creation": false,
            "availability_zone": "eu-central-1a",
            "availability_zone_id": "euc1-az2",
            "cidr_block": "10.0.1.0/24",
            "customer_owned_ipv4_pool": "",
            "enable_dns64": false,
            "enable_lni_at_device_index": 0,
            "enable_resource_name_dns_a_record_on_launch": false,
            "enable_resource_name_dns_aaaa_record_on_launch": false,
            "id": "subnet-0368515f65fd9a4bb",
            "ipv6_cidr_block": "",
            "ipv6_cidr_block_association_id": "",
            "ipv6_native": false,
            "map_customer_owned_ip_on_launch": false,
            "map_public_ip_on_launch": false,
            "outpost_arn": "",
            "owner_id": "208409385559",
            "private_dns_hostname_type_on_launch": "ip-name",
            "tags": {
              "Environment": "staging",
              "Name": "react-app-2048-vpc-public-eu-central-1a",
              "kubernetes.io/cluster/ARRK-eks-app": "shared",
              "kubernetes.io/role/elb": "1"
            },
            "tags_all": {
              "Environment": "staging",
              "Name": "react-app-2048-vpc-public-eu-central-1a",
              "kubernetes.io/cluster/ARRK-eks-app": "shared",
              "kubernetes.io/role/elb": "1"
            },
            "timeouts": null,
            "vpc_id": "vpc-063c359d1c04a6215"
          },
          "sensitive_attributes": [],
          "private": "eyJlMmJmYjczMC1lY2FhLTExZTYtOGY4OC0zNDM2M2JjN2M0YzAiOnsiY3JlYXRlIjo2MDAwMDAwMDAwMDAsImRlbGV0ZSI6MTIwMDAwMDAwMDAwMH0sInNjaGVtYV92ZXJzaW9uIjoiMSJ9",
          "dependencies": [
            "module.vpc.module.vpc.aws_vpc.this",
            "module.vpc.module.vpc.aws_vpc_ipv4_cidr_block_association.this"
          ],
          "create_before_destroy": true
        },
        {
          "index_key": 1,
          "schema_version": 1,
          "attributes": {
            "arn": "arn:aws:ec2:eu-central-1:208409385559:subnet/subnet-00cea40eb0ea116a7",
            "assign_ipv6_address_on_creation": false,
            "availability_zone": "eu-central-1b",
            "availability_zone_id": "euc1-az3",
            "cidr_block": "10.0.2.0/24",
            "customer_owned_ipv4_pool": "",
            "enable_dns64": false,
            "enable_lni_at_device_index": 0,
            "enable_resource_name_dns_a_record_on_launch": false,
            "enable_resource_name_dns_aaaa_record_on_launch": false,
            "id": "subnet-00cea40eb0ea116a7",
            "ipv6_cidr_block": "",
            "ipv6_cidr_block_association_id": "",
            "ipv6_native": false,
            "map_customer_owned_ip_on_launch": false,
            "map_public_ip_on_launch": false,
            "outpost_arn": "",
            "owner_id": "208409385559",
            "private_dns_hostname_type_on_launch": "ip-name",
            "tags": {
              "Environment": "staging",
              "Name": "react-app-2048-vpc-public-eu-central-1b",
              "kubernetes.io/cluster/ARRK-eks-app": "shared",
              "kubernetes.io/role/elb": "1"
            },
            "tags_all": {
              "Environment": "staging",
              "Name": "react-app-2048-vpc-public-eu-central-1b",
              "kubernetes.io/cluster/ARRK-eks-app": "shared",
              "kubernetes.io/role/elb": "1"
            },
            "timeouts": null,
            "vpc_id": "vpc-063c359d1c04a6215"
          },
          "sensitive_attributes": [],
          "private": "eyJlMmJmYjczMC1lY2FhLTExZTYtOGY4OC0zNDM2M2JjN2M0YzAiOnsiY3JlYXRlIjo2MDAwMDAwMDAwMDAsImRlbGV0ZSI6MTIwMDAwMDAwMDAwMH0sInNjaGVtYV92ZXJzaW9uIjoiMSJ9",
          "dependencies": [
            "module.vpc.module.vpc.aws_vpc.this",
            "module.vpc.module.vpc.aws_vpc_ipv4_cidr_block_association.this"
          ],
          "create_before_destroy": true
        }
      ]
    },
    {
      "module": "module.vpc.module.vpc",
      "mode": "managed",
      "type": "aws_vpc",
      "name": "this",
      "provider": "provider[\"registry.terraform.io/hashicorp/aws\"]",
      "instances": [
        {
          "index_key": 0,
          "schema_version": 1,
          "attributes": {
            "arn": "arn:aws:ec2:eu-central-1:208409385559:vpc/vpc-063c359d1c04a6215",
            "assign_generated_ipv6_cidr_block": false,
            "cidr_block": "10.0.0.0/16",
            "default_network_acl_id": "acl-07c14314f8adb74bf",
            "default_route_table_id": "rtb-0f94b59f5147b7571",
            "default_security_group_id": "sg-0a5d2a1e7d4587329",
            "dhcp_options_id": "dopt-02ca5f2018a397c1c",
            "enable_dns_hostnames": true,
            "enable_dns_support": true,
            "enable_network_address_usage_metrics": false,
            "id": "vpc-063c359d1c04a6215",
            "instance_tenancy": "default",
            "ipv4_ipam_pool_id": null,
            "ipv4_netmask_length": null,
            "ipv6_association_id": "",
            "ipv6_cidr_block": "",
            "ipv6_cidr_block_network_border_group": "",
            "ipv6_ipam_pool_id": "",
            "ipv6_netmask_length": 0,
            "main_route_table_id": "rtb-0f94b59f5147b7571",
            "owner_id": "208409385559",
            "tags": {
              "Environment": "staging",
              "Name": "react-app-2048-vpc",
              "kubernetes.io/cluster/ARRK-eks-app": "shared"
            },
            "tags_all": {
              "Environment": "staging",
              "Name": "react-app-2048-vpc",
              "kubernetes.io/cluster/ARRK-eks-app": "shared"
            }
          },
          "sensitive_attributes": [],
          "private": "eyJzY2hlbWFfdmVyc2lvbiI6IjEifQ==",
          "create_before_destroy": true
        }
      ]
    },
    {
      "module": "module.vpc.module.vpc",
      "mode": "managed",
      "type": "aws_vpc_ipv4_cidr_block_association",
      "name": "this",
      "provider": "provider[\"registry.terraform.io/hashicorp/aws\"]",
      "instances": []
    }
  ],
  "check_results": [
    {
      "object_kind": "var",
      "config_addr": "module.eks-cluster.module.eks.module.self_managed_node_group.var.platform",
      "status": "pass",
      "objects": null
    },
    {
      "object_kind": "resource",
      "config_addr": "module.eks-cluster.module.eks.module.self_managed_node_group.module.user_data.null_resource.validate_cluster_service_cidr",
      "status": "pass",
      "objects": null
    },
    {
      "object_kind": "resource",
      "config_addr": "module.eks-cluster.module.eks.module.eks_managed_node_group.module.user_data.null_resource.validate_cluster_service_cidr",
      "status": "unknown",
      "objects": [
        {
          "object_addr": "module.eks-cluster.module.eks.module.eks_managed_node_group[\"node_groups\"].module.user_data.null_resource.validate_cluster_service_cidr",
          "status": "unknown"
        }
      ]
    }
  ]
}
